// !$*UTF8*$!
{
	archiveVersion = 1;
	classes = {
	};
	objectVersion = 46;
	objects = {

/* Begin PBXBuildFile section */
		BD0C9F071967332A003A88AC /* OSMNodeTests.swift in Sources */ = {isa = PBXBuildFile; fileRef = BD0C9F061967332A003A88AC /* OSMNodeTests.swift */; };
		BD0C9F471967388A003A88AC /* AFHTTPRequestOperation.m in Sources */ = {isa = PBXBuildFile; fileRef = BD0C9F131967388A003A88AC /* AFHTTPRequestOperation.m */; };
		BD0C9F481967388A003A88AC /* AFHTTPRequestOperation.m in Sources */ = {isa = PBXBuildFile; fileRef = BD0C9F131967388A003A88AC /* AFHTTPRequestOperation.m */; };
		BD0C9F491967388A003A88AC /* AFHTTPRequestOperationManager.m in Sources */ = {isa = PBXBuildFile; fileRef = BD0C9F151967388A003A88AC /* AFHTTPRequestOperationManager.m */; };
		BD0C9F4A1967388A003A88AC /* AFHTTPRequestOperationManager.m in Sources */ = {isa = PBXBuildFile; fileRef = BD0C9F151967388A003A88AC /* AFHTTPRequestOperationManager.m */; };
		BD0C9F4B1967388A003A88AC /* AFHTTPSessionManager.m in Sources */ = {isa = PBXBuildFile; fileRef = BD0C9F171967388A003A88AC /* AFHTTPSessionManager.m */; };
		BD0C9F4C1967388A003A88AC /* AFHTTPSessionManager.m in Sources */ = {isa = PBXBuildFile; fileRef = BD0C9F171967388A003A88AC /* AFHTTPSessionManager.m */; };
		BD0C9F4D1967388A003A88AC /* AFNetworkReachabilityManager.m in Sources */ = {isa = PBXBuildFile; fileRef = BD0C9F1A1967388A003A88AC /* AFNetworkReachabilityManager.m */; };
		BD0C9F4E1967388A003A88AC /* AFNetworkReachabilityManager.m in Sources */ = {isa = PBXBuildFile; fileRef = BD0C9F1A1967388A003A88AC /* AFNetworkReachabilityManager.m */; };
		BD0C9F4F1967388A003A88AC /* AFSecurityPolicy.m in Sources */ = {isa = PBXBuildFile; fileRef = BD0C9F1C1967388A003A88AC /* AFSecurityPolicy.m */; };
		BD0C9F501967388A003A88AC /* AFSecurityPolicy.m in Sources */ = {isa = PBXBuildFile; fileRef = BD0C9F1C1967388A003A88AC /* AFSecurityPolicy.m */; };
		BD0C9F511967388A003A88AC /* AFURLConnectionOperation.m in Sources */ = {isa = PBXBuildFile; fileRef = BD0C9F1E1967388A003A88AC /* AFURLConnectionOperation.m */; };
		BD0C9F521967388A003A88AC /* AFURLConnectionOperation.m in Sources */ = {isa = PBXBuildFile; fileRef = BD0C9F1E1967388A003A88AC /* AFURLConnectionOperation.m */; };
		BD0C9F531967388A003A88AC /* AFURLRequestSerialization.m in Sources */ = {isa = PBXBuildFile; fileRef = BD0C9F201967388A003A88AC /* AFURLRequestSerialization.m */; };
		BD0C9F541967388A003A88AC /* AFURLRequestSerialization.m in Sources */ = {isa = PBXBuildFile; fileRef = BD0C9F201967388A003A88AC /* AFURLRequestSerialization.m */; };
		BD0C9F551967388A003A88AC /* AFURLResponseSerialization.m in Sources */ = {isa = PBXBuildFile; fileRef = BD0C9F221967388A003A88AC /* AFURLResponseSerialization.m */; };
		BD0C9F561967388A003A88AC /* AFURLResponseSerialization.m in Sources */ = {isa = PBXBuildFile; fileRef = BD0C9F221967388A003A88AC /* AFURLResponseSerialization.m */; };
		BD0C9F571967388A003A88AC /* AFURLSessionManager.m in Sources */ = {isa = PBXBuildFile; fileRef = BD0C9F241967388A003A88AC /* AFURLSessionManager.m */; };
		BD0C9F581967388A003A88AC /* AFURLSessionManager.m in Sources */ = {isa = PBXBuildFile; fileRef = BD0C9F241967388A003A88AC /* AFURLSessionManager.m */; };
		BD0C9F591967388A003A88AC /* FMDatabase.m in Sources */ = {isa = PBXBuildFile; fileRef = BD0C9F271967388A003A88AC /* FMDatabase.m */; };
		BD0C9F5A1967388A003A88AC /* FMDatabase.m in Sources */ = {isa = PBXBuildFile; fileRef = BD0C9F271967388A003A88AC /* FMDatabase.m */; };
		BD0C9F5B1967388A003A88AC /* FMDatabaseAdditions.m in Sources */ = {isa = PBXBuildFile; fileRef = BD0C9F291967388A003A88AC /* FMDatabaseAdditions.m */; };
		BD0C9F5C1967388A003A88AC /* FMDatabaseAdditions.m in Sources */ = {isa = PBXBuildFile; fileRef = BD0C9F291967388A003A88AC /* FMDatabaseAdditions.m */; };
		BD0C9F5D1967388A003A88AC /* FMDatabasePool.m in Sources */ = {isa = PBXBuildFile; fileRef = BD0C9F2B1967388A003A88AC /* FMDatabasePool.m */; };
		BD0C9F5E1967388A003A88AC /* FMDatabasePool.m in Sources */ = {isa = PBXBuildFile; fileRef = BD0C9F2B1967388A003A88AC /* FMDatabasePool.m */; };
		BD0C9F5F1967388A003A88AC /* FMDatabaseQueue.m in Sources */ = {isa = PBXBuildFile; fileRef = BD0C9F2D1967388A003A88AC /* FMDatabaseQueue.m */; };
		BD0C9F601967388A003A88AC /* FMDatabaseQueue.m in Sources */ = {isa = PBXBuildFile; fileRef = BD0C9F2D1967388A003A88AC /* FMDatabaseQueue.m */; };
		BD0C9F611967388A003A88AC /* FMResultSet.m in Sources */ = {isa = PBXBuildFile; fileRef = BD0C9F301967388A003A88AC /* FMResultSet.m */; };
		BD0C9F621967388A003A88AC /* FMResultSet.m in Sources */ = {isa = PBXBuildFile; fileRef = BD0C9F301967388A003A88AC /* FMResultSet.m */; };
		BD0C9F651967388A003A88AC /* SMXMLDocument.m in Sources */ = {isa = PBXBuildFile; fileRef = BD0C9F341967388A003A88AC /* SMXMLDocument.m */; };
		BD0C9F661967388A003A88AC /* SMXMLDocument.m in Sources */ = {isa = PBXBuildFile; fileRef = BD0C9F341967388A003A88AC /* SMXMLDocument.m */; };
		BD0C9F7B196738C0003A88AC /* libsqlite3.dylib in Frameworks */ = {isa = PBXBuildFile; fileRef = BD2EB9BB1966F0E600C8DEDD /* libsqlite3.dylib */; };
		BD0C9F7D1967505B003A88AC /* OSMTileTests.swift in Sources */ = {isa = PBXBuildFile; fileRef = BD0C9F7C1967505B003A88AC /* OSMTileTests.swift */; };
		BD0C9F7F196750D5003A88AC /* OSMElementsParserTests.swift in Sources */ = {isa = PBXBuildFile; fileRef = BD0C9F7E196750D5003A88AC /* OSMElementsParserTests.swift */; };
		BD0C9F8119675336003A88AC /* OSMWayTests.swift in Sources */ = {isa = PBXBuildFile; fileRef = BD0C9F8019675336003A88AC /* OSMWayTests.swift */; };
		BD11497C1993D406001A07A4 /* libbz2.1.0.dylib in Frameworks */ = {isa = PBXBuildFile; fileRef = BD11497B1993D406001A07A4 /* libbz2.1.0.dylib */; };
		BD2E7C80195AEAFB00D57518 /* CoreLocation.framework in Frameworks */ = {isa = PBXBuildFile; fileRef = BD2E7C7F195AEAFB00D57518 /* CoreLocation.framework */; };
		BD2EB9BC1966F0E600C8DEDD /* libsqlite3.dylib in Frameworks */ = {isa = PBXBuildFile; fileRef = BD2EB9BB1966F0E600C8DEDD /* libsqlite3.dylib */; };
		BD536AAB196A7E1B0017345D /* OSMBoundingBoxTests.swift in Sources */ = {isa = PBXBuildFile; fileRef = BD536AAA196A7E1B0017345D /* OSMBoundingBoxTests.swift */; };
		BD66797E19B4A6BA00DFB53F /* MainViewController.swift in Sources */ = {isa = PBXBuildFile; fileRef = BD66797D19B4A6BA00DFB53F /* MainViewController.swift */; };
		BD7D7FE2199A4D690069A19D /* Calculations.swift in Sources */ = {isa = PBXBuildFile; fileRef = BD7D7FD5199A4D690069A19D /* Calculations.swift */; };
		BD7D7FE3199A4D690069A19D /* Calculations.swift in Sources */ = {isa = PBXBuildFile; fileRef = BD7D7FD5199A4D690069A19D /* Calculations.swift */; };
		BD7D7FE4199A4D690069A19D /* Constants.swift in Sources */ = {isa = PBXBuildFile; fileRef = BD7D7FD6199A4D690069A19D /* Constants.swift */; };
		BD7D7FE5199A4D690069A19D /* Constants.swift in Sources */ = {isa = PBXBuildFile; fileRef = BD7D7FD6199A4D690069A19D /* Constants.swift */; };
		BD7D7FE6199A4D690069A19D /* ExtractDownloader.swift in Sources */ = {isa = PBXBuildFile; fileRef = BD7D7FD7199A4D690069A19D /* ExtractDownloader.swift */; };
		BD7D7FE7199A4D690069A19D /* ExtractDownloader.swift in Sources */ = {isa = PBXBuildFile; fileRef = BD7D7FD7199A4D690069A19D /* ExtractDownloader.swift */; };
		BD7D7FE8199A4D690069A19D /* GEOJSONParser.swift in Sources */ = {isa = PBXBuildFile; fileRef = BD7D7FD8199A4D690069A19D /* GEOJSONParser.swift */; };
		BD7D7FE9199A4D690069A19D /* GEOJSONParser.swift in Sources */ = {isa = PBXBuildFile; fileRef = BD7D7FD8199A4D690069A19D /* GEOJSONParser.swift */; };
		BD7D7FEA199A4D690069A19D /* NSData+bz2.m in Sources */ = {isa = PBXBuildFile; fileRef = BD7D7FDA199A4D690069A19D /* NSData+bz2.m */; };
		BD7D7FEB199A4D690069A19D /* NSData+bz2.m in Sources */ = {isa = PBXBuildFile; fileRef = BD7D7FDA199A4D690069A19D /* NSData+bz2.m */; };
		BD7D7FEC199A4D690069A19D /* OSMBoundingBox.swift in Sources */ = {isa = PBXBuildFile; fileRef = BD7D7FDB199A4D690069A19D /* OSMBoundingBox.swift */; };
		BD7D7FED199A4D690069A19D /* OSMBoundingBox.swift in Sources */ = {isa = PBXBuildFile; fileRef = BD7D7FDB199A4D690069A19D /* OSMBoundingBox.swift */; };
		BD7D7FEE199A4D690069A19D /* OSMElementsParser.swift in Sources */ = {isa = PBXBuildFile; fileRef = BD7D7FDC199A4D690069A19D /* OSMElementsParser.swift */; };
		BD7D7FEF199A4D690069A19D /* OSMElementsParser.swift in Sources */ = {isa = PBXBuildFile; fileRef = BD7D7FDC199A4D690069A19D /* OSMElementsParser.swift */; };
		BD7D7FF0199A4D690069A19D /* OSMNode.swift in Sources */ = {isa = PBXBuildFile; fileRef = BD7D7FDD199A4D690069A19D /* OSMNode.swift */; };
		BD7D7FF1199A4D690069A19D /* OSMNode.swift in Sources */ = {isa = PBXBuildFile; fileRef = BD7D7FDD199A4D690069A19D /* OSMNode.swift */; };
		BD7D7FF2199A4D690069A19D /* OSMTile.swift in Sources */ = {isa = PBXBuildFile; fileRef = BD7D7FDE199A4D690069A19D /* OSMTile.swift */; };
		BD7D7FF3199A4D690069A19D /* OSMTile.swift in Sources */ = {isa = PBXBuildFile; fileRef = BD7D7FDE199A4D690069A19D /* OSMTile.swift */; };
		BD7D7FF4199A4D690069A19D /* OSMTilesDownloader.swift in Sources */ = {isa = PBXBuildFile; fileRef = BD7D7FDF199A4D690069A19D /* OSMTilesDownloader.swift */; };
		BD7D7FF5199A4D690069A19D /* OSMTilesDownloader.swift in Sources */ = {isa = PBXBuildFile; fileRef = BD7D7FDF199A4D690069A19D /* OSMTilesDownloader.swift */; };
		BD7D7FF6199A4D690069A19D /* OSMWay.swift in Sources */ = {isa = PBXBuildFile; fileRef = BD7D7FE0199A4D690069A19D /* OSMWay.swift */; };
		BD7D7FF7199A4D690069A19D /* OSMWay.swift in Sources */ = {isa = PBXBuildFile; fileRef = BD7D7FE0199A4D690069A19D /* OSMWay.swift */; };
		BD7D7FF8199A4D690069A19D /* SQLAccess.swift in Sources */ = {isa = PBXBuildFile; fileRef = BD7D7FE1199A4D690069A19D /* SQLAccess.swift */; };
		BD7D7FF9199A4D690069A19D /* SQLAccess.swift in Sources */ = {isa = PBXBuildFile; fileRef = BD7D7FE1199A4D690069A19D /* SQLAccess.swift */; };
		BD7D7FFC199A4DCD0069A19D /* SwiftyJSON.swift in Sources */ = {isa = PBXBuildFile; fileRef = BD7D7FFB199A4DCD0069A19D /* SwiftyJSON.swift */; };
		BD7D7FFD199A4DCD0069A19D /* SwiftyJSON.swift in Sources */ = {isa = PBXBuildFile; fileRef = BD7D7FFB199A4DCD0069A19D /* SwiftyJSON.swift */; };
		BD7D8000199A4E730069A19D /* libbz2.1.0.dylib in Frameworks */ = {isa = PBXBuildFile; fileRef = BD11497B1993D406001A07A4 /* libbz2.1.0.dylib */; };
		BD7D8009199A504D0069A19D /* empty.osm in Resources */ = {isa = PBXBuildFile; fileRef = BD7D8007199A504D0069A19D /* empty.osm */; };
		BD7D800A199A504D0069A19D /* empty.osm in Resources */ = {isa = PBXBuildFile; fileRef = BD7D8007199A504D0069A19D /* empty.osm */; };
		BD7D800B199A504D0069A19D /* map.osm in Resources */ = {isa = PBXBuildFile; fileRef = BD7D8008199A504D0069A19D /* map.osm */; };
		BD7D800C199A504D0069A19D /* map.osm in Resources */ = {isa = PBXBuildFile; fileRef = BD7D8008199A504D0069A19D /* map.osm */; };
		BD9EEF4619924A9200BC8A02 /* Settings.plist in Resources */ = {isa = PBXBuildFile; fileRef = BD9EEF4519924A9200BC8A02 /* Settings.plist */; };
		BDB58981195888670090E178 /* AppDelegate.swift in Sources */ = {isa = PBXBuildFile; fileRef = BDB58980195888670090E178 /* AppDelegate.swift */; };
		BDB58986195888670090E178 /* Main.storyboard in Resources */ = {isa = PBXBuildFile; fileRef = BDB58984195888670090E178 /* Main.storyboard */; };
		BDB58988195888670090E178 /* Images.xcassets in Resources */ = {isa = PBXBuildFile; fileRef = BDB58987195888670090E178 /* Images.xcassets */; };
		BDBAD836199BC34A00BA69EC /* poi.json in Resources */ = {isa = PBXBuildFile; fileRef = BDBAD834199BC34A00BA69EC /* poi.json */; };
		BDBFD5B21975325B0088F1CB /* CalculationsTests.swift in Sources */ = {isa = PBXBuildFile; fileRef = BDBFD5B11975325B0088F1CB /* CalculationsTests.swift */; };
		BDC820FA199243F60055ABBE /* SettingsViewController.swift in Sources */ = {isa = PBXBuildFile; fileRef = BDC820F9199243F60055ABBE /* SettingsViewController.swift */; };
		BDD89B85195B095F0020ACA7 /* AVFoundation.framework in Frameworks */ = {isa = PBXBuildFile; fileRef = BDD89B84195B095F0020ACA7 /* AVFoundation.framework */; };
		BDE410E519B8986900D5FDA0 /* FrameView.swift in Sources */ = {isa = PBXBuildFile; fileRef = BDE410DC19B8986900D5FDA0 /* FrameView.swift */; };
		BDE410E619B8986900D5FDA0 /* HUDAssets.swift in Sources */ = {isa = PBXBuildFile; fileRef = BDE410DD19B8986900D5FDA0 /* HUDAssets.swift */; };
		BDE410E719B8986900D5FDA0 /* HUDContentView.swift in Sources */ = {isa = PBXBuildFile; fileRef = BDE410DE19B8986900D5FDA0 /* HUDContentView.swift */; };
		BDE410E819B8986900D5FDA0 /* HUDController.swift in Sources */ = {isa = PBXBuildFile; fileRef = BDE410DF19B8986900D5FDA0 /* HUDController.swift */; };
		BDE410E919B8986900D5FDA0 /* Images.xcassets in Resources */ = {isa = PBXBuildFile; fileRef = BDE410E019B8986900D5FDA0 /* Images.xcassets */; };
		BDE410EA19B8986900D5FDA0 /* Info.plist in Resources */ = {isa = PBXBuildFile; fileRef = BDE410E119B8986900D5FDA0 /* Info.plist */; };
		BDE410EB19B8986900D5FDA0 /* Window.swift in Sources */ = {isa = PBXBuildFile; fileRef = BDE410E319B8986900D5FDA0 /* Window.swift */; };
		BDE410EC19B8986900D5FDA0 /* WindowRootViewController.swift in Sources */ = {isa = PBXBuildFile; fileRef = BDE410E419B8986900D5FDA0 /* WindowRootViewController.swift */; };
/* End PBXBuildFile section */

/* Begin PBXContainerItemProxy section */
		BD0C9F091967357D003A88AC /* PBXContainerItemProxy */ = {
			isa = PBXContainerItemProxy;
			containerPortal = BDB58973195888670090E178 /* Project object */;
			proxyType = 1;
			remoteGlobalIDString = BDB5897A195888670090E178;
			remoteInfo = "Talking Companion";
		};
		BD0C9F0B1967357D003A88AC /* PBXContainerItemProxy */ = {
			isa = PBXContainerItemProxy;
			containerPortal = BDB58973195888670090E178 /* Project object */;
			proxyType = 1;
			remoteGlobalIDString = BDB5897A195888670090E178;
			remoteInfo = "Talking Companion";
		};
		BD0C9F771967389A003A88AC /* PBXContainerItemProxy */ = {
			isa = PBXContainerItemProxy;
			containerPortal = BDB58973195888670090E178 /* Project object */;
			proxyType = 1;
			remoteGlobalIDString = BDB5897A195888670090E178;
			remoteInfo = "Talking Companion";
		};
		BD0C9F79196738A9003A88AC /* PBXContainerItemProxy */ = {
			isa = PBXContainerItemProxy;
			containerPortal = BDB58973195888670090E178 /* Project object */;
			proxyType = 1;
			remoteGlobalIDString = BDB5897A195888670090E178;
			remoteInfo = "Talking Companion";
		};
		BD536AAC196A82780017345D /* PBXContainerItemProxy */ = {
			isa = PBXContainerItemProxy;
			containerPortal = BDB58973195888670090E178 /* Project object */;
			proxyType = 1;
			remoteGlobalIDString = BDB5897A195888670090E178;
			remoteInfo = "Talking Companion";
		};
		BDB5898E195888670090E178 /* PBXContainerItemProxy */ = {
			isa = PBXContainerItemProxy;
			containerPortal = BDB58973195888670090E178 /* Project object */;
			proxyType = 1;
			remoteGlobalIDString = BDB5897A195888670090E178;
			remoteInfo = "Talking Companion";
		};
/* End PBXContainerItemProxy section */

/* Begin PBXFileReference section */
		BD0C9F061967332A003A88AC /* OSMNodeTests.swift */ = {isa = PBXFileReference; fileEncoding = 4; lastKnownFileType = sourcecode.swift; path = OSMNodeTests.swift; sourceTree = "<group>"; };
		BD0C9F0F19673863003A88AC /* Talking_Companion-Bridging-Header.h */ = {isa = PBXFileReference; fileEncoding = 4; lastKnownFileType = sourcecode.c.h; path = "Talking_Companion-Bridging-Header.h"; sourceTree = "<group>"; };
		BD0C9F121967388A003A88AC /* AFHTTPRequestOperation.h */ = {isa = PBXFileReference; fileEncoding = 4; lastKnownFileType = sourcecode.c.h; path = AFHTTPRequestOperation.h; sourceTree = "<group>"; };
		BD0C9F131967388A003A88AC /* AFHTTPRequestOperation.m */ = {isa = PBXFileReference; fileEncoding = 4; lastKnownFileType = sourcecode.c.objc; path = AFHTTPRequestOperation.m; sourceTree = "<group>"; };
		BD0C9F141967388A003A88AC /* AFHTTPRequestOperationManager.h */ = {isa = PBXFileReference; fileEncoding = 4; lastKnownFileType = sourcecode.c.h; path = AFHTTPRequestOperationManager.h; sourceTree = "<group>"; };
		BD0C9F151967388A003A88AC /* AFHTTPRequestOperationManager.m */ = {isa = PBXFileReference; fileEncoding = 4; lastKnownFileType = sourcecode.c.objc; path = AFHTTPRequestOperationManager.m; sourceTree = "<group>"; };
		BD0C9F161967388A003A88AC /* AFHTTPSessionManager.h */ = {isa = PBXFileReference; fileEncoding = 4; lastKnownFileType = sourcecode.c.h; path = AFHTTPSessionManager.h; sourceTree = "<group>"; };
		BD0C9F171967388A003A88AC /* AFHTTPSessionManager.m */ = {isa = PBXFileReference; fileEncoding = 4; lastKnownFileType = sourcecode.c.objc; path = AFHTTPSessionManager.m; sourceTree = "<group>"; };
		BD0C9F181967388A003A88AC /* AFNetworking.h */ = {isa = PBXFileReference; fileEncoding = 4; lastKnownFileType = sourcecode.c.h; path = AFNetworking.h; sourceTree = "<group>"; };
		BD0C9F191967388A003A88AC /* AFNetworkReachabilityManager.h */ = {isa = PBXFileReference; fileEncoding = 4; lastKnownFileType = sourcecode.c.h; path = AFNetworkReachabilityManager.h; sourceTree = "<group>"; };
		BD0C9F1A1967388A003A88AC /* AFNetworkReachabilityManager.m */ = {isa = PBXFileReference; fileEncoding = 4; lastKnownFileType = sourcecode.c.objc; path = AFNetworkReachabilityManager.m; sourceTree = "<group>"; };
		BD0C9F1B1967388A003A88AC /* AFSecurityPolicy.h */ = {isa = PBXFileReference; fileEncoding = 4; lastKnownFileType = sourcecode.c.h; path = AFSecurityPolicy.h; sourceTree = "<group>"; };
		BD0C9F1C1967388A003A88AC /* AFSecurityPolicy.m */ = {isa = PBXFileReference; fileEncoding = 4; lastKnownFileType = sourcecode.c.objc; path = AFSecurityPolicy.m; sourceTree = "<group>"; };
		BD0C9F1D1967388A003A88AC /* AFURLConnectionOperation.h */ = {isa = PBXFileReference; fileEncoding = 4; lastKnownFileType = sourcecode.c.h; path = AFURLConnectionOperation.h; sourceTree = "<group>"; };
		BD0C9F1E1967388A003A88AC /* AFURLConnectionOperation.m */ = {isa = PBXFileReference; fileEncoding = 4; lastKnownFileType = sourcecode.c.objc; path = AFURLConnectionOperation.m; sourceTree = "<group>"; };
		BD0C9F1F1967388A003A88AC /* AFURLRequestSerialization.h */ = {isa = PBXFileReference; fileEncoding = 4; lastKnownFileType = sourcecode.c.h; path = AFURLRequestSerialization.h; sourceTree = "<group>"; };
		BD0C9F201967388A003A88AC /* AFURLRequestSerialization.m */ = {isa = PBXFileReference; fileEncoding = 4; lastKnownFileType = sourcecode.c.objc; path = AFURLRequestSerialization.m; sourceTree = "<group>"; };
		BD0C9F211967388A003A88AC /* AFURLResponseSerialization.h */ = {isa = PBXFileReference; fileEncoding = 4; lastKnownFileType = sourcecode.c.h; path = AFURLResponseSerialization.h; sourceTree = "<group>"; };
		BD0C9F221967388A003A88AC /* AFURLResponseSerialization.m */ = {isa = PBXFileReference; fileEncoding = 4; lastKnownFileType = sourcecode.c.objc; path = AFURLResponseSerialization.m; sourceTree = "<group>"; };
		BD0C9F231967388A003A88AC /* AFURLSessionManager.h */ = {isa = PBXFileReference; fileEncoding = 4; lastKnownFileType = sourcecode.c.h; path = AFURLSessionManager.h; sourceTree = "<group>"; };
		BD0C9F241967388A003A88AC /* AFURLSessionManager.m */ = {isa = PBXFileReference; fileEncoding = 4; lastKnownFileType = sourcecode.c.objc; path = AFURLSessionManager.m; sourceTree = "<group>"; };
		BD0C9F261967388A003A88AC /* FMDatabase.h */ = {isa = PBXFileReference; fileEncoding = 4; lastKnownFileType = sourcecode.c.h; path = FMDatabase.h; sourceTree = "<group>"; };
		BD0C9F271967388A003A88AC /* FMDatabase.m */ = {isa = PBXFileReference; fileEncoding = 4; lastKnownFileType = sourcecode.c.objc; path = FMDatabase.m; sourceTree = "<group>"; };
		BD0C9F281967388A003A88AC /* FMDatabaseAdditions.h */ = {isa = PBXFileReference; fileEncoding = 4; lastKnownFileType = sourcecode.c.h; path = FMDatabaseAdditions.h; sourceTree = "<group>"; };
		BD0C9F291967388A003A88AC /* FMDatabaseAdditions.m */ = {isa = PBXFileReference; fileEncoding = 4; lastKnownFileType = sourcecode.c.objc; path = FMDatabaseAdditions.m; sourceTree = "<group>"; };
		BD0C9F2A1967388A003A88AC /* FMDatabasePool.h */ = {isa = PBXFileReference; fileEncoding = 4; lastKnownFileType = sourcecode.c.h; path = FMDatabasePool.h; sourceTree = "<group>"; };
		BD0C9F2B1967388A003A88AC /* FMDatabasePool.m */ = {isa = PBXFileReference; fileEncoding = 4; lastKnownFileType = sourcecode.c.objc; path = FMDatabasePool.m; sourceTree = "<group>"; };
		BD0C9F2C1967388A003A88AC /* FMDatabaseQueue.h */ = {isa = PBXFileReference; fileEncoding = 4; lastKnownFileType = sourcecode.c.h; path = FMDatabaseQueue.h; sourceTree = "<group>"; };
		BD0C9F2D1967388A003A88AC /* FMDatabaseQueue.m */ = {isa = PBXFileReference; fileEncoding = 4; lastKnownFileType = sourcecode.c.objc; path = FMDatabaseQueue.m; sourceTree = "<group>"; };
		BD0C9F2E1967388A003A88AC /* FMDB.h */ = {isa = PBXFileReference; fileEncoding = 4; lastKnownFileType = sourcecode.c.h; path = FMDB.h; sourceTree = "<group>"; };
		BD0C9F2F1967388A003A88AC /* FMResultSet.h */ = {isa = PBXFileReference; fileEncoding = 4; lastKnownFileType = sourcecode.c.h; path = FMResultSet.h; sourceTree = "<group>"; };
		BD0C9F301967388A003A88AC /* FMResultSet.m */ = {isa = PBXFileReference; fileEncoding = 4; lastKnownFileType = sourcecode.c.objc; path = FMResultSet.m; sourceTree = "<group>"; };
		BD0C9F331967388A003A88AC /* SMXMLDocument.h */ = {isa = PBXFileReference; fileEncoding = 4; lastKnownFileType = sourcecode.c.h; path = SMXMLDocument.h; sourceTree = "<group>"; };
		BD0C9F341967388A003A88AC /* SMXMLDocument.m */ = {isa = PBXFileReference; fileEncoding = 4; lastKnownFileType = sourcecode.c.objc; path = SMXMLDocument.m; sourceTree = "<group>"; };
		BD0C9F7C1967505B003A88AC /* OSMTileTests.swift */ = {isa = PBXFileReference; fileEncoding = 4; lastKnownFileType = sourcecode.swift; path = OSMTileTests.swift; sourceTree = "<group>"; };
		BD0C9F7E196750D5003A88AC /* OSMElementsParserTests.swift */ = {isa = PBXFileReference; fileEncoding = 4; lastKnownFileType = sourcecode.swift; path = OSMElementsParserTests.swift; sourceTree = "<group>"; };
		BD0C9F8019675336003A88AC /* OSMWayTests.swift */ = {isa = PBXFileReference; fileEncoding = 4; lastKnownFileType = sourcecode.swift; path = OSMWayTests.swift; sourceTree = "<group>"; };
		BD11497B1993D406001A07A4 /* libbz2.1.0.dylib */ = {isa = PBXFileReference; lastKnownFileType = "compiled.mach-o.dylib"; name = libbz2.1.0.dylib; path = usr/lib/libbz2.1.0.dylib; sourceTree = SDKROOT; };
		BD2E7C7F195AEAFB00D57518 /* CoreLocation.framework */ = {isa = PBXFileReference; lastKnownFileType = wrapper.framework; name = CoreLocation.framework; path = System/Library/Frameworks/CoreLocation.framework; sourceTree = SDKROOT; };
		BD2EB9BB1966F0E600C8DEDD /* libsqlite3.dylib */ = {isa = PBXFileReference; lastKnownFileType = "compiled.mach-o.dylib"; name = libsqlite3.dylib; path = usr/lib/libsqlite3.dylib; sourceTree = SDKROOT; };
		BD536AAA196A7E1B0017345D /* OSMBoundingBoxTests.swift */ = {isa = PBXFileReference; fileEncoding = 4; lastKnownFileType = sourcecode.swift; path = OSMBoundingBoxTests.swift; sourceTree = "<group>"; };
		BD66797D19B4A6BA00DFB53F /* MainViewController.swift */ = {isa = PBXFileReference; fileEncoding = 4; lastKnownFileType = sourcecode.swift; path = MainViewController.swift; sourceTree = "<group>"; };
		BD7D7FD5199A4D690069A19D /* Calculations.swift */ = {isa = PBXFileReference; fileEncoding = 4; lastKnownFileType = sourcecode.swift; path = Calculations.swift; sourceTree = "<group>"; };
		BD7D7FD6199A4D690069A19D /* Constants.swift */ = {isa = PBXFileReference; fileEncoding = 4; lastKnownFileType = sourcecode.swift; path = Constants.swift; sourceTree = "<group>"; };
		BD7D7FD7199A4D690069A19D /* ExtractDownloader.swift */ = {isa = PBXFileReference; fileEncoding = 4; lastKnownFileType = sourcecode.swift; path = ExtractDownloader.swift; sourceTree = "<group>"; };
		BD7D7FD8199A4D690069A19D /* GEOJSONParser.swift */ = {isa = PBXFileReference; fileEncoding = 4; lastKnownFileType = sourcecode.swift; path = GEOJSONParser.swift; sourceTree = "<group>"; };
		BD7D7FD9199A4D690069A19D /* NSData+bz2.h */ = {isa = PBXFileReference; fileEncoding = 4; lastKnownFileType = sourcecode.c.h; path = "NSData+bz2.h"; sourceTree = "<group>"; };
		BD7D7FDA199A4D690069A19D /* NSData+bz2.m */ = {isa = PBXFileReference; fileEncoding = 4; lastKnownFileType = sourcecode.c.objc; path = "NSData+bz2.m"; sourceTree = "<group>"; };
		BD7D7FDB199A4D690069A19D /* OSMBoundingBox.swift */ = {isa = PBXFileReference; fileEncoding = 4; lastKnownFileType = sourcecode.swift; path = OSMBoundingBox.swift; sourceTree = "<group>"; };
		BD7D7FDC199A4D690069A19D /* OSMElementsParser.swift */ = {isa = PBXFileReference; fileEncoding = 4; lastKnownFileType = sourcecode.swift; path = OSMElementsParser.swift; sourceTree = "<group>"; };
		BD7D7FDD199A4D690069A19D /* OSMNode.swift */ = {isa = PBXFileReference; fileEncoding = 4; lastKnownFileType = sourcecode.swift; path = OSMNode.swift; sourceTree = "<group>"; };
		BD7D7FDE199A4D690069A19D /* OSMTile.swift */ = {isa = PBXFileReference; fileEncoding = 4; lastKnownFileType = sourcecode.swift; path = OSMTile.swift; sourceTree = "<group>"; };
		BD7D7FDF199A4D690069A19D /* OSMTilesDownloader.swift */ = {isa = PBXFileReference; fileEncoding = 4; lastKnownFileType = sourcecode.swift; path = OSMTilesDownloader.swift; sourceTree = "<group>"; };
		BD7D7FE0199A4D690069A19D /* OSMWay.swift */ = {isa = PBXFileReference; fileEncoding = 4; lastKnownFileType = sourcecode.swift; path = OSMWay.swift; sourceTree = "<group>"; };
		BD7D7FE1199A4D690069A19D /* SQLAccess.swift */ = {isa = PBXFileReference; fileEncoding = 4; lastKnownFileType = sourcecode.swift; path = SQLAccess.swift; sourceTree = "<group>"; };
		BD7D7FFB199A4DCD0069A19D /* SwiftyJSON.swift */ = {isa = PBXFileReference; fileEncoding = 4; lastKnownFileType = sourcecode.swift; path = SwiftyJSON.swift; sourceTree = "<group>"; };
		BD7D7FFE199A4E530069A19D /* libz.1.2.5.dylib */ = {isa = PBXFileReference; lastKnownFileType = "compiled.mach-o.dylib"; name = libz.1.2.5.dylib; path = usr/lib/libz.1.2.5.dylib; sourceTree = SDKROOT; };
		BD7D8007199A504D0069A19D /* empty.osm */ = {isa = PBXFileReference; fileEncoding = 4; lastKnownFileType = text.xml; path = empty.osm; sourceTree = "<group>"; };
		BD7D8008199A504D0069A19D /* map.osm */ = {isa = PBXFileReference; fileEncoding = 4; lastKnownFileType = text.xml; path = map.osm; sourceTree = "<group>"; };
		BD9EEF4519924A9200BC8A02 /* Settings.plist */ = {isa = PBXFileReference; fileEncoding = 4; lastKnownFileType = text.plist.xml; name = Settings.plist; path = "View Controllers/Settings.plist"; sourceTree = "<group>"; };
		BDB5897B195888670090E178 /* Talking Companion.app */ = {isa = PBXFileReference; explicitFileType = wrapper.application; includeInIndex = 0; path = "Talking Companion.app"; sourceTree = BUILT_PRODUCTS_DIR; };
		BDB5897F195888670090E178 /* Info.plist */ = {isa = PBXFileReference; lastKnownFileType = text.plist.xml; path = Info.plist; sourceTree = "<group>"; };
		BDB58980195888670090E178 /* AppDelegate.swift */ = {isa = PBXFileReference; lastKnownFileType = sourcecode.swift; path = AppDelegate.swift; sourceTree = "<group>"; };
		BDB58985195888670090E178 /* Base */ = {isa = PBXFileReference; lastKnownFileType = file.storyboard; name = Base; path = Base.lproj/Main.storyboard; sourceTree = "<group>"; };
		BDB58987195888670090E178 /* Images.xcassets */ = {isa = PBXFileReference; lastKnownFileType = folder.assetcatalog; path = Images.xcassets; sourceTree = "<group>"; };
		BDB5898D195888670090E178 /* Talking CompanionTests.xctest */ = {isa = PBXFileReference; explicitFileType = wrapper.cfbundle; includeInIndex = 0; path = "Talking CompanionTests.xctest"; sourceTree = BUILT_PRODUCTS_DIR; };
		BDB58992195888670090E178 /* Info.plist */ = {isa = PBXFileReference; lastKnownFileType = text.plist.xml; path = Info.plist; sourceTree = "<group>"; };
		BDBAD834199BC34A00BA69EC /* poi.json */ = {isa = PBXFileReference; fileEncoding = 4; lastKnownFileType = text.json; path = poi.json; sourceTree = "<group>"; };
		BDBFD5B11975325B0088F1CB /* CalculationsTests.swift */ = {isa = PBXFileReference; fileEncoding = 4; lastKnownFileType = sourcecode.swift; path = CalculationsTests.swift; sourceTree = "<group>"; };
		BDC820F9199243F60055ABBE /* SettingsViewController.swift */ = {isa = PBXFileReference; fileEncoding = 4; lastKnownFileType = sourcecode.swift; path = SettingsViewController.swift; sourceTree = "<group>"; };
		BDD89B84195B095F0020ACA7 /* AVFoundation.framework */ = {isa = PBXFileReference; lastKnownFileType = wrapper.framework; name = AVFoundation.framework; path = System/Library/Frameworks/AVFoundation.framework; sourceTree = SDKROOT; };
		BDE410DC19B8986900D5FDA0 /* FrameView.swift */ = {isa = PBXFileReference; fileEncoding = 4; lastKnownFileType = sourcecode.swift; path = FrameView.swift; sourceTree = "<group>"; };
		BDE410DD19B8986900D5FDA0 /* HUDAssets.swift */ = {isa = PBXFileReference; fileEncoding = 4; lastKnownFileType = sourcecode.swift; path = HUDAssets.swift; sourceTree = "<group>"; };
		BDE410DE19B8986900D5FDA0 /* HUDContentView.swift */ = {isa = PBXFileReference; fileEncoding = 4; lastKnownFileType = sourcecode.swift; path = HUDContentView.swift; sourceTree = "<group>"; };
		BDE410DF19B8986900D5FDA0 /* HUDController.swift */ = {isa = PBXFileReference; fileEncoding = 4; lastKnownFileType = sourcecode.swift; path = HUDController.swift; sourceTree = "<group>"; };
		BDE410E019B8986900D5FDA0 /* Images.xcassets */ = {isa = PBXFileReference; lastKnownFileType = folder.assetcatalog; path = Images.xcassets; sourceTree = "<group>"; };
		BDE410E119B8986900D5FDA0 /* Info.plist */ = {isa = PBXFileReference; fileEncoding = 4; lastKnownFileType = text.plist.xml; path = Info.plist; sourceTree = "<group>"; };
		BDE410E219B8986900D5FDA0 /* PKHUD.h */ = {isa = PBXFileReference; fileEncoding = 4; lastKnownFileType = sourcecode.c.h; path = PKHUD.h; sourceTree = "<group>"; };
		BDE410E319B8986900D5FDA0 /* Window.swift */ = {isa = PBXFileReference; fileEncoding = 4; lastKnownFileType = sourcecode.swift; path = Window.swift; sourceTree = "<group>"; };
		BDE410E419B8986900D5FDA0 /* WindowRootViewController.swift */ = {isa = PBXFileReference; fileEncoding = 4; lastKnownFileType = sourcecode.swift; path = WindowRootViewController.swift; sourceTree = "<group>"; };
/* End PBXFileReference section */

/* Begin PBXFrameworksBuildPhase section */
		BDB58978195888670090E178 /* Frameworks */ = {
			isa = PBXFrameworksBuildPhase;
			buildActionMask = 2147483647;
			files = (
				BD11497C1993D406001A07A4 /* libbz2.1.0.dylib in Frameworks */,
				BD2EB9BC1966F0E600C8DEDD /* libsqlite3.dylib in Frameworks */,
				BDD89B85195B095F0020ACA7 /* AVFoundation.framework in Frameworks */,
				BD2E7C80195AEAFB00D57518 /* CoreLocation.framework in Frameworks */,
			);
			runOnlyForDeploymentPostprocessing = 0;
		};
		BDB5898A195888670090E178 /* Frameworks */ = {
			isa = PBXFrameworksBuildPhase;
			buildActionMask = 2147483647;
			files = (
				BD7D8000199A4E730069A19D /* libbz2.1.0.dylib in Frameworks */,
				BD0C9F7B196738C0003A88AC /* libsqlite3.dylib in Frameworks */,
			);
			runOnlyForDeploymentPostprocessing = 0;
		};
/* End PBXFrameworksBuildPhase section */

/* Begin PBXGroup section */
		BD0C9F101967388A003A88AC /* Resources */ = {
			isa = PBXGroup;
			children = (
				BDE410DB19B8986900D5FDA0 /* PKHUD */,
				BDBAD834199BC34A00BA69EC /* poi.json */,
				BD7D8007199A504D0069A19D /* empty.osm */,
				BD7D8008199A504D0069A19D /* map.osm */,
				BD0C9F111967388A003A88AC /* AFNetworking */,
				BD0C9F251967388A003A88AC /* fmdb */,
				BD0C9F321967388A003A88AC /* SMXMLDocument */,
				BD7D7FFA199A4DCD0069A19D /* SwiftyJSON */,
			);
			path = Resources;
			sourceTree = "<group>";
		};
		BD0C9F111967388A003A88AC /* AFNetworking */ = {
			isa = PBXGroup;
			children = (
				BD0C9F121967388A003A88AC /* AFHTTPRequestOperation.h */,
				BD0C9F131967388A003A88AC /* AFHTTPRequestOperation.m */,
				BD0C9F141967388A003A88AC /* AFHTTPRequestOperationManager.h */,
				BD0C9F151967388A003A88AC /* AFHTTPRequestOperationManager.m */,
				BD0C9F161967388A003A88AC /* AFHTTPSessionManager.h */,
				BD0C9F171967388A003A88AC /* AFHTTPSessionManager.m */,
				BD0C9F181967388A003A88AC /* AFNetworking.h */,
				BD0C9F191967388A003A88AC /* AFNetworkReachabilityManager.h */,
				BD0C9F1A1967388A003A88AC /* AFNetworkReachabilityManager.m */,
				BD0C9F1B1967388A003A88AC /* AFSecurityPolicy.h */,
				BD0C9F1C1967388A003A88AC /* AFSecurityPolicy.m */,
				BD0C9F1D1967388A003A88AC /* AFURLConnectionOperation.h */,
				BD0C9F1E1967388A003A88AC /* AFURLConnectionOperation.m */,
				BD0C9F1F1967388A003A88AC /* AFURLRequestSerialization.h */,
				BD0C9F201967388A003A88AC /* AFURLRequestSerialization.m */,
				BD0C9F211967388A003A88AC /* AFURLResponseSerialization.h */,
				BD0C9F221967388A003A88AC /* AFURLResponseSerialization.m */,
				BD0C9F231967388A003A88AC /* AFURLSessionManager.h */,
				BD0C9F241967388A003A88AC /* AFURLSessionManager.m */,
			);
			path = AFNetworking;
			sourceTree = "<group>";
		};
		BD0C9F251967388A003A88AC /* fmdb */ = {
			isa = PBXGroup;
			children = (
				BD0C9F261967388A003A88AC /* FMDatabase.h */,
				BD0C9F271967388A003A88AC /* FMDatabase.m */,
				BD0C9F281967388A003A88AC /* FMDatabaseAdditions.h */,
				BD0C9F291967388A003A88AC /* FMDatabaseAdditions.m */,
				BD0C9F2A1967388A003A88AC /* FMDatabasePool.h */,
				BD0C9F2B1967388A003A88AC /* FMDatabasePool.m */,
				BD0C9F2C1967388A003A88AC /* FMDatabaseQueue.h */,
				BD0C9F2D1967388A003A88AC /* FMDatabaseQueue.m */,
				BD0C9F2E1967388A003A88AC /* FMDB.h */,
				BD0C9F2F1967388A003A88AC /* FMResultSet.h */,
				BD0C9F301967388A003A88AC /* FMResultSet.m */,
			);
			path = fmdb;
			sourceTree = "<group>";
		};
		BD0C9F321967388A003A88AC /* SMXMLDocument */ = {
			isa = PBXGroup;
			children = (
				BD0C9F331967388A003A88AC /* SMXMLDocument.h */,
				BD0C9F341967388A003A88AC /* SMXMLDocument.m */,
			);
			path = SMXMLDocument;
			sourceTree = "<group>";
		};
		BD34A42C1990BA9F0058C22A /* Custom classes */ = {
			isa = PBXGroup;
			children = (
				BD7D7FD5199A4D690069A19D /* Calculations.swift */,
				BD7D7FD6199A4D690069A19D /* Constants.swift */,
				BD7D7FD7199A4D690069A19D /* ExtractDownloader.swift */,
				BD7D7FD8199A4D690069A19D /* GEOJSONParser.swift */,
				BD7D7FD9199A4D690069A19D /* NSData+bz2.h */,
				BD7D7FDA199A4D690069A19D /* NSData+bz2.m */,
				BD7D7FDB199A4D690069A19D /* OSMBoundingBox.swift */,
				BD7D7FDC199A4D690069A19D /* OSMElementsParser.swift */,
				BD7D7FDD199A4D690069A19D /* OSMNode.swift */,
				BD7D7FDE199A4D690069A19D /* OSMTile.swift */,
				BD7D7FDF199A4D690069A19D /* OSMTilesDownloader.swift */,
				BD7D7FE0199A4D690069A19D /* OSMWay.swift */,
				BD7D7FE1199A4D690069A19D /* SQLAccess.swift */,
			);
			path = "Custom classes";
			sourceTree = "<group>";
		};
		BD4FBD1A1963179200D8F725 /* View Controllers */ = {
			isa = PBXGroup;
			children = (
				BDB58984195888670090E178 /* Main.storyboard */,
				BD66797D19B4A6BA00DFB53F /* MainViewController.swift */,
				BDC820F9199243F60055ABBE /* SettingsViewController.swift */,
			);
			path = "View Controllers";
			sourceTree = "<group>";
		};
		BD7D7FFA199A4DCD0069A19D /* SwiftyJSON */ = {
			isa = PBXGroup;
			children = (
				BD7D7FFB199A4DCD0069A19D /* SwiftyJSON.swift */,
			);
			path = SwiftyJSON;
			sourceTree = "<group>";
		};
		BDB58972195888670090E178 = {
			isa = PBXGroup;
			children = (
				BDB5897D195888670090E178 /* Talking Companion */,
				BDB58990195888670090E178 /* Talking CompanionTests */,
				BDFFA009195C367700288E6D /* Frameworks */,
				BDB5897C195888670090E178 /* Products */,
			);
			sourceTree = "<group>";
		};
		BDB5897C195888670090E178 /* Products */ = {
			isa = PBXGroup;
			children = (
				BDB5897B195888670090E178 /* Talking Companion.app */,
				BDB5898D195888670090E178 /* Talking CompanionTests.xctest */,
			);
			name = Products;
			sourceTree = "<group>";
		};
		BDB5897D195888670090E178 /* Talking Companion */ = {
			isa = PBXGroup;
			children = (
				BD0C9F101967388A003A88AC /* Resources */,
				BD34A42C1990BA9F0058C22A /* Custom classes */,
				BD4FBD1A1963179200D8F725 /* View Controllers */,
				BDB58980195888670090E178 /* AppDelegate.swift */,
				BDB5897E195888670090E178 /* Supporting Files */,
			);
			path = "Talking Companion";
			sourceTree = "<group>";
		};
		BDB5897E195888670090E178 /* Supporting Files */ = {
			isa = PBXGroup;
			children = (
				BD9EEF4519924A9200BC8A02 /* Settings.plist */,
				BDB5897F195888670090E178 /* Info.plist */,
				BD0C9F0F19673863003A88AC /* Talking_Companion-Bridging-Header.h */,
				BDB58987195888670090E178 /* Images.xcassets */,
			);
			name = "Supporting Files";
			sourceTree = "<group>";
		};
		BDB58990195888670090E178 /* Talking CompanionTests */ = {
			isa = PBXGroup;
			children = (
				BDBFD5B11975325B0088F1CB /* CalculationsTests.swift */,
				BD536AAA196A7E1B0017345D /* OSMBoundingBoxTests.swift */,
				BD0C9F7E196750D5003A88AC /* OSMElementsParserTests.swift */,
				BD0C9F061967332A003A88AC /* OSMNodeTests.swift */,
				BD0C9F7C1967505B003A88AC /* OSMTileTests.swift */,
				BD0C9F8019675336003A88AC /* OSMWayTests.swift */,
				BDB58991195888670090E178 /* Supporting Files */,
			);
			path = "Talking CompanionTests";
			sourceTree = "<group>";
		};
		BDB58991195888670090E178 /* Supporting Files */ = {
			isa = PBXGroup;
			children = (
				BDB58992195888670090E178 /* Info.plist */,
			);
			name = "Supporting Files";
			sourceTree = "<group>";
		};
		BDE410DB19B8986900D5FDA0 /* PKHUD */ = {
			isa = PBXGroup;
			children = (
				BDE410DC19B8986900D5FDA0 /* FrameView.swift */,
				BDE410DD19B8986900D5FDA0 /* HUDAssets.swift */,
				BDE410DE19B8986900D5FDA0 /* HUDContentView.swift */,
				BDE410DF19B8986900D5FDA0 /* HUDController.swift */,
				BDE410E019B8986900D5FDA0 /* Images.xcassets */,
				BDE410E119B8986900D5FDA0 /* Info.plist */,
				BDE410E219B8986900D5FDA0 /* PKHUD.h */,
				BDE410E319B8986900D5FDA0 /* Window.swift */,
				BDE410E419B8986900D5FDA0 /* WindowRootViewController.swift */,
			);
			path = PKHUD;
			sourceTree = "<group>";
		};
		BDFFA009195C367700288E6D /* Frameworks */ = {
			isa = PBXGroup;
			children = (
				BD7D7FFE199A4E530069A19D /* libz.1.2.5.dylib */,
				BD11497B1993D406001A07A4 /* libbz2.1.0.dylib */,
				BD2EB9BB1966F0E600C8DEDD /* libsqlite3.dylib */,
				BDD89B84195B095F0020ACA7 /* AVFoundation.framework */,
				BD2E7C7F195AEAFB00D57518 /* CoreLocation.framework */,
			);
			name = Frameworks;
			path = "Talking CompanionTests";
			sourceTree = "<group>";
		};
/* End PBXGroup section */

/* Begin PBXNativeTarget section */
		BDB5897A195888670090E178 /* Talking Companion */ = {
			isa = PBXNativeTarget;
			buildConfigurationList = BDB58997195888670090E178 /* Build configuration list for PBXNativeTarget "Talking Companion" */;
			buildPhases = (
				BDB58977195888670090E178 /* Sources */,
				BDB58978195888670090E178 /* Frameworks */,
				BDB58979195888670090E178 /* Resources */,
			);
			buildRules = (
			);
			dependencies = (
			);
			name = "Talking Companion";
			productName = "Talking Companion";
			productReference = BDB5897B195888670090E178 /* Talking Companion.app */;
			productType = "com.apple.product-type.application";
		};
		BDB5898C195888670090E178 /* Talking CompanionTests */ = {
			isa = PBXNativeTarget;
			buildConfigurationList = BDB5899A195888670090E178 /* Build configuration list for PBXNativeTarget "Talking CompanionTests" */;
			buildPhases = (
				BDB58989195888670090E178 /* Sources */,
				BDB5898A195888670090E178 /* Frameworks */,
				BDB5898B195888670090E178 /* Resources */,
			);
			buildRules = (
			);
			dependencies = (
				BDB5898F195888670090E178 /* PBXTargetDependency */,
				BD0C9F0A1967357D003A88AC /* PBXTargetDependency */,
				BD0C9F0C1967357D003A88AC /* PBXTargetDependency */,
				BD0C9F781967389A003A88AC /* PBXTargetDependency */,
				BD0C9F7A196738A9003A88AC /* PBXTargetDependency */,
				BD536AAD196A82780017345D /* PBXTargetDependency */,
			);
			name = "Talking CompanionTests";
			productName = "Talking CompanionTests";
			productReference = BDB5898D195888670090E178 /* Talking CompanionTests.xctest */;
			productType = "com.apple.product-type.bundle.unit-test";
		};
/* End PBXNativeTarget section */

/* Begin PBXProject section */
		BDB58973195888670090E178 /* Project object */ = {
			isa = PBXProject;
			attributes = {
				LastUpgradeCheck = 0600;
				ORGANIZATIONNAME = "serejahh inc.";
				TargetAttributes = {
					BDB5897A195888670090E178 = {
						CreatedOnToolsVersion = 6.0;
						SystemCapabilities = {
							com.apple.BackgroundModes = {
								enabled = 1;
							};
							com.apple.Maps.iOS = {
								enabled = 0;
							};
						};
					};
					BDB5898C195888670090E178 = {
						CreatedOnToolsVersion = 6.0;
						TestTargetID = BDB5897A195888670090E178;
					};
				};
			};
			buildConfigurationList = BDB58976195888670090E178 /* Build configuration list for PBXProject "Talking Companion" */;
			compatibilityVersion = "Xcode 3.2";
			developmentRegion = English;
			hasScannedForEncodings = 0;
			knownRegions = (
				en,
				Base,
			);
			mainGroup = BDB58972195888670090E178;
			productRefGroup = BDB5897C195888670090E178 /* Products */;
			projectDirPath = "";
			projectRoot = "";
			targets = (
				BDB5897A195888670090E178 /* Talking Companion */,
				BDB5898C195888670090E178 /* Talking CompanionTests */,
			);
		};
/* End PBXProject section */

/* Begin PBXResourcesBuildPhase section */
		BDB58979195888670090E178 /* Resources */ = {
			isa = PBXResourcesBuildPhase;
			buildActionMask = 2147483647;
			files = (
				BDE410EA19B8986900D5FDA0 /* Info.plist in Resources */,
				BD7D800B199A504D0069A19D /* map.osm in Resources */,
				BDBAD836199BC34A00BA69EC /* poi.json in Resources */,
				BDE410E919B8986900D5FDA0 /* Images.xcassets in Resources */,
				BDB58986195888670090E178 /* Main.storyboard in Resources */,
				BDB58988195888670090E178 /* Images.xcassets in Resources */,
				BD7D8009199A504D0069A19D /* empty.osm in Resources */,
				BD9EEF4619924A9200BC8A02 /* Settings.plist in Resources */,
			);
			runOnlyForDeploymentPostprocessing = 0;
		};
		BDB5898B195888670090E178 /* Resources */ = {
			isa = PBXResourcesBuildPhase;
			buildActionMask = 2147483647;
			files = (
				BD7D800C199A504D0069A19D /* map.osm in Resources */,
				BD7D800A199A504D0069A19D /* empty.osm in Resources */,
			);
			runOnlyForDeploymentPostprocessing = 0;
		};
/* End PBXResourcesBuildPhase section */

/* Begin PBXSourcesBuildPhase section */
		BDB58977195888670090E178 /* Sources */ = {
			isa = PBXSourcesBuildPhase;
			buildActionMask = 2147483647;
			files = (
				BD0C9F4F1967388A003A88AC /* AFSecurityPolicy.m in Sources */,
				BD0C9F591967388A003A88AC /* FMDatabase.m in Sources */,
				BDE410E619B8986900D5FDA0 /* HUDAssets.swift in Sources */,
				BD7D7FF2199A4D690069A19D /* OSMTile.swift in Sources */,
				BD7D7FE4199A4D690069A19D /* Constants.swift in Sources */,
				BD7D7FF6199A4D690069A19D /* OSMWay.swift in Sources */,
				BDE410E819B8986900D5FDA0 /* HUDController.swift in Sources */,
				BD7D7FF0199A4D690069A19D /* OSMNode.swift in Sources */,
				BD0C9F4D1967388A003A88AC /* AFNetworkReachabilityManager.m in Sources */,
				BD7D7FF4199A4D690069A19D /* OSMTilesDownloader.swift in Sources */,
				BD0C9F5D1967388A003A88AC /* FMDatabasePool.m in Sources */,
				BDE410EB19B8986900D5FDA0 /* Window.swift in Sources */,
				BD7D7FF8199A4D690069A19D /* SQLAccess.swift in Sources */,
				BD0C9F511967388A003A88AC /* AFURLConnectionOperation.m in Sources */,
				BD0C9F471967388A003A88AC /* AFHTTPRequestOperation.m in Sources */,
				BD0C9F4B1967388A003A88AC /* AFHTTPSessionManager.m in Sources */,
				BDE410E719B8986900D5FDA0 /* HUDContentView.swift in Sources */,
				BD0C9F531967388A003A88AC /* AFURLRequestSerialization.m in Sources */,
				BD0C9F651967388A003A88AC /* SMXMLDocument.m in Sources */,
				BD7D7FEC199A4D690069A19D /* OSMBoundingBox.swift in Sources */,
				BDE410E519B8986900D5FDA0 /* FrameView.swift in Sources */,
				BD0C9F571967388A003A88AC /* AFURLSessionManager.m in Sources */,
				BD0C9F491967388A003A88AC /* AFHTTPRequestOperationManager.m in Sources */,
				BD7D7FFC199A4DCD0069A19D /* SwiftyJSON.swift in Sources */,
				BDB58981195888670090E178 /* AppDelegate.swift in Sources */,
				BD7D7FE2199A4D690069A19D /* Calculations.swift in Sources */,
				BD0C9F551967388A003A88AC /* AFURLResponseSerialization.m in Sources */,
				BD0C9F611967388A003A88AC /* FMResultSet.m in Sources */,
				BDC820FA199243F60055ABBE /* SettingsViewController.swift in Sources */,
				BD7D7FEE199A4D690069A19D /* OSMElementsParser.swift in Sources */,
				BD0C9F5F1967388A003A88AC /* FMDatabaseQueue.m in Sources */,
				BD7D7FEA199A4D690069A19D /* NSData+bz2.m in Sources */,
				BD0C9F5B1967388A003A88AC /* FMDatabaseAdditions.m in Sources */,
				BD7D7FE6199A4D690069A19D /* ExtractDownloader.swift in Sources */,
				BD7D7FE8199A4D690069A19D /* GEOJSONParser.swift in Sources */,
				BD66797E19B4A6BA00DFB53F /* MainViewController.swift in Sources */,
				BDE410EC19B8986900D5FDA0 /* WindowRootViewController.swift in Sources */,
			);
			runOnlyForDeploymentPostprocessing = 0;
		};
		BDB58989195888670090E178 /* Sources */ = {
			isa = PBXSourcesBuildPhase;
			buildActionMask = 2147483647;
			files = (
				BD0C9F541967388A003A88AC /* AFURLRequestSerialization.m in Sources */,
				BD0C9F521967388A003A88AC /* AFURLConnectionOperation.m in Sources */,
				BD7D7FF5199A4D690069A19D /* OSMTilesDownloader.swift in Sources */,
				BD0C9F501967388A003A88AC /* AFSecurityPolicy.m in Sources */,
				BD7D7FF7199A4D690069A19D /* OSMWay.swift in Sources */,
				BD0C9F5A1967388A003A88AC /* FMDatabase.m in Sources */,
				BDBFD5B21975325B0088F1CB /* CalculationsTests.swift in Sources */,
				BD0C9F7D1967505B003A88AC /* OSMTileTests.swift in Sources */,
				BD7D7FE5199A4D690069A19D /* Constants.swift in Sources */,
				BD7D7FF9199A4D690069A19D /* SQLAccess.swift in Sources */,
				BD0C9F481967388A003A88AC /* AFHTTPRequestOperation.m in Sources */,
				BD0C9F601967388A003A88AC /* FMDatabaseQueue.m in Sources */,
				BD0C9F621967388A003A88AC /* FMResultSet.m in Sources */,
				BD7D7FE3199A4D690069A19D /* Calculations.swift in Sources */,
				BD536AAB196A7E1B0017345D /* OSMBoundingBoxTests.swift in Sources */,
				BD0C9F581967388A003A88AC /* AFURLSessionManager.m in Sources */,
				BD7D7FE9199A4D690069A19D /* GEOJSONParser.swift in Sources */,
				BD0C9F8119675336003A88AC /* OSMWayTests.swift in Sources */,
				BD0C9F561967388A003A88AC /* AFURLResponseSerialization.m in Sources */,
				BD7D7FEF199A4D690069A19D /* OSMElementsParser.swift in Sources */,
				BD0C9F7F196750D5003A88AC /* OSMElementsParserTests.swift in Sources */,
				BD7D7FF3199A4D690069A19D /* OSMTile.swift in Sources */,
				BD7D7FED199A4D690069A19D /* OSMBoundingBox.swift in Sources */,
				BD0C9F661967388A003A88AC /* SMXMLDocument.m in Sources */,
				BD7D7FF1199A4D690069A19D /* OSMNode.swift in Sources */,
				BD0C9F5C1967388A003A88AC /* FMDatabaseAdditions.m in Sources */,
				BD7D7FFD199A4DCD0069A19D /* SwiftyJSON.swift in Sources */,
				BD0C9F4C1967388A003A88AC /* AFHTTPSessionManager.m in Sources */,
				BD0C9F4A1967388A003A88AC /* AFHTTPRequestOperationManager.m in Sources */,
				BD0C9F5E1967388A003A88AC /* FMDatabasePool.m in Sources */,
				BD7D7FE7199A4D690069A19D /* ExtractDownloader.swift in Sources */,
				BD7D7FEB199A4D690069A19D /* NSData+bz2.m in Sources */,
				BD0C9F4E1967388A003A88AC /* AFNetworkReachabilityManager.m in Sources */,
				BD0C9F071967332A003A88AC /* OSMNodeTests.swift in Sources */,
			);
			runOnlyForDeploymentPostprocessing = 0;
		};
/* End PBXSourcesBuildPhase section */

/* Begin PBXTargetDependency section */
		BD0C9F0A1967357D003A88AC /* PBXTargetDependency */ = {
			isa = PBXTargetDependency;
			target = BDB5897A195888670090E178 /* Talking Companion */;
			targetProxy = BD0C9F091967357D003A88AC /* PBXContainerItemProxy */;
		};
		BD0C9F0C1967357D003A88AC /* PBXTargetDependency */ = {
			isa = PBXTargetDependency;
			target = BDB5897A195888670090E178 /* Talking Companion */;
			targetProxy = BD0C9F0B1967357D003A88AC /* PBXContainerItemProxy */;
		};
		BD0C9F781967389A003A88AC /* PBXTargetDependency */ = {
			isa = PBXTargetDependency;
			target = BDB5897A195888670090E178 /* Talking Companion */;
			targetProxy = BD0C9F771967389A003A88AC /* PBXContainerItemProxy */;
		};
		BD0C9F7A196738A9003A88AC /* PBXTargetDependency */ = {
			isa = PBXTargetDependency;
			target = BDB5897A195888670090E178 /* Talking Companion */;
			targetProxy = BD0C9F79196738A9003A88AC /* PBXContainerItemProxy */;
		};
		BD536AAD196A82780017345D /* PBXTargetDependency */ = {
			isa = PBXTargetDependency;
			target = BDB5897A195888670090E178 /* Talking Companion */;
			targetProxy = BD536AAC196A82780017345D /* PBXContainerItemProxy */;
		};
		BDB5898F195888670090E178 /* PBXTargetDependency */ = {
			isa = PBXTargetDependency;
			target = BDB5897A195888670090E178 /* Talking Companion */;
			targetProxy = BDB5898E195888670090E178 /* PBXContainerItemProxy */;
		};
/* End PBXTargetDependency section */

/* Begin PBXVariantGroup section */
		BDB58984195888670090E178 /* Main.storyboard */ = {
			isa = PBXVariantGroup;
			children = (
				BDB58985195888670090E178 /* Base */,
			);
			name = Main.storyboard;
			path = ..;
			sourceTree = "<group>";
		};
/* End PBXVariantGroup section */

/* Begin XCBuildConfiguration section */
		BDB58995195888670090E178 /* Debug */ = {
			isa = XCBuildConfiguration;
			buildSettings = {
				ALWAYS_SEARCH_USER_PATHS = NO;
				CLANG_CXX_LANGUAGE_STANDARD = "gnu++0x";
				CLANG_CXX_LIBRARY = "libc++";
				CLANG_ENABLE_MODULES = YES;
				CLANG_ENABLE_OBJC_ARC = YES;
				CLANG_WARN_BOOL_CONVERSION = YES;
				CLANG_WARN_CONSTANT_CONVERSION = YES;
				CLANG_WARN_DIRECT_OBJC_ISA_USAGE = YES_ERROR;
				CLANG_WARN_EMPTY_BODY = YES;
				CLANG_WARN_ENUM_CONVERSION = YES;
				CLANG_WARN_INT_CONVERSION = YES;
				CLANG_WARN_OBJC_ROOT_CLASS = YES_ERROR;
				CLANG_WARN_UNREACHABLE_CODE = YES;
				CLANG_WARN__DUPLICATE_METHOD_MATCH = YES;
				"CODE_SIGN_IDENTITY[sdk=iphoneos*]" = "iPhone Developer";
				COPY_PHASE_STRIP = NO;
				ENABLE_STRICT_OBJC_MSGSEND = YES;
				GCC_C_LANGUAGE_STANDARD = gnu99;
				GCC_DYNAMIC_NO_PIC = NO;
				GCC_OPTIMIZATION_LEVEL = 0;
				GCC_PREPROCESSOR_DEFINITIONS = (
					"DEBUG=1",
					"$(inherited)",
				);
				GCC_SYMBOLS_PRIVATE_EXTERN = NO;
				GCC_WARN_64_TO_32_BIT_CONVERSION = YES;
				GCC_WARN_ABOUT_RETURN_TYPE = YES_ERROR;
				GCC_WARN_UNDECLARED_SELECTOR = YES;
				GCC_WARN_UNINITIALIZED_AUTOS = YES_AGGRESSIVE;
				GCC_WARN_UNUSED_FUNCTION = YES;
				GCC_WARN_UNUSED_VARIABLE = YES;
				IPHONEOS_DEPLOYMENT_TARGET = 8.0;
				METAL_ENABLE_DEBUG_INFO = YES;
				ONLY_ACTIVE_ARCH = YES;
				PROVISIONING_PROFILE = "";
				SDKROOT = iphoneos;
				SWIFT_INSTALL_OBJC_HEADER = YES;
				SWIFT_OBJC_BRIDGING_HEADER = "Talking Companion/Talking Companion-Bridging-Header.h";
				SWIFT_OPTIMIZATION_LEVEL = "-Onone";
			};
			name = Debug;
		};
		BDB58996195888670090E178 /* Release */ = {
			isa = XCBuildConfiguration;
			buildSettings = {
				ALWAYS_SEARCH_USER_PATHS = NO;
				CLANG_CXX_LANGUAGE_STANDARD = "gnu++0x";
				CLANG_CXX_LIBRARY = "libc++";
				CLANG_ENABLE_MODULES = YES;
				CLANG_ENABLE_OBJC_ARC = YES;
				CLANG_WARN_BOOL_CONVERSION = YES;
				CLANG_WARN_CONSTANT_CONVERSION = YES;
				CLANG_WARN_DIRECT_OBJC_ISA_USAGE = YES_ERROR;
				CLANG_WARN_EMPTY_BODY = YES;
				CLANG_WARN_ENUM_CONVERSION = YES;
				CLANG_WARN_INT_CONVERSION = YES;
				CLANG_WARN_OBJC_ROOT_CLASS = YES_ERROR;
				CLANG_WARN_UNREACHABLE_CODE = YES;
				CLANG_WARN__DUPLICATE_METHOD_MATCH = YES;
				"CODE_SIGN_IDENTITY[sdk=iphoneos*]" = "iPhone Developer";
				COPY_PHASE_STRIP = YES;
				ENABLE_NS_ASSERTIONS = NO;
				ENABLE_STRICT_OBJC_MSGSEND = YES;
				GCC_C_LANGUAGE_STANDARD = gnu99;
				GCC_OPTIMIZATION_LEVEL = 0;
				GCC_WARN_64_TO_32_BIT_CONVERSION = YES;
				GCC_WARN_ABOUT_RETURN_TYPE = YES_ERROR;
				GCC_WARN_UNDECLARED_SELECTOR = YES;
				GCC_WARN_UNINITIALIZED_AUTOS = YES_AGGRESSIVE;
				GCC_WARN_UNUSED_FUNCTION = YES;
				GCC_WARN_UNUSED_VARIABLE = YES;
				IPHONEOS_DEPLOYMENT_TARGET = 8.0;
				METAL_ENABLE_DEBUG_INFO = NO;
				PROVISIONING_PROFILE = "";
				SDKROOT = iphoneos;
				SWIFT_INSTALL_OBJC_HEADER = YES;
				SWIFT_OBJC_BRIDGING_HEADER = "Talking Companion/Talking Companion-Bridging-Header.h";
				SWIFT_OPTIMIZATION_LEVEL = "-Onone";
				VALIDATE_PRODUCT = YES;
			};
			name = Release;
		};
		BDB58998195888670090E178 /* Debug */ = {
			isa = XCBuildConfiguration;
			buildSettings = {
				ASSETCATALOG_COMPILER_APPICON_NAME = AppIcon;
				ASSETCATALOG_COMPILER_LAUNCHIMAGE_NAME = LaunchImage;
				INFOPLIST_FILE = "Talking Companion/Info.plist";
				IPHONEOS_DEPLOYMENT_TARGET = 7.0;
				LD_RUNPATH_SEARCH_PATHS = "$(inherited) @executable_path/Frameworks";
				LIBRARY_SEARCH_PATHS = (
					"$(inherited)",
					"$(PROJECT_DIR)/Talking",
					Companion/Resources,
				);
				PRODUCT_NAME = "Talking Companion";
				PROVISIONING_PROFILE = "";
				SWIFT_OBJC_BRIDGING_HEADER = "Talking Companion/Talking_Companion-Bridging-Header.h";
				TARGETED_DEVICE_FAMILY = "1,2";
			};
			name = Debug;
		};
		BDB58999195888670090E178 /* Release */ = {
			isa = XCBuildConfiguration;
			buildSettings = {
				ASSETCATALOG_COMPILER_APPICON_NAME = AppIcon;
				ASSETCATALOG_COMPILER_LAUNCHIMAGE_NAME = LaunchImage;
				INFOPLIST_FILE = "Talking Companion/Info.plist";
				IPHONEOS_DEPLOYMENT_TARGET = 7.0;
				LD_RUNPATH_SEARCH_PATHS = "$(inherited) @executable_path/Frameworks";
				LIBRARY_SEARCH_PATHS = (
					"$(inherited)",
					"$(PROJECT_DIR)/Talking",
					Companion/Resources,
				);
				PRODUCT_NAME = "Talking Companion";
				PROVISIONING_PROFILE = "";
				SWIFT_OBJC_BRIDGING_HEADER = "Talking Companion/Talking_Companion-Bridging-Header.h";
				TARGETED_DEVICE_FAMILY = "1,2";
			};
			name = Release;
		};
		BDB5899B195888670090E178 /* Debug */ = {
			isa = XCBuildConfiguration;
			buildSettings = {
				BUNDLE_LOADER = "$(BUILT_PRODUCTS_DIR)/Talking Companion.app/Talking Companion";
				FRAMEWORK_SEARCH_PATHS = (
					"$(SDKROOT)/Developer/Library/Frameworks",
					"$(inherited)",
				);
				GCC_PREPROCESSOR_DEFINITIONS = (
					"DEBUG=1",
					"$(inherited)",
				);
				INFOPLIST_FILE = "Talking CompanionTests/Info.plist";
				LD_RUNPATH_SEARCH_PATHS = "$(inherited) @executable_path/Frameworks @loader_path/Frameworks";
				METAL_ENABLE_DEBUG_INFO = YES;
				PRODUCT_NAME = "Talking CompanionTests";
				SWIFT_OBJC_BRIDGING_HEADER = "Talking Companion/Talking_Companion-Bridging-Header.h";
				TEST_HOST = "$(BUNDLE_LOADER)";
			};
			name = Debug;
		};
		BDB5899C195888670090E178 /* Release */ = {
			isa = XCBuildConfiguration;
			buildSettings = {
				BUNDLE_LOADER = "$(BUILT_PRODUCTS_DIR)/Talking Companion.app/Talking Companion";
				FRAMEWORK_SEARCH_PATHS = (
					"$(SDKROOT)/Developer/Library/Frameworks",
					"$(inherited)",
				);
				INFOPLIST_FILE = "Talking CompanionTests/Info.plist";
				LD_RUNPATH_SEARCH_PATHS = "$(inherited) @executable_path/Frameworks @loader_path/Frameworks";
				METAL_ENABLE_DEBUG_INFO = NO;
				PRODUCT_NAME = "Talking CompanionTests";
				SWIFT_OBJC_BRIDGING_HEADER = "Talking Companion/Talking_Companion-Bridging-Header.h";
				TEST_HOST = "$(BUNDLE_LOADER)";
			};
			name = Release;
		};
/* End XCBuildConfiguration section */

/* Begin XCConfigurationList section */
		BDB58976195888670090E178 /* Build configuration list for PBXProject "Talking Companion" */ = {
			isa = XCConfigurationList;
			buildConfigurations = (
				BDB58995195888670090E178 /* Debug */,
				BDB58996195888670090E178 /* Release */,
			);
			defaultConfigurationIsVisible = 0;
			defaultConfigurationName = Release;
		};
		BDB58997195888670090E178 /* Build configuration list for PBXNativeTarget "Talking Companion" */ = {
			isa = XCConfigurationList;
			buildConfigurations = (
				BDB58998195888670090E178 /* Debug */,
				BDB58999195888670090E178 /* Release */,
			);
			defaultConfigurationIsVisible = 0;
			defaultConfigurationName = Release;
		};
		BDB5899A195888670090E178 /* Build configuration list for PBXNativeTarget "Talking CompanionTests" */ = {
			isa = XCConfigurationList;
			buildConfigurations = (
				BDB5899B195888670090E178 /* Debug */,
				BDB5899C195888670090E178 /* Release */,
			);
			defaultConfigurationIsVisible = 0;
			defaultConfigurationName = Release;
		};
/* End XCConfigurationList section */
	};
	rootObject = BDB58973195888670090E178 /* Project object */;
}
