// !$*UTF8*$!
{
	archiveVersion = 1;
	classes = {
	};
	objectVersion = 46;
	objects = {

/* Begin PBXBuildFile section */
		BD0C9F071967332A003A88AC /* OSMNodeTests.swift in Sources */ = {isa = PBXBuildFile; fileRef = BD0C9F061967332A003A88AC /* OSMNodeTests.swift */; };
		BD0C9F471967388A003A88AC /* AFHTTPRequestOperation.m in Sources */ = {isa = PBXBuildFile; fileRef = BD0C9F131967388A003A88AC /* AFHTTPRequestOperation.m */; };
		BD0C9F481967388A003A88AC /* AFHTTPRequestOperation.m in Sources */ = {isa = PBXBuildFile; fileRef = BD0C9F131967388A003A88AC /* AFHTTPRequestOperation.m */; };
		BD0C9F491967388A003A88AC /* AFHTTPRequestOperationManager.m in Sources */ = {isa = PBXBuildFile; fileRef = BD0C9F151967388A003A88AC /* AFHTTPRequestOperationManager.m */; };
		BD0C9F4A1967388A003A88AC /* AFHTTPRequestOperationManager.m in Sources */ = {isa = PBXBuildFile; fileRef = BD0C9F151967388A003A88AC /* AFHTTPRequestOperationManager.m */; };
		BD0C9F4B1967388A003A88AC /* AFHTTPSessionManager.m in Sources */ = {isa = PBXBuildFile; fileRef = BD0C9F171967388A003A88AC /* AFHTTPSessionManager.m */; };
		BD0C9F4C1967388A003A88AC /* AFHTTPSessionManager.m in Sources */ = {isa = PBXBuildFile; fileRef = BD0C9F171967388A003A88AC /* AFHTTPSessionManager.m */; };
		BD0C9F4D1967388A003A88AC /* AFNetworkReachabilityManager.m in Sources */ = {isa = PBXBuildFile; fileRef = BD0C9F1A1967388A003A88AC /* AFNetworkReachabilityManager.m */; };
		BD0C9F4E1967388A003A88AC /* AFNetworkReachabilityManager.m in Sources */ = {isa = PBXBuildFile; fileRef = BD0C9F1A1967388A003A88AC /* AFNetworkReachabilityManager.m */; };
		BD0C9F4F1967388A003A88AC /* AFSecurityPolicy.m in Sources */ = {isa = PBXBuildFile; fileRef = BD0C9F1C1967388A003A88AC /* AFSecurityPolicy.m */; };
		BD0C9F501967388A003A88AC /* AFSecurityPolicy.m in Sources */ = {isa = PBXBuildFile; fileRef = BD0C9F1C1967388A003A88AC /* AFSecurityPolicy.m */; };
		BD0C9F511967388A003A88AC /* AFURLConnectionOperation.m in Sources */ = {isa = PBXBuildFile; fileRef = BD0C9F1E1967388A003A88AC /* AFURLConnectionOperation.m */; };
		BD0C9F521967388A003A88AC /* AFURLConnectionOperation.m in Sources */ = {isa = PBXBuildFile; fileRef = BD0C9F1E1967388A003A88AC /* AFURLConnectionOperation.m */; };
		BD0C9F531967388A003A88AC /* AFURLRequestSerialization.m in Sources */ = {isa = PBXBuildFile; fileRef = BD0C9F201967388A003A88AC /* AFURLRequestSerialization.m */; };
		BD0C9F541967388A003A88AC /* AFURLRequestSerialization.m in Sources */ = {isa = PBXBuildFile; fileRef = BD0C9F201967388A003A88AC /* AFURLRequestSerialization.m */; };
		BD0C9F551967388A003A88AC /* AFURLResponseSerialization.m in Sources */ = {isa = PBXBuildFile; fileRef = BD0C9F221967388A003A88AC /* AFURLResponseSerialization.m */; };
		BD0C9F561967388A003A88AC /* AFURLResponseSerialization.m in Sources */ = {isa = PBXBuildFile; fileRef = BD0C9F221967388A003A88AC /* AFURLResponseSerialization.m */; };
		BD0C9F571967388A003A88AC /* AFURLSessionManager.m in Sources */ = {isa = PBXBuildFile; fileRef = BD0C9F241967388A003A88AC /* AFURLSessionManager.m */; };
		BD0C9F581967388A003A88AC /* AFURLSessionManager.m in Sources */ = {isa = PBXBuildFile; fileRef = BD0C9F241967388A003A88AC /* AFURLSessionManager.m */; };
		BD0C9F591967388A003A88AC /* FMDatabase.m in Sources */ = {isa = PBXBuildFile; fileRef = BD0C9F271967388A003A88AC /* FMDatabase.m */; };
		BD0C9F5A1967388A003A88AC /* FMDatabase.m in Sources */ = {isa = PBXBuildFile; fileRef = BD0C9F271967388A003A88AC /* FMDatabase.m */; };
		BD0C9F5B1967388A003A88AC /* FMDatabaseAdditions.m in Sources */ = {isa = PBXBuildFile; fileRef = BD0C9F291967388A003A88AC /* FMDatabaseAdditions.m */; };
		BD0C9F5C1967388A003A88AC /* FMDatabaseAdditions.m in Sources */ = {isa = PBXBuildFile; fileRef = BD0C9F291967388A003A88AC /* FMDatabaseAdditions.m */; };
		BD0C9F5D1967388A003A88AC /* FMDatabasePool.m in Sources */ = {isa = PBXBuildFile; fileRef = BD0C9F2B1967388A003A88AC /* FMDatabasePool.m */; };
		BD0C9F5E1967388A003A88AC /* FMDatabasePool.m in Sources */ = {isa = PBXBuildFile; fileRef = BD0C9F2B1967388A003A88AC /* FMDatabasePool.m */; };
		BD0C9F5F1967388A003A88AC /* FMDatabaseQueue.m in Sources */ = {isa = PBXBuildFile; fileRef = BD0C9F2D1967388A003A88AC /* FMDatabaseQueue.m */; };
		BD0C9F601967388A003A88AC /* FMDatabaseQueue.m in Sources */ = {isa = PBXBuildFile; fileRef = BD0C9F2D1967388A003A88AC /* FMDatabaseQueue.m */; };
		BD0C9F611967388A003A88AC /* FMResultSet.m in Sources */ = {isa = PBXBuildFile; fileRef = BD0C9F301967388A003A88AC /* FMResultSet.m */; };
		BD0C9F621967388A003A88AC /* FMResultSet.m in Sources */ = {isa = PBXBuildFile; fileRef = BD0C9F301967388A003A88AC /* FMResultSet.m */; };
		BD0C9F651967388A003A88AC /* SMXMLDocument.m in Sources */ = {isa = PBXBuildFile; fileRef = BD0C9F341967388A003A88AC /* SMXMLDocument.m */; };
		BD0C9F661967388A003A88AC /* SMXMLDocument.m in Sources */ = {isa = PBXBuildFile; fileRef = BD0C9F341967388A003A88AC /* SMXMLDocument.m */; };
		BD0C9F671967388A003A88AC /* AFNetworkActivityIndicatorManager.m in Sources */ = {isa = PBXBuildFile; fileRef = BD0C9F371967388A003A88AC /* AFNetworkActivityIndicatorManager.m */; };
		BD0C9F681967388A003A88AC /* AFNetworkActivityIndicatorManager.m in Sources */ = {isa = PBXBuildFile; fileRef = BD0C9F371967388A003A88AC /* AFNetworkActivityIndicatorManager.m */; };
		BD0C9F691967388A003A88AC /* UIActivityIndicatorView+AFNetworking.m in Sources */ = {isa = PBXBuildFile; fileRef = BD0C9F391967388A003A88AC /* UIActivityIndicatorView+AFNetworking.m */; };
		BD0C9F6A1967388A003A88AC /* UIActivityIndicatorView+AFNetworking.m in Sources */ = {isa = PBXBuildFile; fileRef = BD0C9F391967388A003A88AC /* UIActivityIndicatorView+AFNetworking.m */; };
		BD0C9F6B1967388A003A88AC /* UIAlertView+AFNetworking.m in Sources */ = {isa = PBXBuildFile; fileRef = BD0C9F3B1967388A003A88AC /* UIAlertView+AFNetworking.m */; };
		BD0C9F6C1967388A003A88AC /* UIAlertView+AFNetworking.m in Sources */ = {isa = PBXBuildFile; fileRef = BD0C9F3B1967388A003A88AC /* UIAlertView+AFNetworking.m */; };
		BD0C9F6D1967388A003A88AC /* UIButton+AFNetworking.m in Sources */ = {isa = PBXBuildFile; fileRef = BD0C9F3D1967388A003A88AC /* UIButton+AFNetworking.m */; };
		BD0C9F6E1967388A003A88AC /* UIButton+AFNetworking.m in Sources */ = {isa = PBXBuildFile; fileRef = BD0C9F3D1967388A003A88AC /* UIButton+AFNetworking.m */; };
		BD0C9F6F1967388A003A88AC /* UIImageView+AFNetworking.m in Sources */ = {isa = PBXBuildFile; fileRef = BD0C9F3F1967388A003A88AC /* UIImageView+AFNetworking.m */; };
		BD0C9F701967388A003A88AC /* UIImageView+AFNetworking.m in Sources */ = {isa = PBXBuildFile; fileRef = BD0C9F3F1967388A003A88AC /* UIImageView+AFNetworking.m */; };
		BD0C9F711967388A003A88AC /* UIProgressView+AFNetworking.m in Sources */ = {isa = PBXBuildFile; fileRef = BD0C9F421967388A003A88AC /* UIProgressView+AFNetworking.m */; };
		BD0C9F721967388A003A88AC /* UIProgressView+AFNetworking.m in Sources */ = {isa = PBXBuildFile; fileRef = BD0C9F421967388A003A88AC /* UIProgressView+AFNetworking.m */; };
		BD0C9F731967388A003A88AC /* UIRefreshControl+AFNetworking.m in Sources */ = {isa = PBXBuildFile; fileRef = BD0C9F441967388A003A88AC /* UIRefreshControl+AFNetworking.m */; };
		BD0C9F741967388A003A88AC /* UIRefreshControl+AFNetworking.m in Sources */ = {isa = PBXBuildFile; fileRef = BD0C9F441967388A003A88AC /* UIRefreshControl+AFNetworking.m */; };
		BD0C9F751967388A003A88AC /* UIWebView+AFNetworking.m in Sources */ = {isa = PBXBuildFile; fileRef = BD0C9F461967388A003A88AC /* UIWebView+AFNetworking.m */; };
		BD0C9F761967388A003A88AC /* UIWebView+AFNetworking.m in Sources */ = {isa = PBXBuildFile; fileRef = BD0C9F461967388A003A88AC /* UIWebView+AFNetworking.m */; };
		BD0C9F7B196738C0003A88AC /* libsqlite3.dylib in Frameworks */ = {isa = PBXBuildFile; fileRef = BD2EB9BB1966F0E600C8DEDD /* libsqlite3.dylib */; };
		BD0C9F7D1967505B003A88AC /* OSMTileTests.swift in Sources */ = {isa = PBXBuildFile; fileRef = BD0C9F7C1967505B003A88AC /* OSMTileTests.swift */; };
		BD0C9F7F196750D5003A88AC /* OSMElementsParserTests.swift in Sources */ = {isa = PBXBuildFile; fileRef = BD0C9F7E196750D5003A88AC /* OSMElementsParserTests.swift */; };
		BD0C9F8119675336003A88AC /* OSMWayTests.swift in Sources */ = {isa = PBXBuildFile; fileRef = BD0C9F8019675336003A88AC /* OSMWayTests.swift */; };
		BD293FF11976D26000E91B2F /* empty.osm in Resources */ = {isa = PBXBuildFile; fileRef = BD293FEF1976D26000E91B2F /* empty.osm */; };
		BD293FF21976D26000E91B2F /* map.osm in Resources */ = {isa = PBXBuildFile; fileRef = BD293FF01976D26000E91B2F /* map.osm */; };
		BD2E7C80195AEAFB00D57518 /* CoreLocation.framework in Frameworks */ = {isa = PBXBuildFile; fileRef = BD2E7C7F195AEAFB00D57518 /* CoreLocation.framework */; };
		BD2EB9BC1966F0E600C8DEDD /* libsqlite3.dylib in Frameworks */ = {isa = PBXBuildFile; fileRef = BD2EB9BB1966F0E600C8DEDD /* libsqlite3.dylib */; };
		BD34A43A1990BA9F0058C22A /* Calculations.swift in Sources */ = {isa = PBXBuildFile; fileRef = BD34A42D1990BA9F0058C22A /* Calculations.swift */; };
		BD34A43B1990BA9F0058C22A /* OSMBoundingBox.swift in Sources */ = {isa = PBXBuildFile; fileRef = BD34A42E1990BA9F0058C22A /* OSMBoundingBox.swift */; };
		BD34A43C1990BA9F0058C22A /* OSMElementsParser.swift in Sources */ = {isa = PBXBuildFile; fileRef = BD34A42F1990BA9F0058C22A /* OSMElementsParser.swift */; };
		BD34A43D1990BA9F0058C22A /* OSMNode.swift in Sources */ = {isa = PBXBuildFile; fileRef = BD34A4301990BA9F0058C22A /* OSMNode.swift */; };
		BD34A43E1990BA9F0058C22A /* OSMTile.swift in Sources */ = {isa = PBXBuildFile; fileRef = BD34A4311990BA9F0058C22A /* OSMTile.swift */; };
		BD34A43F1990BA9F0058C22A /* OSMTilesDownloader.swift in Sources */ = {isa = PBXBuildFile; fileRef = BD34A4321990BA9F0058C22A /* OSMTilesDownloader.swift */; };
		BD34A4401990BA9F0058C22A /* OSMWay.swift in Sources */ = {isa = PBXBuildFile; fileRef = BD34A4331990BA9F0058C22A /* OSMWay.swift */; };
		BD34A4411990BA9F0058C22A /* SQLAccess.swift in Sources */ = {isa = PBXBuildFile; fileRef = BD34A4341990BA9F0058C22A /* SQLAccess.swift */; };
		BD34A4421990BA9F0058C22A /* ClosestPlaceViewController.m in Sources */ = {isa = PBXBuildFile; fileRef = BD34A4371990BA9F0058C22A /* ClosestPlaceViewController.m */; };
		BD536AAB196A7E1B0017345D /* OSMBoundingBoxTests.swift in Sources */ = {isa = PBXBuildFile; fileRef = BD536AAA196A7E1B0017345D /* OSMBoundingBoxTests.swift */; };
		BD9EEF441992492C00BC8A02 /* Constants.swift in Sources */ = {isa = PBXBuildFile; fileRef = BD9EEF431992492C00BC8A02 /* Constants.swift */; };
		BD9EEF4619924A9200BC8A02 /* Settings.plist in Resources */ = {isa = PBXBuildFile; fileRef = BD9EEF4519924A9200BC8A02 /* Settings.plist */; };
		BDB58981195888670090E178 /* AppDelegate.swift in Sources */ = {isa = PBXBuildFile; fileRef = BDB58980195888670090E178 /* AppDelegate.swift */; };
		BDB58986195888670090E178 /* Main.storyboard in Resources */ = {isa = PBXBuildFile; fileRef = BDB58984195888670090E178 /* Main.storyboard */; };
		BDB58988195888670090E178 /* Images.xcassets in Resources */ = {isa = PBXBuildFile; fileRef = BDB58987195888670090E178 /* Images.xcassets */; };
		BDBFD5B21975325B0088F1CB /* CalculationsTests.swift in Sources */ = {isa = PBXBuildFile; fileRef = BDBFD5B11975325B0088F1CB /* CalculationsTests.swift */; };
		BDC820FA199243F60055ABBE /* SettingsViewController.swift in Sources */ = {isa = PBXBuildFile; fileRef = BDC820F9199243F60055ABBE /* SettingsViewController.swift */; };
		BDD89B85195B095F0020ACA7 /* AVFoundation.framework in Frameworks */ = {isa = PBXBuildFile; fileRef = BDD89B84195B095F0020ACA7 /* AVFoundation.framework */; };
		BDFB7460198FCDD700D1E113 /* settings.png in Resources */ = {isa = PBXBuildFile; fileRef = BDFB745E198FCDD700D1E113 /* settings.png */; };
		BDFB7461198FCDD700D1E113 /* settings@2x.png in Resources */ = {isa = PBXBuildFile; fileRef = BDFB745F198FCDD700D1E113 /* settings@2x.png */; };
/* End PBXBuildFile section */

/* Begin PBXContainerItemProxy section */
		BD0C9F091967357D003A88AC /* PBXContainerItemProxy */ = {
			isa = PBXContainerItemProxy;
			containerPortal = BDB58973195888670090E178 /* Project object */;
			proxyType = 1;
			remoteGlobalIDString = BDB5897A195888670090E178;
			remoteInfo = "Talking Companion";
		};
		BD0C9F0B1967357D003A88AC /* PBXContainerItemProxy */ = {
			isa = PBXContainerItemProxy;
			containerPortal = BDB58973195888670090E178 /* Project object */;
			proxyType = 1;
			remoteGlobalIDString = BDB5897A195888670090E178;
			remoteInfo = "Talking Companion";
		};
		BD0C9F771967389A003A88AC /* PBXContainerItemProxy */ = {
			isa = PBXContainerItemProxy;
			containerPortal = BDB58973195888670090E178 /* Project object */;
			proxyType = 1;
			remoteGlobalIDString = BDB5897A195888670090E178;
			remoteInfo = "Talking Companion";
		};
		BD0C9F79196738A9003A88AC /* PBXContainerItemProxy */ = {
			isa = PBXContainerItemProxy;
			containerPortal = BDB58973195888670090E178 /* Project object */;
			proxyType = 1;
			remoteGlobalIDString = BDB5897A195888670090E178;
			remoteInfo = "Talking Companion";
		};
		BD536AAC196A82780017345D /* PBXContainerItemProxy */ = {
			isa = PBXContainerItemProxy;
			containerPortal = BDB58973195888670090E178 /* Project object */;
			proxyType = 1;
			remoteGlobalIDString = BDB5897A195888670090E178;
			remoteInfo = "Talking Companion";
		};
		BDB5898E195888670090E178 /* PBXContainerItemProxy */ = {
			isa = PBXContainerItemProxy;
			containerPortal = BDB58973195888670090E178 /* Project object */;
			proxyType = 1;
			remoteGlobalIDString = BDB5897A195888670090E178;
			remoteInfo = "Talking Companion";
		};
/* End PBXContainerItemProxy section */

/* Begin PBXFileReference section */
		BD0C9F061967332A003A88AC /* OSMNodeTests.swift */ = {isa = PBXFileReference; fileEncoding = 4; lastKnownFileType = sourcecode.swift; path = OSMNodeTests.swift; sourceTree = "<group>"; };
		BD0C9F0F19673863003A88AC /* Talking_Companion-Bridging-Header.h */ = {isa = PBXFileReference; fileEncoding = 4; lastKnownFileType = sourcecode.c.h; path = "Talking_Companion-Bridging-Header.h"; sourceTree = "<group>"; };
		BD0C9F121967388A003A88AC /* AFHTTPRequestOperation.h */ = {isa = PBXFileReference; fileEncoding = 4; lastKnownFileType = sourcecode.c.h; path = AFHTTPRequestOperation.h; sourceTree = "<group>"; };
		BD0C9F131967388A003A88AC /* AFHTTPRequestOperation.m */ = {isa = PBXFileReference; fileEncoding = 4; lastKnownFileType = sourcecode.c.objc; path = AFHTTPRequestOperation.m; sourceTree = "<group>"; };
		BD0C9F141967388A003A88AC /* AFHTTPRequestOperationManager.h */ = {isa = PBXFileReference; fileEncoding = 4; lastKnownFileType = sourcecode.c.h; path = AFHTTPRequestOperationManager.h; sourceTree = "<group>"; };
		BD0C9F151967388A003A88AC /* AFHTTPRequestOperationManager.m */ = {isa = PBXFileReference; fileEncoding = 4; lastKnownFileType = sourcecode.c.objc; path = AFHTTPRequestOperationManager.m; sourceTree = "<group>"; };
		BD0C9F161967388A003A88AC /* AFHTTPSessionManager.h */ = {isa = PBXFileReference; fileEncoding = 4; lastKnownFileType = sourcecode.c.h; path = AFHTTPSessionManager.h; sourceTree = "<group>"; };
		BD0C9F171967388A003A88AC /* AFHTTPSessionManager.m */ = {isa = PBXFileReference; fileEncoding = 4; lastKnownFileType = sourcecode.c.objc; path = AFHTTPSessionManager.m; sourceTree = "<group>"; };
		BD0C9F181967388A003A88AC /* AFNetworking.h */ = {isa = PBXFileReference; fileEncoding = 4; lastKnownFileType = sourcecode.c.h; path = AFNetworking.h; sourceTree = "<group>"; };
		BD0C9F191967388A003A88AC /* AFNetworkReachabilityManager.h */ = {isa = PBXFileReference; fileEncoding = 4; lastKnownFileType = sourcecode.c.h; path = AFNetworkReachabilityManager.h; sourceTree = "<group>"; };
		BD0C9F1A1967388A003A88AC /* AFNetworkReachabilityManager.m */ = {isa = PBXFileReference; fileEncoding = 4; lastKnownFileType = sourcecode.c.objc; path = AFNetworkReachabilityManager.m; sourceTree = "<group>"; };
		BD0C9F1B1967388A003A88AC /* AFSecurityPolicy.h */ = {isa = PBXFileReference; fileEncoding = 4; lastKnownFileType = sourcecode.c.h; path = AFSecurityPolicy.h; sourceTree = "<group>"; };
		BD0C9F1C1967388A003A88AC /* AFSecurityPolicy.m */ = {isa = PBXFileReference; fileEncoding = 4; lastKnownFileType = sourcecode.c.objc; path = AFSecurityPolicy.m; sourceTree = "<group>"; };
		BD0C9F1D1967388A003A88AC /* AFURLConnectionOperation.h */ = {isa = PBXFileReference; fileEncoding = 4; lastKnownFileType = sourcecode.c.h; path = AFURLConnectionOperation.h; sourceTree = "<group>"; };
		BD0C9F1E1967388A003A88AC /* AFURLConnectionOperation.m */ = {isa = PBXFileReference; fileEncoding = 4; lastKnownFileType = sourcecode.c.objc; path = AFURLConnectionOperation.m; sourceTree = "<group>"; };
		BD0C9F1F1967388A003A88AC /* AFURLRequestSerialization.h */ = {isa = PBXFileReference; fileEncoding = 4; lastKnownFileType = sourcecode.c.h; path = AFURLRequestSerialization.h; sourceTree = "<group>"; };
		BD0C9F201967388A003A88AC /* AFURLRequestSerialization.m */ = {isa = PBXFileReference; fileEncoding = 4; lastKnownFileType = sourcecode.c.objc; path = AFURLRequestSerialization.m; sourceTree = "<group>"; };
		BD0C9F211967388A003A88AC /* AFURLResponseSerialization.h */ = {isa = PBXFileReference; fileEncoding = 4; lastKnownFileType = sourcecode.c.h; path = AFURLResponseSerialization.h; sourceTree = "<group>"; };
		BD0C9F221967388A003A88AC /* AFURLResponseSerialization.m */ = {isa = PBXFileReference; fileEncoding = 4; lastKnownFileType = sourcecode.c.objc; path = AFURLResponseSerialization.m; sourceTree = "<group>"; };
		BD0C9F231967388A003A88AC /* AFURLSessionManager.h */ = {isa = PBXFileReference; fileEncoding = 4; lastKnownFileType = sourcecode.c.h; path = AFURLSessionManager.h; sourceTree = "<group>"; };
		BD0C9F241967388A003A88AC /* AFURLSessionManager.m */ = {isa = PBXFileReference; fileEncoding = 4; lastKnownFileType = sourcecode.c.objc; path = AFURLSessionManager.m; sourceTree = "<group>"; };
		BD0C9F261967388A003A88AC /* FMDatabase.h */ = {isa = PBXFileReference; fileEncoding = 4; lastKnownFileType = sourcecode.c.h; path = FMDatabase.h; sourceTree = "<group>"; };
		BD0C9F271967388A003A88AC /* FMDatabase.m */ = {isa = PBXFileReference; fileEncoding = 4; lastKnownFileType = sourcecode.c.objc; path = FMDatabase.m; sourceTree = "<group>"; };
		BD0C9F281967388A003A88AC /* FMDatabaseAdditions.h */ = {isa = PBXFileReference; fileEncoding = 4; lastKnownFileType = sourcecode.c.h; path = FMDatabaseAdditions.h; sourceTree = "<group>"; };
		BD0C9F291967388A003A88AC /* FMDatabaseAdditions.m */ = {isa = PBXFileReference; fileEncoding = 4; lastKnownFileType = sourcecode.c.objc; path = FMDatabaseAdditions.m; sourceTree = "<group>"; };
		BD0C9F2A1967388A003A88AC /* FMDatabasePool.h */ = {isa = PBXFileReference; fileEncoding = 4; lastKnownFileType = sourcecode.c.h; path = FMDatabasePool.h; sourceTree = "<group>"; };
		BD0C9F2B1967388A003A88AC /* FMDatabasePool.m */ = {isa = PBXFileReference; fileEncoding = 4; lastKnownFileType = sourcecode.c.objc; path = FMDatabasePool.m; sourceTree = "<group>"; };
		BD0C9F2C1967388A003A88AC /* FMDatabaseQueue.h */ = {isa = PBXFileReference; fileEncoding = 4; lastKnownFileType = sourcecode.c.h; path = FMDatabaseQueue.h; sourceTree = "<group>"; };
		BD0C9F2D1967388A003A88AC /* FMDatabaseQueue.m */ = {isa = PBXFileReference; fileEncoding = 4; lastKnownFileType = sourcecode.c.objc; path = FMDatabaseQueue.m; sourceTree = "<group>"; };
		BD0C9F2E1967388A003A88AC /* FMDB.h */ = {isa = PBXFileReference; fileEncoding = 4; lastKnownFileType = sourcecode.c.h; path = FMDB.h; sourceTree = "<group>"; };
		BD0C9F2F1967388A003A88AC /* FMResultSet.h */ = {isa = PBXFileReference; fileEncoding = 4; lastKnownFileType = sourcecode.c.h; path = FMResultSet.h; sourceTree = "<group>"; };
		BD0C9F301967388A003A88AC /* FMResultSet.m */ = {isa = PBXFileReference; fileEncoding = 4; lastKnownFileType = sourcecode.c.objc; path = FMResultSet.m; sourceTree = "<group>"; };
		BD0C9F331967388A003A88AC /* SMXMLDocument.h */ = {isa = PBXFileReference; fileEncoding = 4; lastKnownFileType = sourcecode.c.h; path = SMXMLDocument.h; sourceTree = "<group>"; };
		BD0C9F341967388A003A88AC /* SMXMLDocument.m */ = {isa = PBXFileReference; fileEncoding = 4; lastKnownFileType = sourcecode.c.objc; path = SMXMLDocument.m; sourceTree = "<group>"; };
		BD0C9F361967388A003A88AC /* AFNetworkActivityIndicatorManager.h */ = {isa = PBXFileReference; fileEncoding = 4; lastKnownFileType = sourcecode.c.h; path = AFNetworkActivityIndicatorManager.h; sourceTree = "<group>"; };
		BD0C9F371967388A003A88AC /* AFNetworkActivityIndicatorManager.m */ = {isa = PBXFileReference; fileEncoding = 4; lastKnownFileType = sourcecode.c.objc; path = AFNetworkActivityIndicatorManager.m; sourceTree = "<group>"; };
		BD0C9F381967388A003A88AC /* UIActivityIndicatorView+AFNetworking.h */ = {isa = PBXFileReference; fileEncoding = 4; lastKnownFileType = sourcecode.c.h; path = "UIActivityIndicatorView+AFNetworking.h"; sourceTree = "<group>"; };
		BD0C9F391967388A003A88AC /* UIActivityIndicatorView+AFNetworking.m */ = {isa = PBXFileReference; fileEncoding = 4; lastKnownFileType = sourcecode.c.objc; path = "UIActivityIndicatorView+AFNetworking.m"; sourceTree = "<group>"; };
		BD0C9F3A1967388A003A88AC /* UIAlertView+AFNetworking.h */ = {isa = PBXFileReference; fileEncoding = 4; lastKnownFileType = sourcecode.c.h; path = "UIAlertView+AFNetworking.h"; sourceTree = "<group>"; };
		BD0C9F3B1967388A003A88AC /* UIAlertView+AFNetworking.m */ = {isa = PBXFileReference; fileEncoding = 4; lastKnownFileType = sourcecode.c.objc; path = "UIAlertView+AFNetworking.m"; sourceTree = "<group>"; };
		BD0C9F3C1967388A003A88AC /* UIButton+AFNetworking.h */ = {isa = PBXFileReference; fileEncoding = 4; lastKnownFileType = sourcecode.c.h; path = "UIButton+AFNetworking.h"; sourceTree = "<group>"; };
		BD0C9F3D1967388A003A88AC /* UIButton+AFNetworking.m */ = {isa = PBXFileReference; fileEncoding = 4; lastKnownFileType = sourcecode.c.objc; path = "UIButton+AFNetworking.m"; sourceTree = "<group>"; };
		BD0C9F3E1967388A003A88AC /* UIImageView+AFNetworking.h */ = {isa = PBXFileReference; fileEncoding = 4; lastKnownFileType = sourcecode.c.h; path = "UIImageView+AFNetworking.h"; sourceTree = "<group>"; };
		BD0C9F3F1967388A003A88AC /* UIImageView+AFNetworking.m */ = {isa = PBXFileReference; fileEncoding = 4; lastKnownFileType = sourcecode.c.objc; path = "UIImageView+AFNetworking.m"; sourceTree = "<group>"; };
		BD0C9F401967388A003A88AC /* UIKit+AFNetworking.h */ = {isa = PBXFileReference; fileEncoding = 4; lastKnownFileType = sourcecode.c.h; path = "UIKit+AFNetworking.h"; sourceTree = "<group>"; };
		BD0C9F411967388A003A88AC /* UIProgressView+AFNetworking.h */ = {isa = PBXFileReference; fileEncoding = 4; lastKnownFileType = sourcecode.c.h; path = "UIProgressView+AFNetworking.h"; sourceTree = "<group>"; };
		BD0C9F421967388A003A88AC /* UIProgressView+AFNetworking.m */ = {isa = PBXFileReference; fileEncoding = 4; lastKnownFileType = sourcecode.c.objc; path = "UIProgressView+AFNetworking.m"; sourceTree = "<group>"; };
		BD0C9F431967388A003A88AC /* UIRefreshControl+AFNetworking.h */ = {isa = PBXFileReference; fileEncoding = 4; lastKnownFileType = sourcecode.c.h; path = "UIRefreshControl+AFNetworking.h"; sourceTree = "<group>"; };
		BD0C9F441967388A003A88AC /* UIRefreshControl+AFNetworking.m */ = {isa = PBXFileReference; fileEncoding = 4; lastKnownFileType = sourcecode.c.objc; path = "UIRefreshControl+AFNetworking.m"; sourceTree = "<group>"; };
		BD0C9F451967388A003A88AC /* UIWebView+AFNetworking.h */ = {isa = PBXFileReference; fileEncoding = 4; lastKnownFileType = sourcecode.c.h; path = "UIWebView+AFNetworking.h"; sourceTree = "<group>"; };
		BD0C9F461967388A003A88AC /* UIWebView+AFNetworking.m */ = {isa = PBXFileReference; fileEncoding = 4; lastKnownFileType = sourcecode.c.objc; path = "UIWebView+AFNetworking.m"; sourceTree = "<group>"; };
		BD0C9F7C1967505B003A88AC /* OSMTileTests.swift */ = {isa = PBXFileReference; fileEncoding = 4; lastKnownFileType = sourcecode.swift; path = OSMTileTests.swift; sourceTree = "<group>"; };
		BD0C9F7E196750D5003A88AC /* OSMElementsParserTests.swift */ = {isa = PBXFileReference; fileEncoding = 4; lastKnownFileType = sourcecode.swift; path = OSMElementsParserTests.swift; sourceTree = "<group>"; };
		BD0C9F8019675336003A88AC /* OSMWayTests.swift */ = {isa = PBXFileReference; fileEncoding = 4; lastKnownFileType = sourcecode.swift; path = OSMWayTests.swift; sourceTree = "<group>"; };
		BD293FEF1976D26000E91B2F /* empty.osm */ = {isa = PBXFileReference; fileEncoding = 4; lastKnownFileType = text.xml; name = empty.osm; path = "Talking Companion/Resources/empty.osm"; sourceTree = SOURCE_ROOT; };
		BD293FF01976D26000E91B2F /* map.osm */ = {isa = PBXFileReference; fileEncoding = 4; lastKnownFileType = text.xml; name = map.osm; path = "Talking Companion/Resources/map.osm"; sourceTree = SOURCE_ROOT; };
		BD2E7C7F195AEAFB00D57518 /* CoreLocation.framework */ = {isa = PBXFileReference; lastKnownFileType = wrapper.framework; name = CoreLocation.framework; path = System/Library/Frameworks/CoreLocation.framework; sourceTree = SDKROOT; };
		BD2EB9BB1966F0E600C8DEDD /* libsqlite3.dylib */ = {isa = PBXFileReference; lastKnownFileType = "compiled.mach-o.dylib"; name = libsqlite3.dylib; path = usr/lib/libsqlite3.dylib; sourceTree = SDKROOT; };
		BD34A42D1990BA9F0058C22A /* Calculations.swift */ = {isa = PBXFileReference; fileEncoding = 4; lastKnownFileType = sourcecode.swift; path = Calculations.swift; sourceTree = "<group>"; };
		BD34A42E1990BA9F0058C22A /* OSMBoundingBox.swift */ = {isa = PBXFileReference; fileEncoding = 4; lastKnownFileType = sourcecode.swift; path = OSMBoundingBox.swift; sourceTree = "<group>"; };
		BD34A42F1990BA9F0058C22A /* OSMElementsParser.swift */ = {isa = PBXFileReference; fileEncoding = 4; lastKnownFileType = sourcecode.swift; path = OSMElementsParser.swift; sourceTree = "<group>"; };
		BD34A4301990BA9F0058C22A /* OSMNode.swift */ = {isa = PBXFileReference; fileEncoding = 4; lastKnownFileType = sourcecode.swift; path = OSMNode.swift; sourceTree = "<group>"; };
		BD34A4311990BA9F0058C22A /* OSMTile.swift */ = {isa = PBXFileReference; fileEncoding = 4; lastKnownFileType = sourcecode.swift; path = OSMTile.swift; sourceTree = "<group>"; };
		BD34A4321990BA9F0058C22A /* OSMTilesDownloader.swift */ = {isa = PBXFileReference; fileEncoding = 4; lastKnownFileType = sourcecode.swift; path = OSMTilesDownloader.swift; sourceTree = "<group>"; };
		BD34A4331990BA9F0058C22A /* OSMWay.swift */ = {isa = PBXFileReference; fileEncoding = 4; lastKnownFileType = sourcecode.swift; path = OSMWay.swift; sourceTree = "<group>"; };
		BD34A4341990BA9F0058C22A /* SQLAccess.swift */ = {isa = PBXFileReference; fileEncoding = 4; lastKnownFileType = sourcecode.swift; path = SQLAccess.swift; sourceTree = "<group>"; };
		BD34A4361990BA9F0058C22A /* ClosestPlaceViewController.h */ = {isa = PBXFileReference; fileEncoding = 4; lastKnownFileType = sourcecode.c.h; path = ClosestPlaceViewController.h; sourceTree = "<group>"; };
		BD34A4371990BA9F0058C22A /* ClosestPlaceViewController.m */ = {isa = PBXFileReference; fileEncoding = 4; lastKnownFileType = sourcecode.c.objc; path = ClosestPlaceViewController.m; sourceTree = "<group>"; };
		BD536AAA196A7E1B0017345D /* OSMBoundingBoxTests.swift */ = {isa = PBXFileReference; fileEncoding = 4; lastKnownFileType = sourcecode.swift; path = OSMBoundingBoxTests.swift; sourceTree = "<group>"; };
		BD9EEF431992492C00BC8A02 /* Constants.swift */ = {isa = PBXFileReference; fileEncoding = 4; lastKnownFileType = sourcecode.swift; path = Constants.swift; sourceTree = "<group>"; };
		BD9EEF4519924A9200BC8A02 /* Settings.plist */ = {isa = PBXFileReference; fileEncoding = 4; lastKnownFileType = text.plist.xml; name = Settings.plist; path = "View Controllers/Settings.plist"; sourceTree = "<group>"; };
		BDB5897B195888670090E178 /* Talking Companion.app */ = {isa = PBXFileReference; explicitFileType = wrapper.application; includeInIndex = 0; path = "Talking Companion.app"; sourceTree = BUILT_PRODUCTS_DIR; };
		BDB5897F195888670090E178 /* Info.plist */ = {isa = PBXFileReference; lastKnownFileType = text.plist.xml; path = Info.plist; sourceTree = "<group>"; };
		BDB58980195888670090E178 /* AppDelegate.swift */ = {isa = PBXFileReference; lastKnownFileType = sourcecode.swift; path = AppDelegate.swift; sourceTree = "<group>"; };
		BDB58985195888670090E178 /* Base */ = {isa = PBXFileReference; lastKnownFileType = file.storyboard; name = Base; path = Base.lproj/Main.storyboard; sourceTree = "<group>"; };
		BDB58987195888670090E178 /* Images.xcassets */ = {isa = PBXFileReference; lastKnownFileType = folder.assetcatalog; path = Images.xcassets; sourceTree = "<group>"; };
		BDB5898D195888670090E178 /* Talking CompanionTests.xctest */ = {isa = PBXFileReference; explicitFileType = wrapper.cfbundle; includeInIndex = 0; path = "Talking CompanionTests.xctest"; sourceTree = BUILT_PRODUCTS_DIR; };
		BDB58992195888670090E178 /* Info.plist */ = {isa = PBXFileReference; lastKnownFileType = text.plist.xml; path = Info.plist; sourceTree = "<group>"; };
		BDBFD5B11975325B0088F1CB /* CalculationsTests.swift */ = {isa = PBXFileReference; fileEncoding = 4; lastKnownFileType = sourcecode.swift; path = CalculationsTests.swift; sourceTree = "<group>"; };
		BDC820F9199243F60055ABBE /* SettingsViewController.swift */ = {isa = PBXFileReference; fileEncoding = 4; lastKnownFileType = sourcecode.swift; path = SettingsViewController.swift; sourceTree = "<group>"; };
		BDD89B84195B095F0020ACA7 /* AVFoundation.framework */ = {isa = PBXFileReference; lastKnownFileType = wrapper.framework; name = AVFoundation.framework; path = System/Library/Frameworks/AVFoundation.framework; sourceTree = SDKROOT; };
		BDFB745E198FCDD700D1E113 /* settings.png */ = {isa = PBXFileReference; lastKnownFileType = image.png; path = settings.png; sourceTree = "<group>"; };
		BDFB745F198FCDD700D1E113 /* settings@2x.png */ = {isa = PBXFileReference; lastKnownFileType = image.png; path = "settings@2x.png"; sourceTree = "<group>"; };
/* End PBXFileReference section */

/* Begin PBXFrameworksBuildPhase section */
		BDB58978195888670090E178 /* Frameworks */ = {
			isa = PBXFrameworksBuildPhase;
			buildActionMask = 2147483647;
			files = (
				BD2EB9BC1966F0E600C8DEDD /* libsqlite3.dylib in Frameworks */,
				BDD89B85195B095F0020ACA7 /* AVFoundation.framework in Frameworks */,
				BD2E7C80195AEAFB00D57518 /* CoreLocation.framework in Frameworks */,
			);
			runOnlyForDeploymentPostprocessing = 0;
		};
		BDB5898A195888670090E178 /* Frameworks */ = {
			isa = PBXFrameworksBuildPhase;
			buildActionMask = 2147483647;
			files = (
				BD0C9F7B196738C0003A88AC /* libsqlite3.dylib in Frameworks */,
			);
			runOnlyForDeploymentPostprocessing = 0;
		};
/* End PBXFrameworksBuildPhase section */

/* Begin PBXGroup section */
		BD0C9F101967388A003A88AC /* Resources */ = {
			isa = PBXGroup;
			children = (
				BDFB745D198FCDD700D1E113 /* Images */,
				BD0C9F111967388A003A88AC /* AFNetworking */,
				BD0C9F251967388A003A88AC /* fmdb */,
				BD0C9F321967388A003A88AC /* SMXMLDocument */,
				BD0C9F351967388A003A88AC /* UIKit+AFNetworking */,
			);
			path = Resources;
			sourceTree = "<group>";
		};
		BD0C9F111967388A003A88AC /* AFNetworking */ = {
			isa = PBXGroup;
			children = (
				BD0C9F121967388A003A88AC /* AFHTTPRequestOperation.h */,
				BD0C9F131967388A003A88AC /* AFHTTPRequestOperation.m */,
				BD0C9F141967388A003A88AC /* AFHTTPRequestOperationManager.h */,
				BD0C9F151967388A003A88AC /* AFHTTPRequestOperationManager.m */,
				BD0C9F161967388A003A88AC /* AFHTTPSessionManager.h */,
				BD0C9F171967388A003A88AC /* AFHTTPSessionManager.m */,
				BD0C9F181967388A003A88AC /* AFNetworking.h */,
				BD0C9F191967388A003A88AC /* AFNetworkReachabilityManager.h */,
				BD0C9F1A1967388A003A88AC /* AFNetworkReachabilityManager.m */,
				BD0C9F1B1967388A003A88AC /* AFSecurityPolicy.h */,
				BD0C9F1C1967388A003A88AC /* AFSecurityPolicy.m */,
				BD0C9F1D1967388A003A88AC /* AFURLConnectionOperation.h */,
				BD0C9F1E1967388A003A88AC /* AFURLConnectionOperation.m */,
				BD0C9F1F1967388A003A88AC /* AFURLRequestSerialization.h */,
				BD0C9F201967388A003A88AC /* AFURLRequestSerialization.m */,
				BD0C9F211967388A003A88AC /* AFURLResponseSerialization.h */,
				BD0C9F221967388A003A88AC /* AFURLResponseSerialization.m */,
				BD0C9F231967388A003A88AC /* AFURLSessionManager.h */,
				BD0C9F241967388A003A88AC /* AFURLSessionManager.m */,
			);
			path = AFNetworking;
			sourceTree = "<group>";
		};
		BD0C9F251967388A003A88AC /* fmdb */ = {
			isa = PBXGroup;
			children = (
				BD0C9F261967388A003A88AC /* FMDatabase.h */,
				BD0C9F271967388A003A88AC /* FMDatabase.m */,
				BD0C9F281967388A003A88AC /* FMDatabaseAdditions.h */,
				BD0C9F291967388A003A88AC /* FMDatabaseAdditions.m */,
				BD0C9F2A1967388A003A88AC /* FMDatabasePool.h */,
				BD0C9F2B1967388A003A88AC /* FMDatabasePool.m */,
				BD0C9F2C1967388A003A88AC /* FMDatabaseQueue.h */,
				BD0C9F2D1967388A003A88AC /* FMDatabaseQueue.m */,
				BD0C9F2E1967388A003A88AC /* FMDB.h */,
				BD0C9F2F1967388A003A88AC /* FMResultSet.h */,
				BD0C9F301967388A003A88AC /* FMResultSet.m */,
			);
			path = fmdb;
			sourceTree = "<group>";
		};
		BD0C9F321967388A003A88AC /* SMXMLDocument */ = {
			isa = PBXGroup;
			children = (
				BD0C9F331967388A003A88AC /* SMXMLDocument.h */,
				BD0C9F341967388A003A88AC /* SMXMLDocument.m */,
			);
			path = SMXMLDocument;
			sourceTree = "<group>";
		};
		BD0C9F351967388A003A88AC /* UIKit+AFNetworking */ = {
			isa = PBXGroup;
			children = (
				BD0C9F361967388A003A88AC /* AFNetworkActivityIndicatorManager.h */,
				BD0C9F371967388A003A88AC /* AFNetworkActivityIndicatorManager.m */,
				BD0C9F381967388A003A88AC /* UIActivityIndicatorView+AFNetworking.h */,
				BD0C9F391967388A003A88AC /* UIActivityIndicatorView+AFNetworking.m */,
				BD0C9F3A1967388A003A88AC /* UIAlertView+AFNetworking.h */,
				BD0C9F3B1967388A003A88AC /* UIAlertView+AFNetworking.m */,
				BD0C9F3C1967388A003A88AC /* UIButton+AFNetworking.h */,
				BD0C9F3D1967388A003A88AC /* UIButton+AFNetworking.m */,
				BD0C9F3E1967388A003A88AC /* UIImageView+AFNetworking.h */,
				BD0C9F3F1967388A003A88AC /* UIImageView+AFNetworking.m */,
				BD0C9F401967388A003A88AC /* UIKit+AFNetworking.h */,
				BD0C9F411967388A003A88AC /* UIProgressView+AFNetworking.h */,
				BD0C9F421967388A003A88AC /* UIProgressView+AFNetworking.m */,
				BD0C9F431967388A003A88AC /* UIRefreshControl+AFNetworking.h */,
				BD0C9F441967388A003A88AC /* UIRefreshControl+AFNetworking.m */,
				BD0C9F451967388A003A88AC /* UIWebView+AFNetworking.h */,
				BD0C9F461967388A003A88AC /* UIWebView+AFNetworking.m */,
			);
			path = "UIKit+AFNetworking";
			sourceTree = "<group>";
		};
		BD34A42C1990BA9F0058C22A /* Custom classes */ = {
			isa = PBXGroup;
			children = (
				BD9EEF431992492C00BC8A02 /* Constants.swift */,
				BD34A42D1990BA9F0058C22A /* Calculations.swift */,
				BD34A42E1990BA9F0058C22A /* OSMBoundingBox.swift */,
				BD34A42F1990BA9F0058C22A /* OSMElementsParser.swift */,
				BD34A4301990BA9F0058C22A /* OSMNode.swift */,
				BD34A4311990BA9F0058C22A /* OSMTile.swift */,
				BD34A4321990BA9F0058C22A /* OSMTilesDownloader.swift */,
				BD34A4331990BA9F0058C22A /* OSMWay.swift */,
				BD34A4341990BA9F0058C22A /* SQLAccess.swift */,
			);
			path = "Custom classes";
			sourceTree = "<group>";
		};
		BD4FBD1A1963179200D8F725 /* View Controllers */ = {
			isa = PBXGroup;
			children = (
				BDB58984195888670090E178 /* Main.storyboard */,
				BD34A4361990BA9F0058C22A /* ClosestPlaceViewController.h */,
				BD34A4371990BA9F0058C22A /* ClosestPlaceViewController.m */,
				BDC820F9199243F60055ABBE /* SettingsViewController.swift */,
			);
			path = "View Controllers";
			sourceTree = "<group>";
		};
		BDB58972195888670090E178 = {
			isa = PBXGroup;
			children = (
				BDB5897D195888670090E178 /* Talking Companion */,
				BDB58990195888670090E178 /* Talking CompanionTests */,
				BDFFA009195C367700288E6D /* Frameworks */,
				BDB5897C195888670090E178 /* Products */,
			);
			sourceTree = "<group>";
		};
		BDB5897C195888670090E178 /* Products */ = {
			isa = PBXGroup;
			children = (
				BDB5897B195888670090E178 /* Talking Companion.app */,
				BDB5898D195888670090E178 /* Talking CompanionTests.xctest */,
			);
			name = Products;
			sourceTree = "<group>";
		};
		BDB5897D195888670090E178 /* Talking Companion */ = {
			isa = PBXGroup;
			children = (
				BD0C9F101967388A003A88AC /* Resources */,
				BD34A42C1990BA9F0058C22A /* Custom classes */,
				BD4FBD1A1963179200D8F725 /* View Controllers */,
				BDB58980195888670090E178 /* AppDelegate.swift */,
				BDB5897E195888670090E178 /* Supporting Files */,
			);
			path = "Talking Companion";
			sourceTree = "<group>";
		};
		BDB5897E195888670090E178 /* Supporting Files */ = {
			isa = PBXGroup;
			children = (
				BD9EEF4519924A9200BC8A02 /* Settings.plist */,
				BDB5897F195888670090E178 /* Info.plist */,
				BD0C9F0F19673863003A88AC /* Talking_Companion-Bridging-Header.h */,
				BDB58987195888670090E178 /* Images.xcassets */,
			);
			name = "Supporting Files";
			sourceTree = "<group>";
		};
		BDB58990195888670090E178 /* Talking CompanionTests */ = {
			isa = PBXGroup;
			children = (
				BD293FEF1976D26000E91B2F /* empty.osm */,
				BD293FF01976D26000E91B2F /* map.osm */,
				BD536AAA196A7E1B0017345D /* OSMBoundingBoxTests.swift */,
				BD0C9F7E196750D5003A88AC /* OSMElementsParserTests.swift */,
				BD0C9F061967332A003A88AC /* OSMNodeTests.swift */,
				BD0C9F7C1967505B003A88AC /* OSMTileTests.swift */,
				BD0C9F8019675336003A88AC /* OSMWayTests.swift */,
				BDBFD5B11975325B0088F1CB /* CalculationsTests.swift */,
				BDB58991195888670090E178 /* Supporting Files */,
			);
			path = "Talking CompanionTests";
			sourceTree = "<group>";
		};
		BDB58991195888670090E178 /* Supporting Files */ = {
			isa = PBXGroup;
			children = (
				BDB58992195888670090E178 /* Info.plist */,
			);
			name = "Supporting Files";
			sourceTree = "<group>";
		};
		BDFB745D198FCDD700D1E113 /* Images */ = {
			isa = PBXGroup;
			children = (
				BDFB745E198FCDD700D1E113 /* settings.png */,
				BDFB745F198FCDD700D1E113 /* settings@2x.png */,
			);
			path = Images;
			sourceTree = "<group>";
		};
		BDFFA009195C367700288E6D /* Frameworks */ = {
			isa = PBXGroup;
			children = (
				BD2EB9BB1966F0E600C8DEDD /* libsqlite3.dylib */,
				BDD89B84195B095F0020ACA7 /* AVFoundation.framework */,
				BD2E7C7F195AEAFB00D57518 /* CoreLocation.framework */,
			);
			name = Frameworks;
			path = "Talking CompanionTests";
			sourceTree = "<group>";
		};
/* End PBXGroup section */

/* Begin PBXNativeTarget section */
		BDB5897A195888670090E178 /* Talking Companion */ = {
			isa = PBXNativeTarget;
			buildConfigurationList = BDB58997195888670090E178 /* Build configuration list for PBXNativeTarget "Talking Companion" */;
			buildPhases = (
				BDB58977195888670090E178 /* Sources */,
				BDB58978195888670090E178 /* Frameworks */,
				BDB58979195888670090E178 /* Resources */,
			);
			buildRules = (
			);
			dependencies = (
			);
			name = "Talking Companion";
			productName = "Talking Companion";
			productReference = BDB5897B195888670090E178 /* Talking Companion.app */;
			productType = "com.apple.product-type.application";
		};
		BDB5898C195888670090E178 /* Talking CompanionTests */ = {
			isa = PBXNativeTarget;
			buildConfigurationList = BDB5899A195888670090E178 /* Build configuration list for PBXNativeTarget "Talking CompanionTests" */;
			buildPhases = (
				BDB58989195888670090E178 /* Sources */,
				BDB5898A195888670090E178 /* Frameworks */,
				BDB5898B195888670090E178 /* Resources */,
			);
			buildRules = (
			);
			dependencies = (
				BDB5898F195888670090E178 /* PBXTargetDependency */,
				BD0C9F0A1967357D003A88AC /* PBXTargetDependency */,
				BD0C9F0C1967357D003A88AC /* PBXTargetDependency */,
				BD0C9F781967389A003A88AC /* PBXTargetDependency */,
				BD0C9F7A196738A9003A88AC /* PBXTargetDependency */,
				BD536AAD196A82780017345D /* PBXTargetDependency */,
			);
			name = "Talking CompanionTests";
			productName = "Talking CompanionTests";
			productReference = BDB5898D195888670090E178 /* Talking CompanionTests.xctest */;
			productType = "com.apple.product-type.bundle.unit-test";
		};
/* End PBXNativeTarget section */

/* Begin PBXProject section */
		BDB58973195888670090E178 /* Project object */ = {
			isa = PBXProject;
			attributes = {
				LastUpgradeCheck = 0600;
				ORGANIZATIONNAME = "serejahh inc.";
				TargetAttributes = {
					BDB5897A195888670090E178 = {
						CreatedOnToolsVersion = 6.0;
						SystemCapabilities = {
							com.apple.Maps.iOS = {
								enabled = 0;
							};
						};
					};
					BDB5898C195888670090E178 = {
						CreatedOnToolsVersion = 6.0;
						TestTargetID = BDB5897A195888670090E178;
					};
				};
			};
			buildConfigurationList = BDB58976195888670090E178 /* Build configuration list for PBXProject "Talking Companion" */;
			compatibilityVersion = "Xcode 3.2";
			developmentRegion = English;
			hasScannedForEncodings = 0;
			knownRegions = (
				en,
				Base,
			);
			mainGroup = BDB58972195888670090E178;
			productRefGroup = BDB5897C195888670090E178 /* Products */;
			projectDirPath = "";
			projectRoot = "";
			targets = (
				BDB5897A195888670090E178 /* Talking Companion */,
				BDB5898C195888670090E178 /* Talking CompanionTests */,
			);
		};
/* End PBXProject section */

/* Begin PBXResourcesBuildPhase section */
		BDB58979195888670090E178 /* Resources */ = {
			isa = PBXResourcesBuildPhase;
			buildActionMask = 2147483647;
			files = (
				BDFB7460198FCDD700D1E113 /* settings.png in Resources */,
				BDFB7461198FCDD700D1E113 /* settings@2x.png in Resources */,
				BDB58986195888670090E178 /* Main.storyboard in Resources */,
				BDB58988195888670090E178 /* Images.xcassets in Resources */,
				BD9EEF4619924A9200BC8A02 /* Settings.plist in Resources */,
			);
			runOnlyForDeploymentPostprocessing = 0;
		};
		BDB5898B195888670090E178 /* Resources */ = {
			isa = PBXResourcesBuildPhase;
			buildActionMask = 2147483647;
			files = (
				BD293FF21976D26000E91B2F /* map.osm in Resources */,
				BD293FF11976D26000E91B2F /* empty.osm in Resources */,
			);
			runOnlyForDeploymentPostprocessing = 0;
		};
/* End PBXResourcesBuildPhase section */

/* Begin PBXSourcesBuildPhase section */
		BDB58977195888670090E178 /* Sources */ = {
			isa = PBXSourcesBuildPhase;
			buildActionMask = 2147483647;
			files = (
				BD0C9F4F1967388A003A88AC /* AFSecurityPolicy.m in Sources */,
				BD0C9F591967388A003A88AC /* FMDatabase.m in Sources */,
				BD0C9F6D1967388A003A88AC /* UIButton+AFNetworking.m in Sources */,
				BD0C9F751967388A003A88AC /* UIWebView+AFNetworking.m in Sources */,
				BD0C9F711967388A003A88AC /* UIProgressView+AFNetworking.m in Sources */,
				BD34A4411990BA9F0058C22A /* SQLAccess.swift in Sources */,
				BD0C9F4D1967388A003A88AC /* AFNetworkReachabilityManager.m in Sources */,
				BD34A43D1990BA9F0058C22A /* OSMNode.swift in Sources */,
				BD34A4421990BA9F0058C22A /* ClosestPlaceViewController.m in Sources */,
				BD34A4401990BA9F0058C22A /* OSMWay.swift in Sources */,
				BD0C9F5D1967388A003A88AC /* FMDatabasePool.m in Sources */,
				BD0C9F6F1967388A003A88AC /* UIImageView+AFNetworking.m in Sources */,
				BD34A43F1990BA9F0058C22A /* OSMTilesDownloader.swift in Sources */,
				BD0C9F511967388A003A88AC /* AFURLConnectionOperation.m in Sources */,
				BD34A43E1990BA9F0058C22A /* OSMTile.swift in Sources */,
				BD0C9F471967388A003A88AC /* AFHTTPRequestOperation.m in Sources */,
				BD0C9F4B1967388A003A88AC /* AFHTTPSessionManager.m in Sources */,
				BD0C9F531967388A003A88AC /* AFURLRequestSerialization.m in Sources */,
				BD0C9F651967388A003A88AC /* SMXMLDocument.m in Sources */,
				BD0C9F691967388A003A88AC /* UIActivityIndicatorView+AFNetworking.m in Sources */,
				BD34A43C1990BA9F0058C22A /* OSMElementsParser.swift in Sources */,
				BD0C9F571967388A003A88AC /* AFURLSessionManager.m in Sources */,
				BD34A43B1990BA9F0058C22A /* OSMBoundingBox.swift in Sources */,
				BD0C9F491967388A003A88AC /* AFHTTPRequestOperationManager.m in Sources */,
				BDB58981195888670090E178 /* AppDelegate.swift in Sources */,
				BD9EEF441992492C00BC8A02 /* Constants.swift in Sources */,
				BD0C9F551967388A003A88AC /* AFURLResponseSerialization.m in Sources */,
				BD0C9F611967388A003A88AC /* FMResultSet.m in Sources */,
				BD0C9F731967388A003A88AC /* UIRefreshControl+AFNetworking.m in Sources */,
				BD34A43A1990BA9F0058C22A /* Calculations.swift in Sources */,
				BDC820FA199243F60055ABBE /* SettingsViewController.swift in Sources */,
				BD0C9F6B1967388A003A88AC /* UIAlertView+AFNetworking.m in Sources */,
				BD0C9F5F1967388A003A88AC /* FMDatabaseQueue.m in Sources */,
				BD0C9F5B1967388A003A88AC /* FMDatabaseAdditions.m in Sources */,
				BD0C9F671967388A003A88AC /* AFNetworkActivityIndicatorManager.m in Sources */,
			);
			runOnlyForDeploymentPostprocessing = 0;
		};
		BDB58989195888670090E178 /* Sources */ = {
			isa = PBXSourcesBuildPhase;
			buildActionMask = 2147483647;
			files = (
				BD0C9F541967388A003A88AC /* AFURLRequestSerialization.m in Sources */,
				BD0C9F521967388A003A88AC /* AFURLConnectionOperation.m in Sources */,
				BD0C9F741967388A003A88AC /* UIRefreshControl+AFNetworking.m in Sources */,
				BD0C9F6E1967388A003A88AC /* UIButton+AFNetworking.m in Sources */,
				BD0C9F721967388A003A88AC /* UIProgressView+AFNetworking.m in Sources */,
				BD0C9F501967388A003A88AC /* AFSecurityPolicy.m in Sources */,
				BD0C9F5A1967388A003A88AC /* FMDatabase.m in Sources */,
				BDBFD5B21975325B0088F1CB /* CalculationsTests.swift in Sources */,
				BD0C9F7D1967505B003A88AC /* OSMTileTests.swift in Sources */,
				BD0C9F6C1967388A003A88AC /* UIAlertView+AFNetworking.m in Sources */,
				BD0C9F481967388A003A88AC /* AFHTTPRequestOperation.m in Sources */,
				BD0C9F601967388A003A88AC /* FMDatabaseQueue.m in Sources */,
				BD0C9F621967388A003A88AC /* FMResultSet.m in Sources */,
				BD0C9F701967388A003A88AC /* UIImageView+AFNetworking.m in Sources */,
				BD536AAB196A7E1B0017345D /* OSMBoundingBoxTests.swift in Sources */,
				BD0C9F581967388A003A88AC /* AFURLSessionManager.m in Sources */,
				BD0C9F6A1967388A003A88AC /* UIActivityIndicatorView+AFNetworking.m in Sources */,
				BD0C9F681967388A003A88AC /* AFNetworkActivityIndicatorManager.m in Sources */,
				BD0C9F8119675336003A88AC /* OSMWayTests.swift in Sources */,
				BD0C9F561967388A003A88AC /* AFURLResponseSerialization.m in Sources */,
				BD0C9F7F196750D5003A88AC /* OSMElementsParserTests.swift in Sources */,
				BD0C9F661967388A003A88AC /* SMXMLDocument.m in Sources */,
				BD0C9F5C1967388A003A88AC /* FMDatabaseAdditions.m in Sources */,
				BD0C9F4C1967388A003A88AC /* AFHTTPSessionManager.m in Sources */,
				BD0C9F4A1967388A003A88AC /* AFHTTPRequestOperationManager.m in Sources */,
				BD0C9F5E1967388A003A88AC /* FMDatabasePool.m in Sources */,
				BD0C9F761967388A003A88AC /* UIWebView+AFNetworking.m in Sources */,
				BD0C9F4E1967388A003A88AC /* AFNetworkReachabilityManager.m in Sources */,
				BD0C9F071967332A003A88AC /* OSMNodeTests.swift in Sources */,
			);
			runOnlyForDeploymentPostprocessing = 0;
		};
/* End PBXSourcesBuildPhase section */

/* Begin PBXTargetDependency section */
		BD0C9F0A1967357D003A88AC /* PBXTargetDependency */ = {
			isa = PBXTargetDependency;
			target = BDB5897A195888670090E178 /* Talking Companion */;
			targetProxy = BD0C9F091967357D003A88AC /* PBXContainerItemProxy */;
		};
		BD0C9F0C1967357D003A88AC /* PBXTargetDependency */ = {
			isa = PBXTargetDependency;
			target = BDB5897A195888670090E178 /* Talking Companion */;
			targetProxy = BD0C9F0B1967357D003A88AC /* PBXContainerItemProxy */;
		};
		BD0C9F781967389A003A88AC /* PBXTargetDependency */ = {
			isa = PBXTargetDependency;
			target = BDB5897A195888670090E178 /* Talking Companion */;
			targetProxy = BD0C9F771967389A003A88AC /* PBXContainerItemProxy */;
		};
		BD0C9F7A196738A9003A88AC /* PBXTargetDependency */ = {
			isa = PBXTargetDependency;
			target = BDB5897A195888670090E178 /* Talking Companion */;
			targetProxy = BD0C9F79196738A9003A88AC /* PBXContainerItemProxy */;
		};
		BD536AAD196A82780017345D /* PBXTargetDependency */ = {
			isa = PBXTargetDependency;
			target = BDB5897A195888670090E178 /* Talking Companion */;
			targetProxy = BD536AAC196A82780017345D /* PBXContainerItemProxy */;
		};
		BDB5898F195888670090E178 /* PBXTargetDependency */ = {
			isa = PBXTargetDependency;
			target = BDB5897A195888670090E178 /* Talking Companion */;
			targetProxy = BDB5898E195888670090E178 /* PBXContainerItemProxy */;
		};
/* End PBXTargetDependency section */

/* Begin PBXVariantGroup section */
		BDB58984195888670090E178 /* Main.storyboard */ = {
			isa = PBXVariantGroup;
			children = (
				BDB58985195888670090E178 /* Base */,
			);
			name = Main.storyboard;
			path = ..;
			sourceTree = "<group>";
		};
/* End PBXVariantGroup section */

/* Begin XCBuildConfiguration section */
		BDB58995195888670090E178 /* Debug */ = {
			isa = XCBuildConfiguration;
			buildSettings = {
				ALWAYS_SEARCH_USER_PATHS = NO;
				CLANG_CXX_LANGUAGE_STANDARD = "gnu++0x";
				CLANG_CXX_LIBRARY = "libc++";
				CLANG_ENABLE_MODULES = YES;
				CLANG_ENABLE_OBJC_ARC = YES;
				CLANG_WARN_BOOL_CONVERSION = YES;
				CLANG_WARN_CONSTANT_CONVERSION = YES;
				CLANG_WARN_DIRECT_OBJC_ISA_USAGE = YES_ERROR;
				CLANG_WARN_EMPTY_BODY = YES;
				CLANG_WARN_ENUM_CONVERSION = YES;
				CLANG_WARN_INT_CONVERSION = YES;
				CLANG_WARN_OBJC_ROOT_CLASS = YES_ERROR;
				CLANG_WARN_UNREACHABLE_CODE = YES;
				CLANG_WARN__DUPLICATE_METHOD_MATCH = YES;
				"CODE_SIGN_IDENTITY[sdk=iphoneos*]" = "iPhone Developer";
				COPY_PHASE_STRIP = NO;
				ENABLE_STRICT_OBJC_MSGSEND = YES;
				GCC_C_LANGUAGE_STANDARD = gnu99;
				GCC_DYNAMIC_NO_PIC = NO;
				GCC_OPTIMIZATION_LEVEL = 0;
				GCC_PREPROCESSOR_DEFINITIONS = (
					"DEBUG=1",
					"$(inherited)",
				);
				GCC_SYMBOLS_PRIVATE_EXTERN = NO;
				GCC_WARN_64_TO_32_BIT_CONVERSION = YES;
				GCC_WARN_ABOUT_RETURN_TYPE = YES_ERROR;
				GCC_WARN_UNDECLARED_SELECTOR = YES;
				GCC_WARN_UNINITIALIZED_AUTOS = YES_AGGRESSIVE;
				GCC_WARN_UNUSED_FUNCTION = YES;
				GCC_WARN_UNUSED_VARIABLE = YES;
				IPHONEOS_DEPLOYMENT_TARGET = 8.0;
				METAL_ENABLE_DEBUG_INFO = YES;
				ONLY_ACTIVE_ARCH = YES;
				PROVISIONING_PROFILE = "";
				SDKROOT = iphoneos;
				SWIFT_INSTALL_OBJC_HEADER = YES;
				SWIFT_OBJC_BRIDGING_HEADER = "Talking Companion/Talking Companion-Bridging-Header.h";
				SWIFT_OPTIMIZATION_LEVEL = "-Onone";
			};
			name = Debug;
		};
		BDB58996195888670090E178 /* Release */ = {
			isa = XCBuildConfiguration;
			buildSettings = {
				ALWAYS_SEARCH_USER_PATHS = NO;
				CLANG_CXX_LANGUAGE_STANDARD = "gnu++0x";
				CLANG_CXX_LIBRARY = "libc++";
				CLANG_ENABLE_MODULES = YES;
				CLANG_ENABLE_OBJC_ARC = YES;
				CLANG_WARN_BOOL_CONVERSION = YES;
				CLANG_WARN_CONSTANT_CONVERSION = YES;
				CLANG_WARN_DIRECT_OBJC_ISA_USAGE = YES_ERROR;
				CLANG_WARN_EMPTY_BODY = YES;
				CLANG_WARN_ENUM_CONVERSION = YES;
				CLANG_WARN_INT_CONVERSION = YES;
				CLANG_WARN_OBJC_ROOT_CLASS = YES_ERROR;
				CLANG_WARN_UNREACHABLE_CODE = YES;
				CLANG_WARN__DUPLICATE_METHOD_MATCH = YES;
				"CODE_SIGN_IDENTITY[sdk=iphoneos*]" = "iPhone Developer";
				COPY_PHASE_STRIP = YES;
				ENABLE_NS_ASSERTIONS = NO;
				ENABLE_STRICT_OBJC_MSGSEND = YES;
				GCC_C_LANGUAGE_STANDARD = gnu99;
				GCC_OPTIMIZATION_LEVEL = 0;
				GCC_WARN_64_TO_32_BIT_CONVERSION = YES;
				GCC_WARN_ABOUT_RETURN_TYPE = YES_ERROR;
				GCC_WARN_UNDECLARED_SELECTOR = YES;
				GCC_WARN_UNINITIALIZED_AUTOS = YES_AGGRESSIVE;
				GCC_WARN_UNUSED_FUNCTION = YES;
				GCC_WARN_UNUSED_VARIABLE = YES;
				IPHONEOS_DEPLOYMENT_TARGET = 8.0;
				METAL_ENABLE_DEBUG_INFO = NO;
				PROVISIONING_PROFILE = "";
				SDKROOT = iphoneos;
				SWIFT_INSTALL_OBJC_HEADER = YES;
				SWIFT_OBJC_BRIDGING_HEADER = "Talking Companion/Talking Companion-Bridging-Header.h";
				SWIFT_OPTIMIZATION_LEVEL = "-Onone";
				VALIDATE_PRODUCT = YES;
			};
			name = Release;
		};
		BDB58998195888670090E178 /* Debug */ = {
			isa = XCBuildConfiguration;
			buildSettings = {
				ASSETCATALOG_COMPILER_APPICON_NAME = AppIcon;
				ASSETCATALOG_COMPILER_LAUNCHIMAGE_NAME = LaunchImage;
				INFOPLIST_FILE = "Talking Companion/Info.plist";
				IPHONEOS_DEPLOYMENT_TARGET = 7.0;
				LD_RUNPATH_SEARCH_PATHS = "$(inherited) @executable_path/Frameworks";
				LIBRARY_SEARCH_PATHS = (
					"$(inherited)",
					"$(PROJECT_DIR)/Talking",
					Companion/Resources,
				);
				PRODUCT_NAME = "Talking Companion";
				PROVISIONING_PROFILE = "";
				SWIFT_OBJC_BRIDGING_HEADER = "Talking Companion/Talking_Companion-Bridging-Header.h";
			};
			name = Debug;
		};
		BDB58999195888670090E178 /* Release */ = {
			isa = XCBuildConfiguration;
			buildSettings = {
				ASSETCATALOG_COMPILER_APPICON_NAME = AppIcon;
				ASSETCATALOG_COMPILER_LAUNCHIMAGE_NAME = LaunchImage;
				INFOPLIST_FILE = "Talking Companion/Info.plist";
				IPHONEOS_DEPLOYMENT_TARGET = 7.0;
				LD_RUNPATH_SEARCH_PATHS = "$(inherited) @executable_path/Frameworks";
				LIBRARY_SEARCH_PATHS = (
					"$(inherited)",
					"$(PROJECT_DIR)/Talking",
					Companion/Resources,
				);
				PRODUCT_NAME = "Talking Companion";
				PROVISIONING_PROFILE = "";
				SWIFT_OBJC_BRIDGING_HEADER = "Talking Companion/Talking_Companion-Bridging-Header.h";
			};
			name = Release;
		};
		BDB5899B195888670090E178 /* Debug */ = {
			isa = XCBuildConfiguration;
			buildSettings = {
				BUNDLE_LOADER = "$(BUILT_PRODUCTS_DIR)/Talking Companion.app/Talking Companion";
				FRAMEWORK_SEARCH_PATHS = (
					"$(SDKROOT)/Developer/Library/Frameworks",
					"$(inherited)",
				);
				GCC_PREPROCESSOR_DEFINITIONS = (
					"DEBUG=1",
					"$(inherited)",
				);
				INFOPLIST_FILE = "Talking CompanionTests/Info.plist";
				LD_RUNPATH_SEARCH_PATHS = "$(inherited) @executable_path/Frameworks @loader_path/Frameworks";
				METAL_ENABLE_DEBUG_INFO = YES;
				PRODUCT_NAME = "Talking CompanionTests";
				SWIFT_OBJC_BRIDGING_HEADER = "Talking Companion/Talking_Companion-Bridging-Header.h";
				TEST_HOST = "$(BUNDLE_LOADER)";
			};
			name = Debug;
		};
		BDB5899C195888670090E178 /* Release */ = {
			isa = XCBuildConfiguration;
			buildSettings = {
				BUNDLE_LOADER = "$(BUILT_PRODUCTS_DIR)/Talking Companion.app/Talking Companion";
				FRAMEWORK_SEARCH_PATHS = (
					"$(SDKROOT)/Developer/Library/Frameworks",
					"$(inherited)",
				);
				INFOPLIST_FILE = "Talking CompanionTests/Info.plist";
				LD_RUNPATH_SEARCH_PATHS = "$(inherited) @executable_path/Frameworks @loader_path/Frameworks";
				METAL_ENABLE_DEBUG_INFO = NO;
				PRODUCT_NAME = "Talking CompanionTests";
				SWIFT_OBJC_BRIDGING_HEADER = "Talking Companion/Talking_Companion-Bridging-Header.h";
				TEST_HOST = "$(BUNDLE_LOADER)";
			};
			name = Release;
		};
/* End XCBuildConfiguration section */

/* Begin XCConfigurationList section */
		BDB58976195888670090E178 /* Build configuration list for PBXProject "Talking Companion" */ = {
			isa = XCConfigurationList;
			buildConfigurations = (
				BDB58995195888670090E178 /* Debug */,
				BDB58996195888670090E178 /* Release */,
			);
			defaultConfigurationIsVisible = 0;
			defaultConfigurationName = Release;
		};
		BDB58997195888670090E178 /* Build configuration list for PBXNativeTarget "Talking Companion" */ = {
			isa = XCConfigurationList;
			buildConfigurations = (
				BDB58998195888670090E178 /* Debug */,
				BDB58999195888670090E178 /* Release */,
			);
			defaultConfigurationIsVisible = 0;
			defaultConfigurationName = Release;
		};
		BDB5899A195888670090E178 /* Build configuration list for PBXNativeTarget "Talking CompanionTests" */ = {
			isa = XCConfigurationList;
			buildConfigurations = (
				BDB5899B195888670090E178 /* Debug */,
				BDB5899C195888670090E178 /* Release */,
			);
			defaultConfigurationIsVisible = 0;
			defaultConfigurationName = Release;
		};
/* End XCConfigurationList section */
	};
	rootObject = BDB58973195888670090E178 /* Project object */;
}
