// !$*UTF8*$!
{
	archiveVersion = 1;
	classes = {
	};
	objectVersion = 46;
	objects = {

/* Begin PBXBuildFile section */
		BD0B417E1A0015F400B11A83 /* CoreData.framework in Frameworks */ = {isa = PBXBuildFile; fileRef = BD0B417D1A0015F400B11A83 /* CoreData.framework */; };
		BD0B41801A00160400B11A83 /* AdSupport.framework in Frameworks */ = {isa = PBXBuildFile; fileRef = BD0B417F1A00160400B11A83 /* AdSupport.framework */; };
		BD0B41821A00160F00B11A83 /* libz.dylib in Frameworks */ = {isa = PBXBuildFile; fileRef = BD0B41811A00160F00B11A83 /* libz.dylib */; };
		BD0B41841A00161700B11A83 /* SystemConfiguration.framework in Frameworks */ = {isa = PBXBuildFile; fileRef = BD0B41831A00161700B11A83 /* SystemConfiguration.framework */; };
		BD0C9F071967332A003A88AC /* OSMNodeTests.swift in Sources */ = {isa = PBXBuildFile; fileRef = BD0C9F061967332A003A88AC /* OSMNodeTests.swift */; };
		BD0C9F471967388A003A88AC /* AFHTTPRequestOperation.m in Sources */ = {isa = PBXBuildFile; fileRef = BD0C9F131967388A003A88AC /* AFHTTPRequestOperation.m */; };
		BD0C9F481967388A003A88AC /* AFHTTPRequestOperation.m in Sources */ = {isa = PBXBuildFile; fileRef = BD0C9F131967388A003A88AC /* AFHTTPRequestOperation.m */; };
		BD0C9F491967388A003A88AC /* AFHTTPRequestOperationManager.m in Sources */ = {isa = PBXBuildFile; fileRef = BD0C9F151967388A003A88AC /* AFHTTPRequestOperationManager.m */; };
		BD0C9F4A1967388A003A88AC /* AFHTTPRequestOperationManager.m in Sources */ = {isa = PBXBuildFile; fileRef = BD0C9F151967388A003A88AC /* AFHTTPRequestOperationManager.m */; };
		BD0C9F4B1967388A003A88AC /* AFHTTPSessionManager.m in Sources */ = {isa = PBXBuildFile; fileRef = BD0C9F171967388A003A88AC /* AFHTTPSessionManager.m */; };
		BD0C9F4C1967388A003A88AC /* AFHTTPSessionManager.m in Sources */ = {isa = PBXBuildFile; fileRef = BD0C9F171967388A003A88AC /* AFHTTPSessionManager.m */; };
		BD0C9F4D1967388A003A88AC /* AFNetworkReachabilityManager.m in Sources */ = {isa = PBXBuildFile; fileRef = BD0C9F1A1967388A003A88AC /* AFNetworkReachabilityManager.m */; };
		BD0C9F4E1967388A003A88AC /* AFNetworkReachabilityManager.m in Sources */ = {isa = PBXBuildFile; fileRef = BD0C9F1A1967388A003A88AC /* AFNetworkReachabilityManager.m */; };
		BD0C9F4F1967388A003A88AC /* AFSecurityPolicy.m in Sources */ = {isa = PBXBuildFile; fileRef = BD0C9F1C1967388A003A88AC /* AFSecurityPolicy.m */; };
		BD0C9F501967388A003A88AC /* AFSecurityPolicy.m in Sources */ = {isa = PBXBuildFile; fileRef = BD0C9F1C1967388A003A88AC /* AFSecurityPolicy.m */; };
		BD0C9F511967388A003A88AC /* AFURLConnectionOperation.m in Sources */ = {isa = PBXBuildFile; fileRef = BD0C9F1E1967388A003A88AC /* AFURLConnectionOperation.m */; };
		BD0C9F521967388A003A88AC /* AFURLConnectionOperation.m in Sources */ = {isa = PBXBuildFile; fileRef = BD0C9F1E1967388A003A88AC /* AFURLConnectionOperation.m */; };
		BD0C9F531967388A003A88AC /* AFURLRequestSerialization.m in Sources */ = {isa = PBXBuildFile; fileRef = BD0C9F201967388A003A88AC /* AFURLRequestSerialization.m */; };
		BD0C9F541967388A003A88AC /* AFURLRequestSerialization.m in Sources */ = {isa = PBXBuildFile; fileRef = BD0C9F201967388A003A88AC /* AFURLRequestSerialization.m */; };
		BD0C9F551967388A003A88AC /* AFURLResponseSerialization.m in Sources */ = {isa = PBXBuildFile; fileRef = BD0C9F221967388A003A88AC /* AFURLResponseSerialization.m */; };
		BD0C9F561967388A003A88AC /* AFURLResponseSerialization.m in Sources */ = {isa = PBXBuildFile; fileRef = BD0C9F221967388A003A88AC /* AFURLResponseSerialization.m */; };
		BD0C9F571967388A003A88AC /* AFURLSessionManager.m in Sources */ = {isa = PBXBuildFile; fileRef = BD0C9F241967388A003A88AC /* AFURLSessionManager.m */; };
		BD0C9F581967388A003A88AC /* AFURLSessionManager.m in Sources */ = {isa = PBXBuildFile; fileRef = BD0C9F241967388A003A88AC /* AFURLSessionManager.m */; };
		BD0C9F591967388A003A88AC /* FMDatabase.m in Sources */ = {isa = PBXBuildFile; fileRef = BD0C9F271967388A003A88AC /* FMDatabase.m */; };
		BD0C9F5A1967388A003A88AC /* FMDatabase.m in Sources */ = {isa = PBXBuildFile; fileRef = BD0C9F271967388A003A88AC /* FMDatabase.m */; };
		BD0C9F5B1967388A003A88AC /* FMDatabaseAdditions.m in Sources */ = {isa = PBXBuildFile; fileRef = BD0C9F291967388A003A88AC /* FMDatabaseAdditions.m */; };
		BD0C9F5C1967388A003A88AC /* FMDatabaseAdditions.m in Sources */ = {isa = PBXBuildFile; fileRef = BD0C9F291967388A003A88AC /* FMDatabaseAdditions.m */; };
		BD0C9F5D1967388A003A88AC /* FMDatabasePool.m in Sources */ = {isa = PBXBuildFile; fileRef = BD0C9F2B1967388A003A88AC /* FMDatabasePool.m */; };
		BD0C9F5E1967388A003A88AC /* FMDatabasePool.m in Sources */ = {isa = PBXBuildFile; fileRef = BD0C9F2B1967388A003A88AC /* FMDatabasePool.m */; };
		BD0C9F5F1967388A003A88AC /* FMDatabaseQueue.m in Sources */ = {isa = PBXBuildFile; fileRef = BD0C9F2D1967388A003A88AC /* FMDatabaseQueue.m */; };
		BD0C9F601967388A003A88AC /* FMDatabaseQueue.m in Sources */ = {isa = PBXBuildFile; fileRef = BD0C9F2D1967388A003A88AC /* FMDatabaseQueue.m */; };
		BD0C9F611967388A003A88AC /* FMResultSet.m in Sources */ = {isa = PBXBuildFile; fileRef = BD0C9F301967388A003A88AC /* FMResultSet.m */; };
		BD0C9F621967388A003A88AC /* FMResultSet.m in Sources */ = {isa = PBXBuildFile; fileRef = BD0C9F301967388A003A88AC /* FMResultSet.m */; };
		BD0C9F651967388A003A88AC /* SMXMLDocument.m in Sources */ = {isa = PBXBuildFile; fileRef = BD0C9F341967388A003A88AC /* SMXMLDocument.m */; };
		BD0C9F661967388A003A88AC /* SMXMLDocument.m in Sources */ = {isa = PBXBuildFile; fileRef = BD0C9F341967388A003A88AC /* SMXMLDocument.m */; };
		BD0C9F7B196738C0003A88AC /* libsqlite3.dylib in Frameworks */ = {isa = PBXBuildFile; fileRef = BD2EB9BB1966F0E600C8DEDD /* libsqlite3.dylib */; };
		BD0C9F7D1967505B003A88AC /* OSMTileTests.swift in Sources */ = {isa = PBXBuildFile; fileRef = BD0C9F7C1967505B003A88AC /* OSMTileTests.swift */; };
		BD0C9F7F196750D5003A88AC /* OSMElementsParserTests.swift in Sources */ = {isa = PBXBuildFile; fileRef = BD0C9F7E196750D5003A88AC /* OSMElementsParserTests.swift */; };
		BD0C9F8119675336003A88AC /* OSMWayTests.swift in Sources */ = {isa = PBXBuildFile; fileRef = BD0C9F8019675336003A88AC /* OSMWayTests.swift */; };
		BD11497C1993D406001A07A4 /* libbz2.1.0.dylib in Frameworks */ = {isa = PBXBuildFile; fileRef = BD11497B1993D406001A07A4 /* libbz2.1.0.dylib */; };
		BD1C1B891AE670C20001384F /* translation.json in Resources */ = {isa = PBXBuildFile; fileRef = BD7A7C8B19FA57D7001F5005 /* translation.json */; };
		BD1C1B8A1AE670F70001384F /* empty.osm in Resources */ = {isa = PBXBuildFile; fileRef = BD7D8007199A504D0069A19D /* empty.osm */; };
		BD1C1B8B1AE670F90001384F /* map.osm in Resources */ = {isa = PBXBuildFile; fileRef = BD7D8008199A504D0069A19D /* map.osm */; };
		BD2241711A1E3C0E00BD3A41 /* OSMTile.swift in Sources */ = {isa = PBXBuildFile; fileRef = BD79E64F1A0B78FC00027690 /* OSMTile.swift */; };
		BD2241721A1E3C1F00BD3A41 /* Calculations.swift in Sources */ = {isa = PBXBuildFile; fileRef = BD79E6461A0B78FC00027690 /* Calculations.swift */; };
		BD2241731A1E3C2200BD3A41 /* Constants.swift in Sources */ = {isa = PBXBuildFile; fileRef = BD79E6471A0B78FC00027690 /* Constants.swift */; };
		BD2241741A1E3C2500BD3A41 /* Database.swift in Sources */ = {isa = PBXBuildFile; fileRef = BD79E6521A0B78FC00027690 /* Database.swift */; };
		BD2241751A1E3C2A00BD3A41 /* OSMBoundingBox.swift in Sources */ = {isa = PBXBuildFile; fileRef = BD79E64C1A0B78FC00027690 /* OSMBoundingBox.swift */; };
		BD2241761A1E3C2D00BD3A41 /* NSData+bz2.m in Sources */ = {isa = PBXBuildFile; fileRef = BD79E64B1A0B78FC00027690 /* NSData+bz2.m */; };
		BD2241771A1E3C2F00BD3A41 /* OSMNode.swift in Sources */ = {isa = PBXBuildFile; fileRef = BD79E64E1A0B78FC00027690 /* OSMNode.swift */; };
		BD2241781A1E3C3300BD3A41 /* OSMTilesDownloader.swift in Sources */ = {isa = PBXBuildFile; fileRef = BD79E6501A0B78FC00027690 /* OSMTilesDownloader.swift */; };
		BD2241791A1E3C3600BD3A41 /* OSMWay.swift in Sources */ = {isa = PBXBuildFile; fileRef = BD79E6511A0B78FC00027690 /* OSMWay.swift */; };
		BD22417A1A1E3C3900BD3A41 /* TypeTranslator.swift in Sources */ = {isa = PBXBuildFile; fileRef = BD79E6531A0B78FC00027690 /* TypeTranslator.swift */; };
		BD22417B1A1E3C3F00BD3A41 /* OSMElementsParser.swift in Sources */ = {isa = PBXBuildFile; fileRef = BD79E64D1A0B78FC00027690 /* OSMElementsParser.swift */; };
		BD2E7C80195AEAFB00D57518 /* CoreLocation.framework in Frameworks */ = {isa = PBXBuildFile; fileRef = BD2E7C7F195AEAFB00D57518 /* CoreLocation.framework */; };
		BD2EB9BC1966F0E600C8DEDD /* libsqlite3.dylib in Frameworks */ = {isa = PBXBuildFile; fileRef = BD2EB9BB1966F0E600C8DEDD /* libsqlite3.dylib */; };
		BD37C8611B1CB3FC00FAAAF5 /* Nimble.framework in Frameworks */ = {isa = PBXBuildFile; fileRef = BD37C83F1B1CB12A00FAAAF5 /* Nimble.framework */; };
		BD37C8621B1CB3FF00FAAAF5 /* Quick.framework in Frameworks */ = {isa = PBXBuildFile; fileRef = BD37C8401B1CB12A00FAAAF5 /* Quick.framework */; };
		BD37C8651B1CB7B000FAAAF5 /* OSMNodeTests.swift in Sources */ = {isa = PBXBuildFile; fileRef = BD37C8641B1CB7B000FAAAF5 /* OSMNodeTests.swift */; };
		BD37C8661B1CB89E00FAAAF5 /* OSMNode.swift in Sources */ = {isa = PBXBuildFile; fileRef = BD79E64E1A0B78FC00027690 /* OSMNode.swift */; };
		BD37C8671B1CB9A300FAAAF5 /* Database.swift in Sources */ = {isa = PBXBuildFile; fileRef = BD79E6521A0B78FC00027690 /* Database.swift */; };
		BD37C8681B1CB9B000FAAAF5 /* OSMBoundingBox.swift in Sources */ = {isa = PBXBuildFile; fileRef = BD79E64C1A0B78FC00027690 /* OSMBoundingBox.swift */; };
		BD37C8691B1CB9B000FAAAF5 /* OSMElementsParser.swift in Sources */ = {isa = PBXBuildFile; fileRef = BD79E64D1A0B78FC00027690 /* OSMElementsParser.swift */; };
		BD37C86A1B1CB9B000FAAAF5 /* OSMTile.swift in Sources */ = {isa = PBXBuildFile; fileRef = BD79E64F1A0B78FC00027690 /* OSMTile.swift */; };
		BD37C86B1B1CB9B000FAAAF5 /* OSMTilesDownloader.swift in Sources */ = {isa = PBXBuildFile; fileRef = BD79E6501A0B78FC00027690 /* OSMTilesDownloader.swift */; };
		BD37C86C1B1CB9B000FAAAF5 /* OSMWay.swift in Sources */ = {isa = PBXBuildFile; fileRef = BD79E6511A0B78FC00027690 /* OSMWay.swift */; };
		BD37C86D1B1CB9B000FAAAF5 /* TypeTranslator.swift in Sources */ = {isa = PBXBuildFile; fileRef = BD79E6531A0B78FC00027690 /* TypeTranslator.swift */; };
		BD37C86E1B1CB9B300FAAAF5 /* Calculations.swift in Sources */ = {isa = PBXBuildFile; fileRef = BD79E6461A0B78FC00027690 /* Calculations.swift */; };
		BD37C86F1B1CB9B300FAAAF5 /* Constants.swift in Sources */ = {isa = PBXBuildFile; fileRef = BD79E6471A0B78FC00027690 /* Constants.swift */; };
		BD37C8701B1CC36D00FAAAF5 /* SMXMLDocument.m in Sources */ = {isa = PBXBuildFile; fileRef = BD0C9F341967388A003A88AC /* SMXMLDocument.m */; };
		BD536AAB196A7E1B0017345D /* OSMBoundingBoxTests.swift in Sources */ = {isa = PBXBuildFile; fileRef = BD536AAA196A7E1B0017345D /* OSMBoundingBoxTests.swift */; };
		BD5E011F1A1169BE0024C715 /* Launch Screen.xib in Resources */ = {isa = PBXBuildFile; fileRef = BD5E011E1A1169BE0024C715 /* Launch Screen.xib */; };
		BD5E01221A1205470024C715 /* logo_splashscreen.png in Resources */ = {isa = PBXBuildFile; fileRef = BD5E01211A1205470024C715 /* logo_splashscreen.png */; };
		BD66797E19B4A6BA00DFB53F /* MainViewController.swift in Sources */ = {isa = PBXBuildFile; fileRef = BD66797D19B4A6BA00DFB53F /* MainViewController.swift */; };
		BD71880E1A029F0300FBB2EE /* libGoogleAnalyticsServices.a in Frameworks */ = {isa = PBXBuildFile; fileRef = BD71880D1A029F0300FBB2EE /* libGoogleAnalyticsServices.a */; };
		BD75BF6F1A68775000C3397B /* logo_splashscreen@2x.png in Resources */ = {isa = PBXBuildFile; fileRef = BD75BF6D1A68775000C3397B /* logo_splashscreen@2x.png */; };
		BD75BF701A68775000C3397B /* logo_splashscreen@3x.png in Resources */ = {isa = PBXBuildFile; fileRef = BD75BF6E1A68775000C3397B /* logo_splashscreen@3x.png */; };
		BD76B8C51A713DEC00546FF7 /* UINavigationController+Orientation.m in Sources */ = {isa = PBXBuildFile; fileRef = BD76B8C41A713DEC00546FF7 /* UINavigationController+Orientation.m */; };
		BD79E6541A0B78FC00027690 /* Calculations.swift in Sources */ = {isa = PBXBuildFile; fileRef = BD79E6461A0B78FC00027690 /* Calculations.swift */; };
		BD79E6551A0B78FC00027690 /* Constants.swift in Sources */ = {isa = PBXBuildFile; fileRef = BD79E6471A0B78FC00027690 /* Constants.swift */; };
		BD79E6581A0B78FC00027690 /* NSData+bz2.m in Sources */ = {isa = PBXBuildFile; fileRef = BD79E64B1A0B78FC00027690 /* NSData+bz2.m */; };
		BD79E6591A0B78FC00027690 /* OSMBoundingBox.swift in Sources */ = {isa = PBXBuildFile; fileRef = BD79E64C1A0B78FC00027690 /* OSMBoundingBox.swift */; };
		BD79E65A1A0B78FC00027690 /* OSMElementsParser.swift in Sources */ = {isa = PBXBuildFile; fileRef = BD79E64D1A0B78FC00027690 /* OSMElementsParser.swift */; };
		BD79E65B1A0B78FC00027690 /* OSMNode.swift in Sources */ = {isa = PBXBuildFile; fileRef = BD79E64E1A0B78FC00027690 /* OSMNode.swift */; };
		BD79E65C1A0B78FC00027690 /* OSMTile.swift in Sources */ = {isa = PBXBuildFile; fileRef = BD79E64F1A0B78FC00027690 /* OSMTile.swift */; };
		BD79E65D1A0B78FC00027690 /* OSMTilesDownloader.swift in Sources */ = {isa = PBXBuildFile; fileRef = BD79E6501A0B78FC00027690 /* OSMTilesDownloader.swift */; };
		BD79E65E1A0B78FC00027690 /* OSMWay.swift in Sources */ = {isa = PBXBuildFile; fileRef = BD79E6511A0B78FC00027690 /* OSMWay.swift */; };
		BD79E65F1A0B78FC00027690 /* Database.swift in Sources */ = {isa = PBXBuildFile; fileRef = BD79E6521A0B78FC00027690 /* Database.swift */; };
		BD79E6601A0B78FC00027690 /* TypeTranslator.swift in Sources */ = {isa = PBXBuildFile; fileRef = BD79E6531A0B78FC00027690 /* TypeTranslator.swift */; };
		BD7A7C8C19FA57D7001F5005 /* translation.json in Resources */ = {isa = PBXBuildFile; fileRef = BD7A7C8B19FA57D7001F5005 /* translation.json */; };
		BD7D8000199A4E730069A19D /* libbz2.1.0.dylib in Frameworks */ = {isa = PBXBuildFile; fileRef = BD11497B1993D406001A07A4 /* libbz2.1.0.dylib */; };
		BD7D800A199A504D0069A19D /* empty.osm in Resources */ = {isa = PBXBuildFile; fileRef = BD7D8007199A504D0069A19D /* empty.osm */; };
		BD7D800C199A504D0069A19D /* map.osm in Resources */ = {isa = PBXBuildFile; fileRef = BD7D8008199A504D0069A19D /* map.osm */; };
		BD9EEF4619924A9200BC8A02 /* Settings.plist in Resources */ = {isa = PBXBuildFile; fileRef = BD9EEF4519924A9200BC8A02 /* Settings.plist */; };
		BDA72E8619F13F3000C7DA25 /* Localizable.strings in Resources */ = {isa = PBXBuildFile; fileRef = BDA72E8819F13F3000C7DA25 /* Localizable.strings */; };
		BDB2F1671AE804DE0082DE27 /* SwiftyJSON.framework in Frameworks */ = {isa = PBXBuildFile; fileRef = BDB2F1661AE804DE0082DE27 /* SwiftyJSON.framework */; };
		BDB58981195888670090E178 /* AppDelegate.swift in Sources */ = {isa = PBXBuildFile; fileRef = BDB58980195888670090E178 /* AppDelegate.swift */; };
		BDB58986195888670090E178 /* Main.storyboard in Resources */ = {isa = PBXBuildFile; fileRef = BDB58984195888670090E178 /* Main.storyboard */; };
		BDB58988195888670090E178 /* Images.xcassets in Resources */ = {isa = PBXBuildFile; fileRef = BDB58987195888670090E178 /* Images.xcassets */; };
		BDBFD5B21975325B0088F1CB /* CalculationsTests.swift in Sources */ = {isa = PBXBuildFile; fileRef = BDBFD5B11975325B0088F1CB /* CalculationsTests.swift */; };
		BDC820FA199243F60055ABBE /* SettingsViewController.swift in Sources */ = {isa = PBXBuildFile; fileRef = BDC820F9199243F60055ABBE /* SettingsViewController.swift */; };
		BDD89B85195B095F0020ACA7 /* AVFoundation.framework in Frameworks */ = {isa = PBXBuildFile; fileRef = BDD89B84195B095F0020ACA7 /* AVFoundation.framework */; };
/* End PBXBuildFile section */

/* Begin PBXContainerItemProxy section */
		BD0C9F091967357D003A88AC /* PBXContainerItemProxy */ = {
			isa = PBXContainerItemProxy;
			containerPortal = BDB58973195888670090E178 /* Project object */;
			proxyType = 1;
			remoteGlobalIDString = BDB5897A195888670090E178;
			remoteInfo = "Talking Companion";
		};
		BD0C9F0B1967357D003A88AC /* PBXContainerItemProxy */ = {
			isa = PBXContainerItemProxy;
			containerPortal = BDB58973195888670090E178 /* Project object */;
			proxyType = 1;
			remoteGlobalIDString = BDB5897A195888670090E178;
			remoteInfo = "Talking Companion";
		};
		BD0C9F771967389A003A88AC /* PBXContainerItemProxy */ = {
			isa = PBXContainerItemProxy;
			containerPortal = BDB58973195888670090E178 /* Project object */;
			proxyType = 1;
			remoteGlobalIDString = BDB5897A195888670090E178;
			remoteInfo = "Talking Companion";
		};
		BD0C9F79196738A9003A88AC /* PBXContainerItemProxy */ = {
			isa = PBXContainerItemProxy;
			containerPortal = BDB58973195888670090E178 /* Project object */;
			proxyType = 1;
			remoteGlobalIDString = BDB5897A195888670090E178;
			remoteInfo = "Talking Companion";
		};
		BD37C85C1B1CB3F700FAAAF5 /* PBXContainerItemProxy */ = {
			isa = PBXContainerItemProxy;
			containerPortal = BDB58973195888670090E178 /* Project object */;
			proxyType = 1;
			remoteGlobalIDString = BDB5897A195888670090E178;
			remoteInfo = "Talking Companion";
		};
		BD536AAC196A82780017345D /* PBXContainerItemProxy */ = {
			isa = PBXContainerItemProxy;
			containerPortal = BDB58973195888670090E178 /* Project object */;
			proxyType = 1;
			remoteGlobalIDString = BDB5897A195888670090E178;
			remoteInfo = "Talking Companion";
		};
		BDB5898E195888670090E178 /* PBXContainerItemProxy */ = {
			isa = PBXContainerItemProxy;
			containerPortal = BDB58973195888670090E178 /* Project object */;
			proxyType = 1;
			remoteGlobalIDString = BDB5897A195888670090E178;
			remoteInfo = "Talking Companion";
		};
/* End PBXContainerItemProxy section */

/* Begin PBXFileReference section */
		BD0B417D1A0015F400B11A83 /* CoreData.framework */ = {isa = PBXFileReference; lastKnownFileType = wrapper.framework; name = CoreData.framework; path = System/Library/Frameworks/CoreData.framework; sourceTree = SDKROOT; };
		BD0B417F1A00160400B11A83 /* AdSupport.framework */ = {isa = PBXFileReference; lastKnownFileType = wrapper.framework; name = AdSupport.framework; path = System/Library/Frameworks/AdSupport.framework; sourceTree = SDKROOT; };
		BD0B41811A00160F00B11A83 /* libz.dylib */ = {isa = PBXFileReference; lastKnownFileType = "compiled.mach-o.dylib"; name = libz.dylib; path = usr/lib/libz.dylib; sourceTree = SDKROOT; };
		BD0B41831A00161700B11A83 /* SystemConfiguration.framework */ = {isa = PBXFileReference; lastKnownFileType = wrapper.framework; name = SystemConfiguration.framework; path = System/Library/Frameworks/SystemConfiguration.framework; sourceTree = SDKROOT; };
		BD0C9F061967332A003A88AC /* OSMNodeTests.swift */ = {isa = PBXFileReference; fileEncoding = 4; lastKnownFileType = sourcecode.swift; path = OSMNodeTests.swift; sourceTree = "<group>"; };
		BD0C9F0F19673863003A88AC /* Talking_Companion-Bridging-Header.h */ = {isa = PBXFileReference; fileEncoding = 4; lastKnownFileType = sourcecode.c.h; path = "Talking_Companion-Bridging-Header.h"; sourceTree = "<group>"; };
		BD0C9F121967388A003A88AC /* AFHTTPRequestOperation.h */ = {isa = PBXFileReference; fileEncoding = 4; lastKnownFileType = sourcecode.c.h; path = AFHTTPRequestOperation.h; sourceTree = "<group>"; };
		BD0C9F131967388A003A88AC /* AFHTTPRequestOperation.m */ = {isa = PBXFileReference; fileEncoding = 4; lastKnownFileType = sourcecode.c.objc; path = AFHTTPRequestOperation.m; sourceTree = "<group>"; };
		BD0C9F141967388A003A88AC /* AFHTTPRequestOperationManager.h */ = {isa = PBXFileReference; fileEncoding = 4; lastKnownFileType = sourcecode.c.h; path = AFHTTPRequestOperationManager.h; sourceTree = "<group>"; };
		BD0C9F151967388A003A88AC /* AFHTTPRequestOperationManager.m */ = {isa = PBXFileReference; fileEncoding = 4; lastKnownFileType = sourcecode.c.objc; path = AFHTTPRequestOperationManager.m; sourceTree = "<group>"; };
		BD0C9F161967388A003A88AC /* AFHTTPSessionManager.h */ = {isa = PBXFileReference; fileEncoding = 4; lastKnownFileType = sourcecode.c.h; path = AFHTTPSessionManager.h; sourceTree = "<group>"; };
		BD0C9F171967388A003A88AC /* AFHTTPSessionManager.m */ = {isa = PBXFileReference; fileEncoding = 4; lastKnownFileType = sourcecode.c.objc; path = AFHTTPSessionManager.m; sourceTree = "<group>"; };
		BD0C9F181967388A003A88AC /* AFNetworking.h */ = {isa = PBXFileReference; fileEncoding = 4; lastKnownFileType = sourcecode.c.h; path = AFNetworking.h; sourceTree = "<group>"; };
		BD0C9F191967388A003A88AC /* AFNetworkReachabilityManager.h */ = {isa = PBXFileReference; fileEncoding = 4; lastKnownFileType = sourcecode.c.h; path = AFNetworkReachabilityManager.h; sourceTree = "<group>"; };
		BD0C9F1A1967388A003A88AC /* AFNetworkReachabilityManager.m */ = {isa = PBXFileReference; fileEncoding = 4; lastKnownFileType = sourcecode.c.objc; path = AFNetworkReachabilityManager.m; sourceTree = "<group>"; };
		BD0C9F1B1967388A003A88AC /* AFSecurityPolicy.h */ = {isa = PBXFileReference; fileEncoding = 4; lastKnownFileType = sourcecode.c.h; path = AFSecurityPolicy.h; sourceTree = "<group>"; };
		BD0C9F1C1967388A003A88AC /* AFSecurityPolicy.m */ = {isa = PBXFileReference; fileEncoding = 4; lastKnownFileType = sourcecode.c.objc; path = AFSecurityPolicy.m; sourceTree = "<group>"; };
		BD0C9F1D1967388A003A88AC /* AFURLConnectionOperation.h */ = {isa = PBXFileReference; fileEncoding = 4; lastKnownFileType = sourcecode.c.h; path = AFURLConnectionOperation.h; sourceTree = "<group>"; };
		BD0C9F1E1967388A003A88AC /* AFURLConnectionOperation.m */ = {isa = PBXFileReference; fileEncoding = 4; lastKnownFileType = sourcecode.c.objc; path = AFURLConnectionOperation.m; sourceTree = "<group>"; };
		BD0C9F1F1967388A003A88AC /* AFURLRequestSerialization.h */ = {isa = PBXFileReference; fileEncoding = 4; lastKnownFileType = sourcecode.c.h; path = AFURLRequestSerialization.h; sourceTree = "<group>"; };
		BD0C9F201967388A003A88AC /* AFURLRequestSerialization.m */ = {isa = PBXFileReference; fileEncoding = 4; lastKnownFileType = sourcecode.c.objc; path = AFURLRequestSerialization.m; sourceTree = "<group>"; };
		BD0C9F211967388A003A88AC /* AFURLResponseSerialization.h */ = {isa = PBXFileReference; fileEncoding = 4; lastKnownFileType = sourcecode.c.h; path = AFURLResponseSerialization.h; sourceTree = "<group>"; };
		BD0C9F221967388A003A88AC /* AFURLResponseSerialization.m */ = {isa = PBXFileReference; fileEncoding = 4; lastKnownFileType = sourcecode.c.objc; path = AFURLResponseSerialization.m; sourceTree = "<group>"; };
		BD0C9F231967388A003A88AC /* AFURLSessionManager.h */ = {isa = PBXFileReference; fileEncoding = 4; lastKnownFileType = sourcecode.c.h; path = AFURLSessionManager.h; sourceTree = "<group>"; };
		BD0C9F241967388A003A88AC /* AFURLSessionManager.m */ = {isa = PBXFileReference; fileEncoding = 4; lastKnownFileType = sourcecode.c.objc; path = AFURLSessionManager.m; sourceTree = "<group>"; };
		BD0C9F261967388A003A88AC /* FMDatabase.h */ = {isa = PBXFileReference; fileEncoding = 4; lastKnownFileType = sourcecode.c.h; path = FMDatabase.h; sourceTree = "<group>"; };
		BD0C9F271967388A003A88AC /* FMDatabase.m */ = {isa = PBXFileReference; fileEncoding = 4; lastKnownFileType = sourcecode.c.objc; path = FMDatabase.m; sourceTree = "<group>"; };
		BD0C9F281967388A003A88AC /* FMDatabaseAdditions.h */ = {isa = PBXFileReference; fileEncoding = 4; lastKnownFileType = sourcecode.c.h; path = FMDatabaseAdditions.h; sourceTree = "<group>"; };
		BD0C9F291967388A003A88AC /* FMDatabaseAdditions.m */ = {isa = PBXFileReference; fileEncoding = 4; lastKnownFileType = sourcecode.c.objc; path = FMDatabaseAdditions.m; sourceTree = "<group>"; };
		BD0C9F2A1967388A003A88AC /* FMDatabasePool.h */ = {isa = PBXFileReference; fileEncoding = 4; lastKnownFileType = sourcecode.c.h; path = FMDatabasePool.h; sourceTree = "<group>"; };
		BD0C9F2B1967388A003A88AC /* FMDatabasePool.m */ = {isa = PBXFileReference; fileEncoding = 4; lastKnownFileType = sourcecode.c.objc; path = FMDatabasePool.m; sourceTree = "<group>"; };
		BD0C9F2C1967388A003A88AC /* FMDatabaseQueue.h */ = {isa = PBXFileReference; fileEncoding = 4; lastKnownFileType = sourcecode.c.h; path = FMDatabaseQueue.h; sourceTree = "<group>"; };
		BD0C9F2D1967388A003A88AC /* FMDatabaseQueue.m */ = {isa = PBXFileReference; fileEncoding = 4; lastKnownFileType = sourcecode.c.objc; path = FMDatabaseQueue.m; sourceTree = "<group>"; };
		BD0C9F2E1967388A003A88AC /* FMDB.h */ = {isa = PBXFileReference; fileEncoding = 4; lastKnownFileType = sourcecode.c.h; path = FMDB.h; sourceTree = "<group>"; };
		BD0C9F2F1967388A003A88AC /* FMResultSet.h */ = {isa = PBXFileReference; fileEncoding = 4; lastKnownFileType = sourcecode.c.h; path = FMResultSet.h; sourceTree = "<group>"; };
		BD0C9F301967388A003A88AC /* FMResultSet.m */ = {isa = PBXFileReference; fileEncoding = 4; lastKnownFileType = sourcecode.c.objc; path = FMResultSet.m; sourceTree = "<group>"; };
		BD0C9F331967388A003A88AC /* SMXMLDocument.h */ = {isa = PBXFileReference; fileEncoding = 4; lastKnownFileType = sourcecode.c.h; path = SMXMLDocument.h; sourceTree = "<group>"; };
		BD0C9F341967388A003A88AC /* SMXMLDocument.m */ = {isa = PBXFileReference; fileEncoding = 4; lastKnownFileType = sourcecode.c.objc; path = SMXMLDocument.m; sourceTree = "<group>"; };
		BD0C9F7C1967505B003A88AC /* OSMTileTests.swift */ = {isa = PBXFileReference; fileEncoding = 4; lastKnownFileType = sourcecode.swift; path = OSMTileTests.swift; sourceTree = "<group>"; };
		BD0C9F7E196750D5003A88AC /* OSMElementsParserTests.swift */ = {isa = PBXFileReference; fileEncoding = 4; lastKnownFileType = sourcecode.swift; path = OSMElementsParserTests.swift; sourceTree = "<group>"; };
		BD0C9F8019675336003A88AC /* OSMWayTests.swift */ = {isa = PBXFileReference; fileEncoding = 4; lastKnownFileType = sourcecode.swift; path = OSMWayTests.swift; sourceTree = "<group>"; };
		BD11497B1993D406001A07A4 /* libbz2.1.0.dylib */ = {isa = PBXFileReference; lastKnownFileType = "compiled.mach-o.dylib"; name = libbz2.1.0.dylib; path = usr/lib/libbz2.1.0.dylib; sourceTree = SDKROOT; };
		BD2E7C7F195AEAFB00D57518 /* CoreLocation.framework */ = {isa = PBXFileReference; lastKnownFileType = wrapper.framework; name = CoreLocation.framework; path = System/Library/Frameworks/CoreLocation.framework; sourceTree = SDKROOT; };
		BD2EB9BB1966F0E600C8DEDD /* libsqlite3.dylib */ = {isa = PBXFileReference; lastKnownFileType = "compiled.mach-o.dylib"; name = libsqlite3.dylib; path = usr/lib/libsqlite3.dylib; sourceTree = SDKROOT; };
		BD37C83F1B1CB12A00FAAAF5 /* Nimble.framework */ = {isa = PBXFileReference; lastKnownFileType = wrapper.framework; name = Nimble.framework; path = Carthage/Build/iOS/Nimble.framework; sourceTree = SOURCE_ROOT; };
		BD37C8401B1CB12A00FAAAF5 /* Quick.framework */ = {isa = PBXFileReference; lastKnownFileType = wrapper.framework; name = Quick.framework; path = Carthage/Build/iOS/Quick.framework; sourceTree = SOURCE_ROOT; };
		BD37C8561B1CB3F700FAAAF5 /* xSpecTests.xctest */ = {isa = PBXFileReference; explicitFileType = wrapper.cfbundle; includeInIndex = 0; path = xSpecTests.xctest; sourceTree = BUILT_PRODUCTS_DIR; };
		BD37C8591B1CB3F700FAAAF5 /* Info.plist */ = {isa = PBXFileReference; lastKnownFileType = text.plist.xml; path = Info.plist; sourceTree = "<group>"; };
		BD37C8641B1CB7B000FAAAF5 /* OSMNodeTests.swift */ = {isa = PBXFileReference; fileEncoding = 4; lastKnownFileType = sourcecode.swift; path = OSMNodeTests.swift; sourceTree = "<group>"; };
		BD536AAA196A7E1B0017345D /* OSMBoundingBoxTests.swift */ = {isa = PBXFileReference; fileEncoding = 4; lastKnownFileType = sourcecode.swift; path = OSMBoundingBoxTests.swift; sourceTree = "<group>"; };
		BD5E011E1A1169BE0024C715 /* Launch Screen.xib */ = {isa = PBXFileReference; fileEncoding = 4; lastKnownFileType = file.xib; path = "Launch Screen.xib"; sourceTree = "<group>"; };
		BD5E01211A1205470024C715 /* logo_splashscreen.png */ = {isa = PBXFileReference; lastKnownFileType = image.png; name = logo_splashscreen.png; path = graphics/logo_splashscreen.png; sourceTree = SOURCE_ROOT; };
		BD66797D19B4A6BA00DFB53F /* MainViewController.swift */ = {isa = PBXFileReference; fileEncoding = 4; lastKnownFileType = sourcecode.swift; path = MainViewController.swift; sourceTree = "<group>"; };
		BD7188031A029F0300FBB2EE /* GAI.h */ = {isa = PBXFileReference; fileEncoding = 4; lastKnownFileType = sourcecode.c.h; path = GAI.h; sourceTree = "<group>"; };
		BD7188041A029F0300FBB2EE /* GAIDictionaryBuilder.h */ = {isa = PBXFileReference; fileEncoding = 4; lastKnownFileType = sourcecode.c.h; path = GAIDictionaryBuilder.h; sourceTree = "<group>"; };
		BD7188051A029F0300FBB2EE /* GAIEcommerceFields.h */ = {isa = PBXFileReference; fileEncoding = 4; lastKnownFileType = sourcecode.c.h; path = GAIEcommerceFields.h; sourceTree = "<group>"; };
		BD7188061A029F0300FBB2EE /* GAIEcommerceProduct.h */ = {isa = PBXFileReference; fileEncoding = 4; lastKnownFileType = sourcecode.c.h; path = GAIEcommerceProduct.h; sourceTree = "<group>"; };
		BD7188071A029F0300FBB2EE /* GAIEcommerceProductAction.h */ = {isa = PBXFileReference; fileEncoding = 4; lastKnownFileType = sourcecode.c.h; path = GAIEcommerceProductAction.h; sourceTree = "<group>"; };
		BD7188081A029F0300FBB2EE /* GAIEcommercePromotion.h */ = {isa = PBXFileReference; fileEncoding = 4; lastKnownFileType = sourcecode.c.h; path = GAIEcommercePromotion.h; sourceTree = "<group>"; };
		BD7188091A029F0300FBB2EE /* GAIFields.h */ = {isa = PBXFileReference; fileEncoding = 4; lastKnownFileType = sourcecode.c.h; path = GAIFields.h; sourceTree = "<group>"; };
		BD71880A1A029F0300FBB2EE /* GAILogger.h */ = {isa = PBXFileReference; fileEncoding = 4; lastKnownFileType = sourcecode.c.h; path = GAILogger.h; sourceTree = "<group>"; };
		BD71880B1A029F0300FBB2EE /* GAITrackedViewController.h */ = {isa = PBXFileReference; fileEncoding = 4; lastKnownFileType = sourcecode.c.h; path = GAITrackedViewController.h; sourceTree = "<group>"; };
		BD71880C1A029F0300FBB2EE /* GAITracker.h */ = {isa = PBXFileReference; fileEncoding = 4; lastKnownFileType = sourcecode.c.h; path = GAITracker.h; sourceTree = "<group>"; };
		BD71880D1A029F0300FBB2EE /* libGoogleAnalyticsServices.a */ = {isa = PBXFileReference; explicitFileType = "compiled.mach-o.dylib"; path = libGoogleAnalyticsServices.a; sourceTree = "<group>"; };
		BD75BF6D1A68775000C3397B /* logo_splashscreen@2x.png */ = {isa = PBXFileReference; lastKnownFileType = image.png; name = "logo_splashscreen@2x.png"; path = "graphics/logo_splashscreen@2x.png"; sourceTree = SOURCE_ROOT; };
		BD75BF6E1A68775000C3397B /* logo_splashscreen@3x.png */ = {isa = PBXFileReference; lastKnownFileType = image.png; name = "logo_splashscreen@3x.png"; path = "graphics/logo_splashscreen@3x.png"; sourceTree = SOURCE_ROOT; };
		BD76B8C31A713DEC00546FF7 /* UINavigationController+Orientation.h */ = {isa = PBXFileReference; fileEncoding = 4; lastKnownFileType = sourcecode.c.h; path = "UINavigationController+Orientation.h"; sourceTree = "<group>"; };
		BD76B8C41A713DEC00546FF7 /* UINavigationController+Orientation.m */ = {isa = PBXFileReference; fileEncoding = 4; lastKnownFileType = sourcecode.c.objc; path = "UINavigationController+Orientation.m"; sourceTree = "<group>"; };
		BD79E6461A0B78FC00027690 /* Calculations.swift */ = {isa = PBXFileReference; fileEncoding = 4; lastKnownFileType = sourcecode.swift; path = Calculations.swift; sourceTree = "<group>"; };
		BD79E6471A0B78FC00027690 /* Constants.swift */ = {isa = PBXFileReference; fileEncoding = 4; lastKnownFileType = sourcecode.swift; path = Constants.swift; sourceTree = "<group>"; };
		BD79E64A1A0B78FC00027690 /* NSData+bz2.h */ = {isa = PBXFileReference; fileEncoding = 4; lastKnownFileType = sourcecode.c.h; path = "NSData+bz2.h"; sourceTree = "<group>"; };
		BD79E64B1A0B78FC00027690 /* NSData+bz2.m */ = {isa = PBXFileReference; fileEncoding = 4; lastKnownFileType = sourcecode.c.objc; path = "NSData+bz2.m"; sourceTree = "<group>"; };
		BD79E64C1A0B78FC00027690 /* OSMBoundingBox.swift */ = {isa = PBXFileReference; fileEncoding = 4; lastKnownFileType = sourcecode.swift; path = OSMBoundingBox.swift; sourceTree = "<group>"; };
		BD79E64D1A0B78FC00027690 /* OSMElementsParser.swift */ = {isa = PBXFileReference; fileEncoding = 4; lastKnownFileType = sourcecode.swift; path = OSMElementsParser.swift; sourceTree = "<group>"; };
		BD79E64E1A0B78FC00027690 /* OSMNode.swift */ = {isa = PBXFileReference; fileEncoding = 4; lastKnownFileType = sourcecode.swift; path = OSMNode.swift; sourceTree = "<group>"; };
		BD79E64F1A0B78FC00027690 /* OSMTile.swift */ = {isa = PBXFileReference; fileEncoding = 4; lastKnownFileType = sourcecode.swift; path = OSMTile.swift; sourceTree = "<group>"; };
		BD79E6501A0B78FC00027690 /* OSMTilesDownloader.swift */ = {isa = PBXFileReference; fileEncoding = 4; lastKnownFileType = sourcecode.swift; path = OSMTilesDownloader.swift; sourceTree = "<group>"; };
		BD79E6511A0B78FC00027690 /* OSMWay.swift */ = {isa = PBXFileReference; fileEncoding = 4; lastKnownFileType = sourcecode.swift; path = OSMWay.swift; sourceTree = "<group>"; };
		BD79E6521A0B78FC00027690 /* Database.swift */ = {isa = PBXFileReference; fileEncoding = 4; lastKnownFileType = sourcecode.swift; path = Database.swift; sourceTree = "<group>"; };
		BD79E6531A0B78FC00027690 /* TypeTranslator.swift */ = {isa = PBXFileReference; fileEncoding = 4; lastKnownFileType = sourcecode.swift; path = TypeTranslator.swift; sourceTree = "<group>"; };
		BD7A7C8B19FA57D7001F5005 /* translation.json */ = {isa = PBXFileReference; fileEncoding = 4; lastKnownFileType = text.json; name = translation.json; path = scripts/translation.json; sourceTree = SOURCE_ROOT; };
		BD7D7FFE199A4E530069A19D /* libz.1.2.5.dylib */ = {isa = PBXFileReference; lastKnownFileType = "compiled.mach-o.dylib"; name = libz.1.2.5.dylib; path = usr/lib/libz.1.2.5.dylib; sourceTree = SDKROOT; };
		BD7D8007199A504D0069A19D /* empty.osm */ = {isa = PBXFileReference; fileEncoding = 4; lastKnownFileType = text.xml; name = empty.osm; path = "../Talking Companion/Resources/empty.osm"; sourceTree = "<group>"; };
		BD7D8008199A504D0069A19D /* map.osm */ = {isa = PBXFileReference; fileEncoding = 4; lastKnownFileType = text.xml; name = map.osm; path = "../Talking Companion/Resources/map.osm"; sourceTree = "<group>"; };
		BD9EEF4519924A9200BC8A02 /* Settings.plist */ = {isa = PBXFileReference; fileEncoding = 4; lastKnownFileType = text.plist.xml; name = Settings.plist; path = "View Controllers/Settings.plist"; sourceTree = "<group>"; };
		BDA72E8A19F13F3300C7DA25 /* ru */ = {isa = PBXFileReference; lastKnownFileType = text.plist.strings; name = ru; path = ru.lproj/Localizable.strings; sourceTree = "<group>"; };
		BDA72E8B19F141A200C7DA25 /* en */ = {isa = PBXFileReference; lastKnownFileType = text.plist.strings; name = en; path = en.lproj/Localizable.strings; sourceTree = "<group>"; };
		BDA72E8C19F1432700C7DA25 /* ru */ = {isa = PBXFileReference; lastKnownFileType = file.storyboard; name = ru; path = ru.lproj/Main.storyboard; sourceTree = "<group>"; };
		BDB2F1661AE804DE0082DE27 /* SwiftyJSON.framework */ = {isa = PBXFileReference; lastKnownFileType = wrapper.framework; name = SwiftyJSON.framework; path = Carthage/Build/iOS/SwiftyJSON.framework; sourceTree = SOURCE_ROOT; };
		BDB5897B195888670090E178 /* Talking Companion.app */ = {isa = PBXFileReference; explicitFileType = wrapper.application; includeInIndex = 0; path = "Talking Companion.app"; sourceTree = BUILT_PRODUCTS_DIR; };
		BDB5897F195888670090E178 /* Info.plist */ = {isa = PBXFileReference; lastKnownFileType = text.plist.xml; path = Info.plist; sourceTree = "<group>"; };
		BDB58980195888670090E178 /* AppDelegate.swift */ = {isa = PBXFileReference; lastKnownFileType = sourcecode.swift; path = AppDelegate.swift; sourceTree = "<group>"; };
		BDB58985195888670090E178 /* Base */ = {isa = PBXFileReference; lastKnownFileType = file.storyboard; name = Base; path = Base.lproj/Main.storyboard; sourceTree = "<group>"; };
		BDB58987195888670090E178 /* Images.xcassets */ = {isa = PBXFileReference; lastKnownFileType = folder.assetcatalog; path = Images.xcassets; sourceTree = "<group>"; };
		BDB5898D195888670090E178 /* Talking CompanionTests.xctest */ = {isa = PBXFileReference; explicitFileType = wrapper.cfbundle; includeInIndex = 0; path = "Talking CompanionTests.xctest"; sourceTree = BUILT_PRODUCTS_DIR; };
		BDB58992195888670090E178 /* Info.plist */ = {isa = PBXFileReference; lastKnownFileType = text.plist.xml; path = Info.plist; sourceTree = "<group>"; };
		BDBFD5B11975325B0088F1CB /* CalculationsTests.swift */ = {isa = PBXFileReference; fileEncoding = 4; lastKnownFileType = sourcecode.swift; path = CalculationsTests.swift; sourceTree = "<group>"; };
		BDC820F9199243F60055ABBE /* SettingsViewController.swift */ = {isa = PBXFileReference; fileEncoding = 4; lastKnownFileType = sourcecode.swift; path = SettingsViewController.swift; sourceTree = "<group>"; };
		BDD89B84195B095F0020ACA7 /* AVFoundation.framework */ = {isa = PBXFileReference; lastKnownFileType = wrapper.framework; name = AVFoundation.framework; path = System/Library/Frameworks/AVFoundation.framework; sourceTree = SDKROOT; };
/* End PBXFileReference section */

/* Begin PBXFrameworksBuildPhase section */
		BD37C8531B1CB3F700FAAAF5 /* Frameworks */ = {
			isa = PBXFrameworksBuildPhase;
			buildActionMask = 2147483647;
			files = (
				BD37C8621B1CB3FF00FAAAF5 /* Quick.framework in Frameworks */,
				BD37C8611B1CB3FC00FAAAF5 /* Nimble.framework in Frameworks */,
			);
			runOnlyForDeploymentPostprocessing = 0;
		};
		BDB58978195888670090E178 /* Frameworks */ = {
			isa = PBXFrameworksBuildPhase;
			buildActionMask = 2147483647;
			files = (
				BDB2F1671AE804DE0082DE27 /* SwiftyJSON.framework in Frameworks */,
				BD0B41841A00161700B11A83 /* SystemConfiguration.framework in Frameworks */,
				BD0B41821A00160F00B11A83 /* libz.dylib in Frameworks */,
				BD71880E1A029F0300FBB2EE /* libGoogleAnalyticsServices.a in Frameworks */,
				BD0B41801A00160400B11A83 /* AdSupport.framework in Frameworks */,
				BD0B417E1A0015F400B11A83 /* CoreData.framework in Frameworks */,
				BD11497C1993D406001A07A4 /* libbz2.1.0.dylib in Frameworks */,
				BD2EB9BC1966F0E600C8DEDD /* libsqlite3.dylib in Frameworks */,
				BDD89B85195B095F0020ACA7 /* AVFoundation.framework in Frameworks */,
				BD2E7C80195AEAFB00D57518 /* CoreLocation.framework in Frameworks */,
			);
			runOnlyForDeploymentPostprocessing = 0;
		};
		BDB5898A195888670090E178 /* Frameworks */ = {
			isa = PBXFrameworksBuildPhase;
			buildActionMask = 2147483647;
			files = (
				BD7D8000199A4E730069A19D /* libbz2.1.0.dylib in Frameworks */,
				BD0C9F7B196738C0003A88AC /* libsqlite3.dylib in Frameworks */,
			);
			runOnlyForDeploymentPostprocessing = 0;
		};
/* End PBXFrameworksBuildPhase section */

/* Begin PBXGroup section */
		BD0C9F101967388A003A88AC /* Resources */ = {
			isa = PBXGroup;
			children = (
				BD0C9F111967388A003A88AC /* AFNetworking */,
				BD0C9F251967388A003A88AC /* fmdb */,
				BD7188021A029F0300FBB2EE /* GAI */,
				BD5E01201A12053D0024C715 /* Graphics */,
				BD0C9F321967388A003A88AC /* SMXMLDocument */,
				BD7A7C8B19FA57D7001F5005 /* translation.json */,
			);
			path = Resources;
			sourceTree = "<group>";
		};
		BD0C9F111967388A003A88AC /* AFNetworking */ = {
			isa = PBXGroup;
			children = (
				BD0C9F121967388A003A88AC /* AFHTTPRequestOperation.h */,
				BD0C9F131967388A003A88AC /* AFHTTPRequestOperation.m */,
				BD0C9F141967388A003A88AC /* AFHTTPRequestOperationManager.h */,
				BD0C9F151967388A003A88AC /* AFHTTPRequestOperationManager.m */,
				BD0C9F161967388A003A88AC /* AFHTTPSessionManager.h */,
				BD0C9F171967388A003A88AC /* AFHTTPSessionManager.m */,
				BD0C9F181967388A003A88AC /* AFNetworking.h */,
				BD0C9F191967388A003A88AC /* AFNetworkReachabilityManager.h */,
				BD0C9F1A1967388A003A88AC /* AFNetworkReachabilityManager.m */,
				BD0C9F1B1967388A003A88AC /* AFSecurityPolicy.h */,
				BD0C9F1C1967388A003A88AC /* AFSecurityPolicy.m */,
				BD0C9F1D1967388A003A88AC /* AFURLConnectionOperation.h */,
				BD0C9F1E1967388A003A88AC /* AFURLConnectionOperation.m */,
				BD0C9F1F1967388A003A88AC /* AFURLRequestSerialization.h */,
				BD0C9F201967388A003A88AC /* AFURLRequestSerialization.m */,
				BD0C9F211967388A003A88AC /* AFURLResponseSerialization.h */,
				BD0C9F221967388A003A88AC /* AFURLResponseSerialization.m */,
				BD0C9F231967388A003A88AC /* AFURLSessionManager.h */,
				BD0C9F241967388A003A88AC /* AFURLSessionManager.m */,
			);
			path = AFNetworking;
			sourceTree = "<group>";
		};
		BD0C9F251967388A003A88AC /* fmdb */ = {
			isa = PBXGroup;
			children = (
				BD0C9F261967388A003A88AC /* FMDatabase.h */,
				BD0C9F271967388A003A88AC /* FMDatabase.m */,
				BD0C9F281967388A003A88AC /* FMDatabaseAdditions.h */,
				BD0C9F291967388A003A88AC /* FMDatabaseAdditions.m */,
				BD0C9F2A1967388A003A88AC /* FMDatabasePool.h */,
				BD0C9F2B1967388A003A88AC /* FMDatabasePool.m */,
				BD0C9F2C1967388A003A88AC /* FMDatabaseQueue.h */,
				BD0C9F2D1967388A003A88AC /* FMDatabaseQueue.m */,
				BD0C9F2E1967388A003A88AC /* FMDB.h */,
				BD0C9F2F1967388A003A88AC /* FMResultSet.h */,
				BD0C9F301967388A003A88AC /* FMResultSet.m */,
			);
			path = fmdb;
			sourceTree = "<group>";
		};
		BD0C9F321967388A003A88AC /* SMXMLDocument */ = {
			isa = PBXGroup;
			children = (
				BD0C9F331967388A003A88AC /* SMXMLDocument.h */,
				BD0C9F341967388A003A88AC /* SMXMLDocument.m */,
			);
			path = SMXMLDocument;
			sourceTree = "<group>";
		};
		BD37C8571B1CB3F700FAAAF5 /* xSpecTests */ = {
			isa = PBXGroup;
			children = (
				BD37C8581B1CB3F700FAAAF5 /* Supporting Files */,
				BD37C8641B1CB7B000FAAAF5 /* OSMNodeTests.swift */,
			);
			path = xSpecTests;
			sourceTree = "<group>";
		};
		BD37C8581B1CB3F700FAAAF5 /* Supporting Files */ = {
			isa = PBXGroup;
			children = (
				BD37C8591B1CB3F700FAAAF5 /* Info.plist */,
			);
			name = "Supporting Files";
			sourceTree = "<group>";
		};
		BD4FBD1A1963179200D8F725 /* View Controllers */ = {
			isa = PBXGroup;
			children = (
				BDB58984195888670090E178 /* Main.storyboard */,
				BD66797D19B4A6BA00DFB53F /* MainViewController.swift */,
				BDC820F9199243F60055ABBE /* SettingsViewController.swift */,
				BD5E011E1A1169BE0024C715 /* Launch Screen.xib */,
			);
			path = "View Controllers";
			sourceTree = "<group>";
		};
		BD5E01201A12053D0024C715 /* Graphics */ = {
			isa = PBXGroup;
			children = (
				BD5E01211A1205470024C715 /* logo_splashscreen.png */,
				BD75BF6D1A68775000C3397B /* logo_splashscreen@2x.png */,
				BD75BF6E1A68775000C3397B /* logo_splashscreen@3x.png */,
			);
			name = Graphics;
			sourceTree = "<group>";
		};
		BD7188021A029F0300FBB2EE /* GAI */ = {
			isa = PBXGroup;
			children = (
				BD7188031A029F0300FBB2EE /* GAI.h */,
				BD7188041A029F0300FBB2EE /* GAIDictionaryBuilder.h */,
				BD7188051A029F0300FBB2EE /* GAIEcommerceFields.h */,
				BD7188061A029F0300FBB2EE /* GAIEcommerceProduct.h */,
				BD7188071A029F0300FBB2EE /* GAIEcommerceProductAction.h */,
				BD7188081A029F0300FBB2EE /* GAIEcommercePromotion.h */,
				BD7188091A029F0300FBB2EE /* GAIFields.h */,
				BD71880A1A029F0300FBB2EE /* GAILogger.h */,
				BD71880B1A029F0300FBB2EE /* GAITrackedViewController.h */,
				BD71880C1A029F0300FBB2EE /* GAITracker.h */,
				BD71880D1A029F0300FBB2EE /* libGoogleAnalyticsServices.a */,
			);
			path = GAI;
			sourceTree = "<group>";
		};
		BD75BF6B1A68752300C3397B /* Resources */ = {
			isa = PBXGroup;
			children = (
				BD7D8007199A504D0069A19D /* empty.osm */,
				BD7D8008199A504D0069A19D /* map.osm */,
			);
			name = Resources;
			sourceTree = "<group>";
		};
		BD79E6451A0B78FC00027690 /* Models */ = {
			isa = PBXGroup;
			children = (
				BD79E6461A0B78FC00027690 /* Calculations.swift */,
				BD79E6471A0B78FC00027690 /* Constants.swift */,
				BD79E6521A0B78FC00027690 /* Database.swift */,
				BD79E64A1A0B78FC00027690 /* NSData+bz2.h */,
				BD79E64B1A0B78FC00027690 /* NSData+bz2.m */,
				BD79E64C1A0B78FC00027690 /* OSMBoundingBox.swift */,
				BD79E64D1A0B78FC00027690 /* OSMElementsParser.swift */,
				BD79E64E1A0B78FC00027690 /* OSMNode.swift */,
				BD79E64F1A0B78FC00027690 /* OSMTile.swift */,
				BD79E6501A0B78FC00027690 /* OSMTilesDownloader.swift */,
				BD79E6511A0B78FC00027690 /* OSMWay.swift */,
				BD79E6531A0B78FC00027690 /* TypeTranslator.swift */,
				BD76B8C31A713DEC00546FF7 /* UINavigationController+Orientation.h */,
				BD76B8C41A713DEC00546FF7 /* UINavigationController+Orientation.m */,
			);
			path = Models;
			sourceTree = "<group>";
		};
		BDB58972195888670090E178 = {
			isa = PBXGroup;
			children = (
				BDB5897D195888670090E178 /* Talking Companion */,
				BDB58990195888670090E178 /* Talking CompanionTests */,
				BD37C8571B1CB3F700FAAAF5 /* xSpecTests */,
				BDFFA009195C367700288E6D /* Frameworks */,
				BDB5897C195888670090E178 /* Products */,
			);
			sourceTree = "<group>";
		};
		BDB5897C195888670090E178 /* Products */ = {
			isa = PBXGroup;
			children = (
				BDB5897B195888670090E178 /* Talking Companion.app */,
				BDB5898D195888670090E178 /* Talking CompanionTests.xctest */,
				BD37C8561B1CB3F700FAAAF5 /* xSpecTests.xctest */,
			);
			name = Products;
			sourceTree = "<group>";
		};
		BDB5897D195888670090E178 /* Talking Companion */ = {
			isa = PBXGroup;
			children = (
				BD0C9F101967388A003A88AC /* Resources */,
				BD79E6451A0B78FC00027690 /* Models */,
				BD4FBD1A1963179200D8F725 /* View Controllers */,
				BDB58980195888670090E178 /* AppDelegate.swift */,
				BDB5897E195888670090E178 /* Supporting Files */,
			);
			path = "Talking Companion";
			sourceTree = "<group>";
		};
		BDB5897E195888670090E178 /* Supporting Files */ = {
			isa = PBXGroup;
			children = (
				BD9EEF4519924A9200BC8A02 /* Settings.plist */,
				BDB5897F195888670090E178 /* Info.plist */,
				BD0C9F0F19673863003A88AC /* Talking_Companion-Bridging-Header.h */,
				BDB58987195888670090E178 /* Images.xcassets */,
				BDA72E8819F13F3000C7DA25 /* Localizable.strings */,
			);
			name = "Supporting Files";
			sourceTree = "<group>";
		};
		BDB58990195888670090E178 /* Talking CompanionTests */ = {
			isa = PBXGroup;
			children = (
				BD75BF6B1A68752300C3397B /* Resources */,
				BDBFD5B11975325B0088F1CB /* CalculationsTests.swift */,
				BD536AAA196A7E1B0017345D /* OSMBoundingBoxTests.swift */,
				BD0C9F7E196750D5003A88AC /* OSMElementsParserTests.swift */,
				BD0C9F061967332A003A88AC /* OSMNodeTests.swift */,
				BD0C9F7C1967505B003A88AC /* OSMTileTests.swift */,
				BD0C9F8019675336003A88AC /* OSMWayTests.swift */,
				BDB58991195888670090E178 /* Supporting Files */,
			);
			path = "Talking CompanionTests";
			sourceTree = "<group>";
		};
		BDB58991195888670090E178 /* Supporting Files */ = {
			isa = PBXGroup;
			children = (
				BDB58992195888670090E178 /* Info.plist */,
			);
			name = "Supporting Files";
			sourceTree = "<group>";
		};
		BDFFA009195C367700288E6D /* Frameworks */ = {
			isa = PBXGroup;
			children = (
				BD37C83F1B1CB12A00FAAAF5 /* Nimble.framework */,
				BD37C8401B1CB12A00FAAAF5 /* Quick.framework */,
				BDB2F1661AE804DE0082DE27 /* SwiftyJSON.framework */,
				BD0B41831A00161700B11A83 /* SystemConfiguration.framework */,
				BD0B41811A00160F00B11A83 /* libz.dylib */,
				BD0B417F1A00160400B11A83 /* AdSupport.framework */,
				BD0B417D1A0015F400B11A83 /* CoreData.framework */,
				BD7D7FFE199A4E530069A19D /* libz.1.2.5.dylib */,
				BD11497B1993D406001A07A4 /* libbz2.1.0.dylib */,
				BD2EB9BB1966F0E600C8DEDD /* libsqlite3.dylib */,
				BDD89B84195B095F0020ACA7 /* AVFoundation.framework */,
				BD2E7C7F195AEAFB00D57518 /* CoreLocation.framework */,
			);
			name = Frameworks;
			path = "Talking CompanionTests";
			sourceTree = "<group>";
		};
/* End PBXGroup section */

/* Begin PBXNativeTarget section */
		BD37C8551B1CB3F700FAAAF5 /* xSpecTests */ = {
			isa = PBXNativeTarget;
			buildConfigurationList = BD37C85E1B1CB3F700FAAAF5 /* Build configuration list for PBXNativeTarget "xSpecTests" */;
			buildPhases = (
				BD37C8521B1CB3F700FAAAF5 /* Sources */,
				BD37C8531B1CB3F700FAAAF5 /* Frameworks */,
				BD37C8541B1CB3F700FAAAF5 /* Resources */,
			);
			buildRules = (
			);
			dependencies = (
				BD37C85D1B1CB3F700FAAAF5 /* PBXTargetDependency */,
			);
			name = xSpecTests;
			productName = xSpecTests;
			productReference = BD37C8561B1CB3F700FAAAF5 /* xSpecTests.xctest */;
			productType = "com.apple.product-type.bundle.unit-test";
		};
		BDB5897A195888670090E178 /* Talking Companion */ = {
			isa = PBXNativeTarget;
			buildConfigurationList = BDB58997195888670090E178 /* Build configuration list for PBXNativeTarget "Talking Companion" */;
			buildPhases = (
				BDB58977195888670090E178 /* Sources */,
				BDB58978195888670090E178 /* Frameworks */,
				BDB58979195888670090E178 /* Resources */,
				BDB2F1681AE804F90082DE27 /* Carthage */,
			);
			buildRules = (
			);
			dependencies = (
			);
			name = "Talking Companion";
			productName = "Talking Companion";
			productReference = BDB5897B195888670090E178 /* Talking Companion.app */;
			productType = "com.apple.product-type.application";
		};
		BDB5898C195888670090E178 /* Talking CompanionTests */ = {
			isa = PBXNativeTarget;
			buildConfigurationList = BDB5899A195888670090E178 /* Build configuration list for PBXNativeTarget "Talking CompanionTests" */;
			buildPhases = (
				BDB58989195888670090E178 /* Sources */,
				BDB5898A195888670090E178 /* Frameworks */,
				BDB5898B195888670090E178 /* Resources */,
			);
			buildRules = (
			);
			dependencies = (
				BDB5898F195888670090E178 /* PBXTargetDependency */,
				BD0C9F0A1967357D003A88AC /* PBXTargetDependency */,
				BD0C9F0C1967357D003A88AC /* PBXTargetDependency */,
				BD0C9F781967389A003A88AC /* PBXTargetDependency */,
				BD0C9F7A196738A9003A88AC /* PBXTargetDependency */,
				BD536AAD196A82780017345D /* PBXTargetDependency */,
			);
			name = "Talking CompanionTests";
			productName = "Talking CompanionTests";
			productReference = BDB5898D195888670090E178 /* Talking CompanionTests.xctest */;
			productType = "com.apple.product-type.bundle.unit-test";
		};
/* End PBXNativeTarget section */

/* Begin PBXProject section */
		BDB58973195888670090E178 /* Project object */ = {
			isa = PBXProject;
			attributes = {
				LastUpgradeCheck = 0600;
				ORGANIZATIONNAME = "serejahh inc.";
				TargetAttributes = {
					BD37C8551B1CB3F700FAAAF5 = {
						CreatedOnToolsVersion = 6.4;
						TestTargetID = BDB5897A195888670090E178;
					};
					BDB5897A195888670090E178 = {
						CreatedOnToolsVersion = 6.0;
						DevelopmentTeam = FLCRYA4YN2;
						SystemCapabilities = {
							com.apple.BackgroundModes = {
								enabled = 1;
							};
							com.apple.Maps.iOS = {
								enabled = 0;
							};
						};
					};
					BDB5898C195888670090E178 = {
						CreatedOnToolsVersion = 6.0;
						TestTargetID = BDB5897A195888670090E178;
					};
				};
			};
			buildConfigurationList = BDB58976195888670090E178 /* Build configuration list for PBXProject "Talking Companion" */;
			compatibilityVersion = "Xcode 3.2";
			developmentRegion = English;
			hasScannedForEncodings = 0;
			knownRegions = (
				en,
				Base,
				ru,
			);
			mainGroup = BDB58972195888670090E178;
			productRefGroup = BDB5897C195888670090E178 /* Products */;
			projectDirPath = "";
			projectRoot = "";
			targets = (
				BDB5897A195888670090E178 /* Talking Companion */,
				BDB5898C195888670090E178 /* Talking CompanionTests */,
				BD37C8551B1CB3F700FAAAF5 /* xSpecTests */,
			);
		};
/* End PBXProject section */

/* Begin PBXResourcesBuildPhase section */
		BD37C8541B1CB3F700FAAAF5 /* Resources */ = {
			isa = PBXResourcesBuildPhase;
			buildActionMask = 2147483647;
			files = (
			);
			runOnlyForDeploymentPostprocessing = 0;
		};
		BDB58979195888670090E178 /* Resources */ = {
			isa = PBXResourcesBuildPhase;
			buildActionMask = 2147483647;
			files = (
				BD75BF6F1A68775000C3397B /* logo_splashscreen@2x.png in Resources */,
				BDA72E8619F13F3000C7DA25 /* Localizable.strings in Resources */,
				BD75BF701A68775000C3397B /* logo_splashscreen@3x.png in Resources */,
				BD1C1B8A1AE670F70001384F /* empty.osm in Resources */,
				BD5E011F1A1169BE0024C715 /* Launch Screen.xib in Resources */,
				BD7A7C8C19FA57D7001F5005 /* translation.json in Resources */,
				BDB58986195888670090E178 /* Main.storyboard in Resources */,
				BDB58988195888670090E178 /* Images.xcassets in Resources */,
				BD1C1B8B1AE670F90001384F /* map.osm in Resources */,
				BD9EEF4619924A9200BC8A02 /* Settings.plist in Resources */,
				BD5E01221A1205470024C715 /* logo_splashscreen.png in Resources */,
			);
			runOnlyForDeploymentPostprocessing = 0;
		};
		BDB5898B195888670090E178 /* Resources */ = {
			isa = PBXResourcesBuildPhase;
			buildActionMask = 2147483647;
			files = (
				BD7D800C199A504D0069A19D /* map.osm in Resources */,
				BD1C1B891AE670C20001384F /* translation.json in Resources */,
				BD7D800A199A504D0069A19D /* empty.osm in Resources */,
			);
			runOnlyForDeploymentPostprocessing = 0;
		};
/* End PBXResourcesBuildPhase section */

/* Begin PBXShellScriptBuildPhase section */
		BDB2F1681AE804F90082DE27 /* Carthage */ = {
			isa = PBXShellScriptBuildPhase;
			buildActionMask = 2147483647;
			files = (
			);
			inputPaths = (
				"$(SRCROOT)/Carthage/Build/iOS/SwiftyJSON.framework",
				"$(SRCROOT)/Carthage/Build/iOS/Quick.framework",
				"$(SRCROOT)/Carthage/Build/iOS/Nimble.framework",
			);
			name = Carthage;
			outputPaths = (
			);
			runOnlyForDeploymentPostprocessing = 0;
			shellPath = "/usr/local/bin/carthage copy-frameworks";
			shellScript = "";
		};
/* End PBXShellScriptBuildPhase section */

/* Begin PBXSourcesBuildPhase section */
		BD37C8521B1CB3F700FAAAF5 /* Sources */ = {
			isa = PBXSourcesBuildPhase;
			buildActionMask = 2147483647;
			files = (
				BD37C8691B1CB9B000FAAAF5 /* OSMElementsParser.swift in Sources */,
				BD37C86F1B1CB9B300FAAAF5 /* Constants.swift in Sources */,
				BD37C8671B1CB9A300FAAAF5 /* Database.swift in Sources */,
				BD37C8681B1CB9B000FAAAF5 /* OSMBoundingBox.swift in Sources */,
				BD37C86E1B1CB9B300FAAAF5 /* Calculations.swift in Sources */,
				BD37C86D1B1CB9B000FAAAF5 /* TypeTranslator.swift in Sources */,
				BD37C8651B1CB7B000FAAAF5 /* OSMNodeTests.swift in Sources */,
				BD37C8661B1CB89E00FAAAF5 /* OSMNode.swift in Sources */,
				BD37C86A1B1CB9B000FAAAF5 /* OSMTile.swift in Sources */,
				BD37C86B1B1CB9B000FAAAF5 /* OSMTilesDownloader.swift in Sources */,
				BD37C8701B1CC36D00FAAAF5 /* SMXMLDocument.m in Sources */,
				BD37C86C1B1CB9B000FAAAF5 /* OSMWay.swift in Sources */,
			);
			runOnlyForDeploymentPostprocessing = 0;
		};
		BDB58977195888670090E178 /* Sources */ = {
			isa = PBXSourcesBuildPhase;
			buildActionMask = 2147483647;
			files = (
				BD0C9F4F1967388A003A88AC /* AFSecurityPolicy.m in Sources */,
				BD0C9F591967388A003A88AC /* FMDatabase.m in Sources */,
				BD0C9F4D1967388A003A88AC /* AFNetworkReachabilityManager.m in Sources */,
				BD0C9F5D1967388A003A88AC /* FMDatabasePool.m in Sources */,
				BD0C9F511967388A003A88AC /* AFURLConnectionOperation.m in Sources */,
				BD0C9F471967388A003A88AC /* AFHTTPRequestOperation.m in Sources */,
				BD0C9F4B1967388A003A88AC /* AFHTTPSessionManager.m in Sources */,
				BD79E6601A0B78FC00027690 /* TypeTranslator.swift in Sources */,
				BD79E65A1A0B78FC00027690 /* OSMElementsParser.swift in Sources */,
				BD0C9F531967388A003A88AC /* AFURLRequestSerialization.m in Sources */,
				BD0C9F651967388A003A88AC /* SMXMLDocument.m in Sources */,
				BD76B8C51A713DEC00546FF7 /* UINavigationController+Orientation.m in Sources */,
				BD79E65F1A0B78FC00027690 /* Database.swift in Sources */,
				BD79E65B1A0B78FC00027690 /* OSMNode.swift in Sources */,
				BD0C9F571967388A003A88AC /* AFURLSessionManager.m in Sources */,
				BD0C9F491967388A003A88AC /* AFHTTPRequestOperationManager.m in Sources */,
				BD79E6581A0B78FC00027690 /* NSData+bz2.m in Sources */,
				BDB58981195888670090E178 /* AppDelegate.swift in Sources */,
				BD0C9F551967388A003A88AC /* AFURLResponseSerialization.m in Sources */,
				BD0C9F611967388A003A88AC /* FMResultSet.m in Sources */,
				BDC820FA199243F60055ABBE /* SettingsViewController.swift in Sources */,
				BD79E6541A0B78FC00027690 /* Calculations.swift in Sources */,
				BD0C9F5F1967388A003A88AC /* FMDatabaseQueue.m in Sources */,
				BD0C9F5B1967388A003A88AC /* FMDatabaseAdditions.m in Sources */,
				BD79E6591A0B78FC00027690 /* OSMBoundingBox.swift in Sources */,
				BD66797E19B4A6BA00DFB53F /* MainViewController.swift in Sources */,
				BD79E65C1A0B78FC00027690 /* OSMTile.swift in Sources */,
				BD79E6551A0B78FC00027690 /* Constants.swift in Sources */,
				BD79E65D1A0B78FC00027690 /* OSMTilesDownloader.swift in Sources */,
				BD79E65E1A0B78FC00027690 /* OSMWay.swift in Sources */,
			);
			runOnlyForDeploymentPostprocessing = 0;
		};
		BDB58989195888670090E178 /* Sources */ = {
			isa = PBXSourcesBuildPhase;
			buildActionMask = 2147483647;
			files = (
				BD2241731A1E3C2200BD3A41 /* Constants.swift in Sources */,
				BD0C9F541967388A003A88AC /* AFURLRequestSerialization.m in Sources */,
				BD0C9F521967388A003A88AC /* AFURLConnectionOperation.m in Sources */,
				BD0C9F501967388A003A88AC /* AFSecurityPolicy.m in Sources */,
				BD0C9F5A1967388A003A88AC /* FMDatabase.m in Sources */,
				BDBFD5B21975325B0088F1CB /* CalculationsTests.swift in Sources */,
				BD2241771A1E3C2F00BD3A41 /* OSMNode.swift in Sources */,
				BD0C9F7D1967505B003A88AC /* OSMTileTests.swift in Sources */,
				BD22417B1A1E3C3F00BD3A41 /* OSMElementsParser.swift in Sources */,
				BD0C9F481967388A003A88AC /* AFHTTPRequestOperation.m in Sources */,
				BD2241721A1E3C1F00BD3A41 /* Calculations.swift in Sources */,
				BD0C9F601967388A003A88AC /* FMDatabaseQueue.m in Sources */,
				BD0C9F621967388A003A88AC /* FMResultSet.m in Sources */,
				BD536AAB196A7E1B0017345D /* OSMBoundingBoxTests.swift in Sources */,
				BD0C9F581967388A003A88AC /* AFURLSessionManager.m in Sources */,
				BD2241791A1E3C3600BD3A41 /* OSMWay.swift in Sources */,
				BD2241781A1E3C3300BD3A41 /* OSMTilesDownloader.swift in Sources */,
				BD0C9F8119675336003A88AC /* OSMWayTests.swift in Sources */,
				BD0C9F561967388A003A88AC /* AFURLResponseSerialization.m in Sources */,
				BD0C9F7F196750D5003A88AC /* OSMElementsParserTests.swift in Sources */,
				BD2241751A1E3C2A00BD3A41 /* OSMBoundingBox.swift in Sources */,
				BD0C9F661967388A003A88AC /* SMXMLDocument.m in Sources */,
				BD0C9F5C1967388A003A88AC /* FMDatabaseAdditions.m in Sources */,
				BD0C9F4C1967388A003A88AC /* AFHTTPSessionManager.m in Sources */,
				BD0C9F4A1967388A003A88AC /* AFHTTPRequestOperationManager.m in Sources */,
				BD0C9F5E1967388A003A88AC /* FMDatabasePool.m in Sources */,
				BD2241761A1E3C2D00BD3A41 /* NSData+bz2.m in Sources */,
				BD22417A1A1E3C3900BD3A41 /* TypeTranslator.swift in Sources */,
				BD0C9F4E1967388A003A88AC /* AFNetworkReachabilityManager.m in Sources */,
				BD0C9F071967332A003A88AC /* OSMNodeTests.swift in Sources */,
				BD2241741A1E3C2500BD3A41 /* Database.swift in Sources */,
				BD2241711A1E3C0E00BD3A41 /* OSMTile.swift in Sources */,
			);
			runOnlyForDeploymentPostprocessing = 0;
		};
/* End PBXSourcesBuildPhase section */

/* Begin PBXTargetDependency section */
		BD0C9F0A1967357D003A88AC /* PBXTargetDependency */ = {
			isa = PBXTargetDependency;
			target = BDB5897A195888670090E178 /* Talking Companion */;
			targetProxy = BD0C9F091967357D003A88AC /* PBXContainerItemProxy */;
		};
		BD0C9F0C1967357D003A88AC /* PBXTargetDependency */ = {
			isa = PBXTargetDependency;
			target = BDB5897A195888670090E178 /* Talking Companion */;
			targetProxy = BD0C9F0B1967357D003A88AC /* PBXContainerItemProxy */;
		};
		BD0C9F781967389A003A88AC /* PBXTargetDependency */ = {
			isa = PBXTargetDependency;
			target = BDB5897A195888670090E178 /* Talking Companion */;
			targetProxy = BD0C9F771967389A003A88AC /* PBXContainerItemProxy */;
		};
		BD0C9F7A196738A9003A88AC /* PBXTargetDependency */ = {
			isa = PBXTargetDependency;
			target = BDB5897A195888670090E178 /* Talking Companion */;
			targetProxy = BD0C9F79196738A9003A88AC /* PBXContainerItemProxy */;
		};
		BD37C85D1B1CB3F700FAAAF5 /* PBXTargetDependency */ = {
			isa = PBXTargetDependency;
			target = BDB5897A195888670090E178 /* Talking Companion */;
			targetProxy = BD37C85C1B1CB3F700FAAAF5 /* PBXContainerItemProxy */;
		};
		BD536AAD196A82780017345D /* PBXTargetDependency */ = {
			isa = PBXTargetDependency;
			target = BDB5897A195888670090E178 /* Talking Companion */;
			targetProxy = BD536AAC196A82780017345D /* PBXContainerItemProxy */;
		};
		BDB5898F195888670090E178 /* PBXTargetDependency */ = {
			isa = PBXTargetDependency;
			target = BDB5897A195888670090E178 /* Talking Companion */;
			targetProxy = BDB5898E195888670090E178 /* PBXContainerItemProxy */;
		};
/* End PBXTargetDependency section */

/* Begin PBXVariantGroup section */
		BDA72E8819F13F3000C7DA25 /* Localizable.strings */ = {
			isa = PBXVariantGroup;
			children = (
				BDA72E8A19F13F3300C7DA25 /* ru */,
				BDA72E8B19F141A200C7DA25 /* en */,
			);
			name = Localizable.strings;
			sourceTree = "<group>";
		};
		BDB58984195888670090E178 /* Main.storyboard */ = {
			isa = PBXVariantGroup;
			children = (
				BDB58985195888670090E178 /* Base */,
				BDA72E8C19F1432700C7DA25 /* ru */,
			);
			name = Main.storyboard;
			path = ..;
			sourceTree = "<group>";
		};
/* End PBXVariantGroup section */

/* Begin XCBuildConfiguration section */
		BD37C85F1B1CB3F700FAAAF5 /* Debug */ = {
			isa = XCBuildConfiguration;
			buildSettings = {
				BUNDLE_LOADER = "$(TEST_HOST)";
				CLANG_ENABLE_MODULES = YES;
				DEBUG_INFORMATION_FORMAT = "dwarf-with-dsym";
				FRAMEWORK_SEARCH_PATHS = (
					"$(SDKROOT)/Developer/Library/Frameworks",
					"$(inherited)",
					"$(PROJECT_DIR)/Carthage/Build/iOS",
				);
				GCC_NO_COMMON_BLOCKS = YES;
				GCC_PREPROCESSOR_DEFINITIONS = (
					"DEBUG=1",
					"$(inherited)",
				);
				INFOPLIST_FILE = xSpecTests/Info.plist;
				IPHONEOS_DEPLOYMENT_TARGET = 8.4;
				LD_RUNPATH_SEARCH_PATHS = "$(inherited) @executable_path/Frameworks @loader_path/Frameworks";
				MTL_ENABLE_DEBUG_INFO = YES;
				PRODUCT_NAME = "$(TARGET_NAME)";
				SWIFT_INSTALL_OBJC_HEADER = NO;
				SWIFT_OBJC_BRIDGING_HEADER = "Talking Companion/Talking_Companion-Bridging-Header.h";
				SWIFT_OPTIMIZATION_LEVEL = "-Onone";
				TEST_HOST = "$(BUILT_PRODUCTS_DIR)/Talking Companion.app/Talking Companion";
			};
			name = Debug;
		};
		BD37C8601B1CB3F700FAAAF5 /* Release */ = {
			isa = XCBuildConfiguration;
			buildSettings = {
				BUNDLE_LOADER = "$(TEST_HOST)";
				CLANG_ENABLE_MODULES = YES;
				COPY_PHASE_STRIP = NO;
				DEBUG_INFORMATION_FORMAT = "dwarf-with-dsym";
				FRAMEWORK_SEARCH_PATHS = (
					"$(SDKROOT)/Developer/Library/Frameworks",
					"$(inherited)",
					"$(PROJECT_DIR)/Carthage/Build/iOS",
				);
				GCC_NO_COMMON_BLOCKS = YES;
				INFOPLIST_FILE = xSpecTests/Info.plist;
				IPHONEOS_DEPLOYMENT_TARGET = 8.4;
				LD_RUNPATH_SEARCH_PATHS = "$(inherited) @executable_path/Frameworks @loader_path/Frameworks";
				MTL_ENABLE_DEBUG_INFO = NO;
				PRODUCT_NAME = "$(TARGET_NAME)";
				SWIFT_INSTALL_OBJC_HEADER = NO;
				SWIFT_OBJC_BRIDGING_HEADER = "Talking Companion/Talking_Companion-Bridging-Header.h";
				SWIFT_OPTIMIZATION_LEVEL = "-Onone";
				TEST_HOST = "$(BUILT_PRODUCTS_DIR)/Talking Companion.app/Talking Companion";
			};
			name = Release;
		};
		BDB58995195888670090E178 /* Debug */ = {
			isa = XCBuildConfiguration;
			buildSettings = {
				ALWAYS_SEARCH_USER_PATHS = NO;
				CLANG_CXX_LANGUAGE_STANDARD = "gnu++0x";
				CLANG_CXX_LIBRARY = "libc++";
				CLANG_ENABLE_MODULES = YES;
				CLANG_ENABLE_OBJC_ARC = YES;
				CLANG_WARN_BOOL_CONVERSION = YES;
				CLANG_WARN_CONSTANT_CONVERSION = YES;
				CLANG_WARN_DIRECT_OBJC_ISA_USAGE = YES_ERROR;
				CLANG_WARN_EMPTY_BODY = YES;
				CLANG_WARN_ENUM_CONVERSION = YES;
				CLANG_WARN_INT_CONVERSION = YES;
				CLANG_WARN_OBJC_ROOT_CLASS = YES_ERROR;
				CLANG_WARN_UNREACHABLE_CODE = YES;
				CLANG_WARN__DUPLICATE_METHOD_MATCH = YES;
				"CODE_SIGN_IDENTITY[sdk=iphoneos*]" = "iPhone Developer";
				COPY_PHASE_STRIP = NO;
				ENABLE_STRICT_OBJC_MSGSEND = YES;
				GCC_C_LANGUAGE_STANDARD = gnu99;
				GCC_DYNAMIC_NO_PIC = NO;
				GCC_OPTIMIZATION_LEVEL = 0;
				GCC_PREPROCESSOR_DEFINITIONS = (
					"DEBUG=1",
					"$(inherited)",
				);
				GCC_SYMBOLS_PRIVATE_EXTERN = NO;
				GCC_WARN_64_TO_32_BIT_CONVERSION = YES;
				GCC_WARN_ABOUT_RETURN_TYPE = YES_ERROR;
				GCC_WARN_UNDECLARED_SELECTOR = YES;
				GCC_WARN_UNINITIALIZED_AUTOS = YES_AGGRESSIVE;
				GCC_WARN_UNUSED_FUNCTION = YES;
				GCC_WARN_UNUSED_VARIABLE = YES;
				IPHONEOS_DEPLOYMENT_TARGET = 8.0;
				METAL_ENABLE_DEBUG_INFO = YES;
				ONLY_ACTIVE_ARCH = YES;
				PROVISIONING_PROFILE = "";
				SDKROOT = iphoneos;
				SWIFT_INSTALL_OBJC_HEADER = YES;
				SWIFT_OBJC_BRIDGING_HEADER = "Talking Companion/Talking Companion-Bridging-Header.h";
				SWIFT_OPTIMIZATION_LEVEL = "-Onone";
			};
			name = Debug;
		};
		BDB58996195888670090E178 /* Release */ = {
			isa = XCBuildConfiguration;
			buildSettings = {
				ALWAYS_SEARCH_USER_PATHS = NO;
				CLANG_CXX_LANGUAGE_STANDARD = "gnu++0x";
				CLANG_CXX_LIBRARY = "libc++";
				CLANG_ENABLE_MODULES = YES;
				CLANG_ENABLE_OBJC_ARC = YES;
				CLANG_WARN_BOOL_CONVERSION = YES;
				CLANG_WARN_CONSTANT_CONVERSION = YES;
				CLANG_WARN_DIRECT_OBJC_ISA_USAGE = YES_ERROR;
				CLANG_WARN_EMPTY_BODY = YES;
				CLANG_WARN_ENUM_CONVERSION = YES;
				CLANG_WARN_INT_CONVERSION = YES;
				CLANG_WARN_OBJC_ROOT_CLASS = YES_ERROR;
				CLANG_WARN_UNREACHABLE_CODE = YES;
				CLANG_WARN__DUPLICATE_METHOD_MATCH = YES;
				"CODE_SIGN_IDENTITY[sdk=iphoneos*]" = "iPhone Developer";
				COPY_PHASE_STRIP = YES;
				ENABLE_NS_ASSERTIONS = NO;
				ENABLE_STRICT_OBJC_MSGSEND = YES;
				GCC_C_LANGUAGE_STANDARD = gnu99;
				GCC_OPTIMIZATION_LEVEL = 0;
				GCC_WARN_64_TO_32_BIT_CONVERSION = YES;
				GCC_WARN_ABOUT_RETURN_TYPE = YES_ERROR;
				GCC_WARN_UNDECLARED_SELECTOR = YES;
				GCC_WARN_UNINITIALIZED_AUTOS = YES_AGGRESSIVE;
				GCC_WARN_UNUSED_FUNCTION = YES;
				GCC_WARN_UNUSED_VARIABLE = YES;
				IPHONEOS_DEPLOYMENT_TARGET = 8.0;
				METAL_ENABLE_DEBUG_INFO = NO;
				PROVISIONING_PROFILE = "";
				SDKROOT = iphoneos;
				SWIFT_INSTALL_OBJC_HEADER = YES;
				SWIFT_OBJC_BRIDGING_HEADER = "Talking Companion/Talking Companion-Bridging-Header.h";
				SWIFT_OPTIMIZATION_LEVEL = "-Onone";
				VALIDATE_PRODUCT = YES;
			};
			name = Release;
		};
		BDB58998195888670090E178 /* Debug */ = {
			isa = XCBuildConfiguration;
			buildSettings = {
				ASSETCATALOG_COMPILER_APPICON_NAME = AppIcon;
				ASSETCATALOG_COMPILER_LAUNCHIMAGE_NAME = LaunchImage;
				CODE_SIGN_IDENTITY = "iPhone Developer";
				"CODE_SIGN_IDENTITY[sdk=iphoneos*]" = "iPhone Developer";
				FRAMEWORK_SEARCH_PATHS = (
					"$(inherited)",
					"$(PROJECT_DIR)/Carthage/Build/iOS",
				);
				INFOPLIST_FILE = "Talking Companion/Info.plist";
				IPHONEOS_DEPLOYMENT_TARGET = 8.0;
				LD_RUNPATH_SEARCH_PATHS = "$(inherited) @executable_path/Frameworks";
				LIBRARY_SEARCH_PATHS = "";
				PRODUCT_NAME = "Talking Companion";
				PROVISIONING_PROFILE = "";
				SWIFT_OBJC_BRIDGING_HEADER = "Talking Companion/Talking_Companion-Bridging-Header.h";
				TARGETED_DEVICE_FAMILY = "1,2";
			};
			name = Debug;
		};
		BDB58999195888670090E178 /* Release */ = {
			isa = XCBuildConfiguration;
			buildSettings = {
				ASSETCATALOG_COMPILER_APPICON_NAME = AppIcon;
				ASSETCATALOG_COMPILER_LAUNCHIMAGE_NAME = LaunchImage;
				CODE_SIGN_IDENTITY = "iPhone Developer";
				"CODE_SIGN_IDENTITY[sdk=iphoneos*]" = "iPhone Developer";
				FRAMEWORK_SEARCH_PATHS = (
					"$(inherited)",
					"$(PROJECT_DIR)/Carthage/Build/iOS",
				);
				INFOPLIST_FILE = "Talking Companion/Info.plist";
				IPHONEOS_DEPLOYMENT_TARGET = 8.0;
				LD_RUNPATH_SEARCH_PATHS = "$(inherited) @executable_path/Frameworks";
				LIBRARY_SEARCH_PATHS = "";
				PRODUCT_NAME = "Talking Companion";
				PROVISIONING_PROFILE = "";
				SWIFT_OBJC_BRIDGING_HEADER = "Talking Companion/Talking_Companion-Bridging-Header.h";
				TARGETED_DEVICE_FAMILY = "1,2";
			};
			name = Release;
		};
		BDB5899B195888670090E178 /* Debug */ = {
			isa = XCBuildConfiguration;
			buildSettings = {
				BUNDLE_LOADER = "$(BUILT_PRODUCTS_DIR)/Talking Companion.app/Talking Companion";
				FRAMEWORK_SEARCH_PATHS = (
					"$(SDKROOT)/Developer/Library/Frameworks",
					"$(inherited)",
				);
				GCC_PREPROCESSOR_DEFINITIONS = (
					"DEBUG=1",
					"$(inherited)",
				);
				INFOPLIST_FILE = "Talking CompanionTests/Info.plist";
				LD_RUNPATH_SEARCH_PATHS = "$(inherited) @executable_path/Frameworks @loader_path/Frameworks";
				METAL_ENABLE_DEBUG_INFO = YES;
				PRODUCT_NAME = "Talking CompanionTests";
				SWIFT_OBJC_BRIDGING_HEADER = "Talking Companion/Talking_Companion-Bridging-Header.h";
				TEST_HOST = "$(BUNDLE_LOADER)";
			};
			name = Debug;
		};
		BDB5899C195888670090E178 /* Release */ = {
			isa = XCBuildConfiguration;
			buildSettings = {
				BUNDLE_LOADER = "$(BUILT_PRODUCTS_DIR)/Talking Companion.app/Talking Companion";
				FRAMEWORK_SEARCH_PATHS = (
					"$(SDKROOT)/Developer/Library/Frameworks",
					"$(inherited)",
				);
				INFOPLIST_FILE = "Talking CompanionTests/Info.plist";
				LD_RUNPATH_SEARCH_PATHS = "$(inherited) @executable_path/Frameworks @loader_path/Frameworks";
				METAL_ENABLE_DEBUG_INFO = NO;
				PRODUCT_NAME = "Talking CompanionTests";
				SWIFT_OBJC_BRIDGING_HEADER = "Talking Companion/Talking_Companion-Bridging-Header.h";
				TEST_HOST = "$(BUNDLE_LOADER)";
			};
			name = Release;
		};
/* End XCBuildConfiguration section */

/* Begin XCConfigurationList section */
		BD37C85E1B1CB3F700FAAAF5 /* Build configuration list for PBXNativeTarget "xSpecTests" */ = {
			isa = XCConfigurationList;
			buildConfigurations = (
				BD37C85F1B1CB3F700FAAAF5 /* Debug */,
				BD37C8601B1CB3F700FAAAF5 /* Release */,
			);
			defaultConfigurationIsVisible = 0;
		};
		BDB58976195888670090E178 /* Build configuration list for PBXProject "Talking Companion" */ = {
			isa = XCConfigurationList;
			buildConfigurations = (
				BDB58995195888670090E178 /* Debug */,
				BDB58996195888670090E178 /* Release */,
			);
			defaultConfigurationIsVisible = 0;
			defaultConfigurationName = Release;
		};
		BDB58997195888670090E178 /* Build configuration list for PBXNativeTarget "Talking Companion" */ = {
			isa = XCConfigurationList;
			buildConfigurations = (
				BDB58998195888670090E178 /* Debug */,
				BDB58999195888670090E178 /* Release */,
			);
			defaultConfigurationIsVisible = 0;
			defaultConfigurationName = Release;
		};
		BDB5899A195888670090E178 /* Build configuration list for PBXNativeTarget "Talking CompanionTests" */ = {
			isa = XCConfigurationList;
			buildConfigurations = (
				BDB5899B195888670090E178 /* Debug */,
				BDB5899C195888670090E178 /* Release */,
			);
			defaultConfigurationIsVisible = 0;
			defaultConfigurationName = Release;
		};
/* End XCConfigurationList section */
	};
	rootObject = BDB58973195888670090E178 /* Project object */;
}
